
Microsoft Visual Studio Solution File, Format Version 12.00
# Visual Studio 2013
VisualStudioVersion = 12.0.30110.0
MinimumVisualStudioVersion = 10.0.40219.1
Project("{2150E333-8FDC-42A3-9474-1A3956D46DE8}") = "Silverlight", "Silverlight", "{ED5CD927-DCE8-4D67-989A-859C7DEFDBDF}"
EndProject
Project("{2150E333-8FDC-42A3-9474-1A3956D46DE8}") = "Windows Phone", "Windows Phone", "{8DF835ED-A4CF-419C-96A5-1EBDE94E0729}"
EndProject
Project("{2150E333-8FDC-42A3-9474-1A3956D46DE8}") = "WPF", "WPF", "{3198BB0A-96A7-46D1-8476-1A32288EA62B}"
EndProject
Project("{FAE04EC0-301F-11D3-BF4B-00C04F79EFBC}") = "FlipPanel.Silverlight", "FlipPanel.Silverlight\FlipPanel.Silverlight.csproj", "{245ABF59-8751-46FB-A37E-E5EE253342AD}"
EndProject
Project("{FAE04EC0-301F-11D3-BF4B-00C04F79EFBC}") = "FlipPanel.Silverlight.Demo", "FlipPanel.Silverlight.Demo\FlipPanel.Silverlight.Demo.csproj", "{7944BE92-030E-4A43-832B-DCA543EFCFDE}"
EndProject
Project("{FAE04EC0-301F-11D3-BF4B-00C04F79EFBC}") = "FlipPanel.Silverlight.Demo.Web", "FlipPanel.Silverlight.Demo.Web\FlipPanel.Silverlight.Demo.Web.csproj", "{70608BF1-0310-45D0-96A6-744A2F00DB83}"
EndProject
Project("{FAE04EC0-301F-11D3-BF4B-00C04F79EFBC}") = "FlipPanel.WindowsPhone", "FlipPanel.WindowsPhone\FlipPanel.WindowsPhone.csproj", "{FE312796-4F57-4B4B-87BE-2583B98363A2}"
EndProject
Project("{FAE04EC0-301F-11D3-BF4B-00C04F79EFBC}") = "FlipPanel.WPF", "FlipPanel.WPF\FlipPanel.WPF.csproj", "{56ABE7A4-AEBC-41B5-B156-CA81EC481B1F}"
EndProject
Project("{FAE04EC0-301F-11D3-BF4B-00C04F79EFBC}") = "WPF_Compatibility.Silverlight", "..\..\Helpers\WPF_Compatibility\WPF_Compatibility.Silverlight\WPF_Compatibility.Silverlight.csproj", "{7DC832CC-2D97-4DBC-B963-3F77C1F20730}"
EndProject
Project("{FAE04EC0-301F-11D3-BF4B-00C04F79EFBC}") = "WPF_Compatibility.WindowsPhone", "..\..\Helpers\WPF_Compatibility\WPF_Compatibility.WindowsPhone\WPF_Compatibility.WindowsPhone.csproj", "{280683A7-E949-4E5F-87A3-D445C68A270F}"
EndProject
Project("{FAE04EC0-301F-11D3-BF4B-00C04F79EFBC}") = "WPF_Compatibility.WPF", "..\..\Helpers\WPF_Compatibility\WPF_Compatibility.WPF\WPF_Compatibility.WPF.csproj", "{DC154E89-74E8-4ADC-95B5-0772CA254F71}"
EndProject
Global
	GlobalSection(SolutionConfigurationPlatforms) = preSolution
		Debug|Any CPU = Debug|Any CPU
		Debug|ARM = Debug|ARM
		Debug|x86 = Debug|x86
		Release|Any CPU = Release|Any CPU
		Release|ARM = Release|ARM
		Release|x86 = Release|x86
	EndGlobalSection
	GlobalSection(ProjectConfigurationPlatforms) = postSolution
		{245ABF59-8751-46FB-A37E-E5EE253342AD}.Debug|Any CPU.ActiveCfg = Debug|Any CPU
		{245ABF59-8751-46FB-A37E-E5EE253342AD}.Debug|Any CPU.Build.0 = Debug|Any CPU
		{245ABF59-8751-46FB-A37E-E5EE253342AD}.Debug|ARM.ActiveCfg = Debug|Any CPU
		{245ABF59-8751-46FB-A37E-E5EE253342AD}.Debug|x86.ActiveCfg = Debug|Any CPU
		{245ABF59-8751-46FB-A37E-E5EE253342AD}.Release|Any CPU.ActiveCfg = Release|Any CPU
		{245ABF59-8751-46FB-A37E-E5EE253342AD}.Release|Any CPU.Build.0 = Release|Any CPU
		{245ABF59-8751-46FB-A37E-E5EE253342AD}.Release|ARM.ActiveCfg = Release|Any CPU
		{245ABF59-8751-46FB-A37E-E5EE253342AD}.Release|x86.ActiveCfg = Release|Any CPU
		{7944BE92-030E-4A43-832B-DCA543EFCFDE}.Debug|Any CPU.ActiveCfg = Debug|Any CPU
		{7944BE92-030E-4A43-832B-DCA543EFCFDE}.Debug|Any CPU.Build.0 = Debug|Any CPU
		{7944BE92-030E-4A43-832B-DCA543EFCFDE}.Debug|ARM.ActiveCfg = Debug|Any CPU
		{7944BE92-030E-4A43-832B-DCA543EFCFDE}.Debug|x86.ActiveCfg = Debug|Any CPU
		{7944BE92-030E-4A43-832B-DCA543EFCFDE}.Release|Any CPU.ActiveCfg = Release|Any CPU
		{7944BE92-030E-4A43-832B-DCA543EFCFDE}.Release|Any CPU.Build.0 = Release|Any CPU
		{7944BE92-030E-4A43-832B-DCA543EFCFDE}.Release|ARM.ActiveCfg = Release|Any CPU
		{7944BE92-030E-4A43-832B-DCA543EFCFDE}.Release|x86.ActiveCfg = Release|Any CPU
		{70608BF1-0310-45D0-96A6-744A2F00DB83}.Debug|Any CPU.ActiveCfg = Debug|Any CPU
		{70608BF1-0310-45D0-96A6-744A2F00DB83}.Debug|Any CPU.Build.0 = Debug|Any CPU
		{70608BF1-0310-45D0-96A6-744A2F00DB83}.Debug|ARM.ActiveCfg = Debug|Any CPU
		{70608BF1-0310-45D0-96A6-744A2F00DB83}.Debug|x86.ActiveCfg = Debug|Any CPU
		{70608BF1-0310-45D0-96A6-744A2F00DB83}.Release|Any CPU.ActiveCfg = Release|Any CPU
		{70608BF1-0310-45D0-96A6-744A2F00DB83}.Release|Any CPU.Build.0 = Release|Any CPU
		{70608BF1-0310-45D0-96A6-744A2F00DB83}.Release|ARM.ActiveCfg = Release|Any CPU
		{70608BF1-0310-45D0-96A6-744A2F00DB83}.Release|x86.ActiveCfg = Release|Any CPU
		{FE312796-4F57-4B4B-87BE-2583B98363A2}.Debug|Any CPU.ActiveCfg = Debug|Any CPU
		{FE312796-4F57-4B4B-87BE-2583B98363A2}.Debug|Any CPU.Build.0 = Debug|Any CPU
		{FE312796-4F57-4B4B-87BE-2583B98363A2}.Debug|ARM.ActiveCfg = Debug|ARM
		{FE312796-4F57-4B4B-87BE-2583B98363A2}.Debug|ARM.Build.0 = Debug|ARM
		{FE312796-4F57-4B4B-87BE-2583B98363A2}.Debug|x86.ActiveCfg = Debug|x86
		{FE312796-4F57-4B4B-87BE-2583B98363A2}.Debug|x86.Build.0 = Debug|x86
		{FE312796-4F57-4B4B-87BE-2583B98363A2}.Release|Any CPU.ActiveCfg = Release|Any CPU
		{FE312796-4F57-4B4B-87BE-2583B98363A2}.Release|Any CPU.Build.0 = Release|Any CPU
		{FE312796-4F57-4B4B-87BE-2583B98363A2}.Release|ARM.ActiveCfg = Release|ARM
		{FE312796-4F57-4B4B-87BE-2583B98363A2}.Release|ARM.Build.0 = Release|ARM
		{FE312796-4F57-4B4B-87BE-2583B98363A2}.Release|x86.ActiveCfg = Release|x86
		{FE312796-4F57-4B4B-87BE-2583B98363A2}.Release|x86.Build.0 = Release|x86
		{56ABE7A4-AEBC-41B5-B156-CA81EC481B1F}.Debug|Any CPU.ActiveCfg = Debug|Any CPU
		{56ABE7A4-AEBC-41B5-B156-CA81EC481B1F}.Debug|Any CPU.Build.0 = Debug|Any CPU
		{56ABE7A4-AEBC-41B5-B156-CA81EC481B1F}.Debug|ARM.ActiveCfg = Debug|Any CPU
		{56ABE7A4-AEBC-41B5-B156-CA81EC481B1F}.Debug|x86.ActiveCfg = Debug|Any CPU
		{56ABE7A4-AEBC-41B5-B156-CA81EC481B1F}.Release|Any CPU.ActiveCfg = Release|Any CPU
		{56ABE7A4-AEBC-41B5-B156-CA81EC481B1F}.Release|Any CPU.Build.0 = Release|Any CPU
		{56ABE7A4-AEBC-41B5-B156-CA81EC481B1F}.Release|ARM.ActiveCfg = Release|Any CPU
		{56ABE7A4-AEBC-41B5-B156-CA81EC481B1F}.Release|x86.ActiveCfg = Release|Any CPU
		{7DC832CC-2D97-4DBC-B963-3F77C1F20730}.Debug|Any CPU.ActiveCfg = Debug|Any CPU
		{7DC832CC-2D97-4DBC-B963-3F77C1F20730}.Debug|Any CPU.Build.0 = Debug|Any CPU
		{7DC832CC-2D97-4DBC-B963-3F77C1F20730}.Debug|ARM.ActiveCfg = Debug|Any CPU
		{7DC832CC-2D97-4DBC-B963-3F77C1F20730}.Debug|x86.ActiveCfg = Debug|Any CPU
		{7DC832CC-2D97-4DBC-B963-3F77C1F20730}.Release|Any CPU.ActiveCfg = Release|Any CPU
		{7DC832CC-2D97-4DBC-B963-3F77C1F20730}.Release|Any CPU.Build.0 = Release|Any CPU
		{7DC832CC-2D97-4DBC-B963-3F77C1F20730}.Release|ARM.ActiveCfg = Release|Any CPU
		{7DC832CC-2D97-4DBC-B963-3F77C1F20730}.Release|x86.ActiveCfg = Release|Any CPU
		{280683A7-E949-4E5F-87A3-D445C68A270F}.Debug|Any CPU.ActiveCfg = Debug|Any CPU
		{280683A7-E949-4E5F-87A3-D445C68A270F}.Debug|Any CPU.Build.0 = Debug|Any CPU
		{280683A7-E949-4E5F-87A3-D445C68A270F}.Debug|ARM.ActiveCfg = Debug|ARM
		{280683A7-E949-4E5F-87A3-D445C68A270F}.Debug|ARM.Build.0 = Debug|ARM
		{280683A7-E949-4E5F-87A3-D445C68A270F}.Debug|x86.ActiveCfg = Debug|x86
		{280683A7-E949-4E5F-87A3-D445C68A270F}.Debug|x86.Build.0 = Debug|x86
		{280683A7-E949-4E5F-87A3-D445C68A270F}.Release|Any CPU.ActiveCfg = Release|Any CPU
		{280683A7-E949-4E5F-87A3-D445C68A270F}.Release|Any CPU.Build.0 = Release|Any CPU
		{280683A7-E949-4E5F-87A3-D445C68A270F}.Release|ARM.ActiveCfg = Release|ARM
		{280683A7-E949-4E5F-87A3-D445C68A270F}.Release|ARM.Build.0 = Release|ARM
		{280683A7-E949-4E5F-87A3-D445C68A270F}.Release|x86.ActiveCfg = Release|x86
		{280683A7-E949-4E5F-87A3-D445C68A270F}.Release|x86.Build.0 = Release|x86
		{DC154E89-74E8-4ADC-95B5-0772CA254F71}.Debug|Any CPU.ActiveCfg = Debug|Any CPU
		{DC154E89-74E8-4ADC-95B5-0772CA254F71}.Debug|Any CPU.Build.0 = Debug|Any CPU
		{DC154E89-74E8-4ADC-95B5-0772CA254F71}.Debug|ARM.ActiveCfg = Debug|Any CPU
		{DC154E89-74E8-4ADC-95B5-0772CA254F71}.Debug|x86.ActiveCfg = Debug|Any CPU
		{DC154E89-74E8-4ADC-95B5-0772CA254F71}.Release|Any CPU.ActiveCfg = Release|Any CPU
		{DC154E89-74E8-4ADC-95B5-0772CA254F71}.Release|Any CPU.Build.0 = Release|Any CPU
		{DC154E89-74E8-4ADC-95B5-0772CA254F71}.Release|ARM.ActiveCfg = Release|Any CPU
		{DC154E89-74E8-4ADC-95B5-0772CA254F71}.Release|x86.ActiveCfg = Release|Any CPU
	EndGlobalSection
	GlobalSection(SolutionProperties) = preSolution
		HideSolutionNode = FALSE
	EndGlobalSection
	GlobalSection(NestedProjects) = preSolution
		{245ABF59-8751-46FB-A37E-E5EE253342AD} = {ED5CD927-DCE8-4D67-989A-859C7DEFDBDF}
		{7944BE92-030E-4A43-832B-DCA543EFCFDE} = {ED5CD927-DCE8-4D67-989A-859C7DEFDBDF}
		{70608BF1-0310-45D0-96A6-744A2F00DB83} = {ED5CD927-DCE8-4D67-989A-859C7DEFDBDF}
		{7DC832CC-2D97-4DBC-B963-3F77C1F20730} = {ED5CD927-DCE8-4D67-989A-859C7DEFDBDF}
		{FE312796-4F57-4B4B-87BE-2583B98363A2} = {8DF835ED-A4CF-419C-96A5-1EBDE94E0729}
		{280683A7-E949-4E5F-87A3-D445C68A270F} = {8DF835ED-A4CF-419C-96A5-1EBDE94E0729}
		{56ABE7A4-AEBC-41B5-B156-CA81EC481B1F} = {3198BB0A-96A7-46D1-8476-1A32288EA62B}
		{DC154E89-74E8-4ADC-95B5-0772CA254F71} = {3198BB0A-96A7-46D1-8476-1A32288EA62B}
	EndGlobalSection
EndGlobal
