
Microsoft Visual Studio Solution File, Format Version 12.00
# Visual Studio 2013
VisualStudioVersion = 12.0.30110.0
MinimumVisualStudioVersion = 10.0.40219.1
Project("{FAE04EC0-301F-11D3-BF4B-00C04F79EFBC}") = "WPF_Compatibility.Silverlight", "..\WPF_Compatibility\WPF_Compatibility.Silverlight\WPF_Compatibility.Silverlight.csproj", "{7DC832CC-2D97-4DBC-B963-3F77C1F20730}"
EndProject
Project("{FAE04EC0-301F-11D3-BF4B-00C04F79EFBC}") = "Utils.WPF", "Utils.WPF\Utils.WPF.csproj", "{A1100DA3-93DD-49B5-BA91-CF868051CA16}"
EndProject
Project("{2150E333-8FDC-42A3-9474-1A3956D46DE8}") = "Silverlight", "Silverlight", "{29C79A10-840C-4C5D-9A84-6ABF97137822}"
EndProject
Project("{2150E333-8FDC-42A3-9474-1A3956D46DE8}") = "WPF", "WPF", "{0FB9F889-2476-4E4B-9002-8FDAAC4FA4EF}"
EndProject
Project("{FAE04EC0-301F-11D3-BF4B-00C04F79EFBC}") = "WPF_Compatibility.WPF", "..\WPF_Compatibility\WPF_Compatibility.WPF\WPF_Compatibility.WPF.csproj", "{DC154E89-74E8-4ADC-95B5-0772CA254F71}"
EndProject
Project("{FAE04EC0-301F-11D3-BF4B-00C04F79EFBC}") = "Utils.Silverlight", "Utils.Silverlight\Utils.Silverlight.csproj", "{E784B6A1-A300-4571-A881-B15240EEE377}"
EndProject
Project("{2150E333-8FDC-42A3-9474-1A3956D46DE8}") = "Windows Phone", "Windows Phone", "{2E87A123-1FB0-4DAE-A8D2-E937646D566D}"
EndProject
Project("{FAE04EC0-301F-11D3-BF4B-00C04F79EFBC}") = "WPF_Compatibility.WindowsPhone", "..\WPF_Compatibility\WPF_Compatibility.WindowsPhone\WPF_Compatibility.WindowsPhone.csproj", "{280683A7-E949-4E5F-87A3-D445C68A270F}"
EndProject
Project("{FAE04EC0-301F-11D3-BF4B-00C04F79EFBC}") = "Utils.WindowsPhone", "Utils.WindowsPhone\Utils.WindowsPhone.csproj", "{F804B57F-6A6D-4A4E-99F7-D99AE4512CCA}"
EndProject
Global
	GlobalSection(SolutionConfigurationPlatforms) = preSolution
		Debug|Any CPU = Debug|Any CPU
		Debug|ARM = Debug|ARM
		Debug|x86 = Debug|x86
		Release|Any CPU = Release|Any CPU
		Release|ARM = Release|ARM
		Release|x86 = Release|x86
	EndGlobalSection
	GlobalSection(ProjectConfigurationPlatforms) = postSolution
		{7DC832CC-2D97-4DBC-B963-3F77C1F20730}.Debug|Any CPU.ActiveCfg = Debug|Any CPU
		{7DC832CC-2D97-4DBC-B963-3F77C1F20730}.Debug|Any CPU.Build.0 = Debug|Any CPU
		{7DC832CC-2D97-4DBC-B963-3F77C1F20730}.Debug|ARM.ActiveCfg = Debug|Any CPU
		{7DC832CC-2D97-4DBC-B963-3F77C1F20730}.Debug|x86.ActiveCfg = Debug|Any CPU
		{7DC832CC-2D97-4DBC-B963-3F77C1F20730}.Release|Any CPU.ActiveCfg = Release|Any CPU
		{7DC832CC-2D97-4DBC-B963-3F77C1F20730}.Release|Any CPU.Build.0 = Release|Any CPU
		{7DC832CC-2D97-4DBC-B963-3F77C1F20730}.Release|ARM.ActiveCfg = Release|Any CPU
		{7DC832CC-2D97-4DBC-B963-3F77C1F20730}.Release|x86.ActiveCfg = Release|Any CPU
		{A1100DA3-93DD-49B5-BA91-CF868051CA16}.Debug|Any CPU.ActiveCfg = Debug|Any CPU
		{A1100DA3-93DD-49B5-BA91-CF868051CA16}.Debug|Any CPU.Build.0 = Debug|Any CPU
		{A1100DA3-93DD-49B5-BA91-CF868051CA16}.Debug|ARM.ActiveCfg = Debug|Any CPU
		{A1100DA3-93DD-49B5-BA91-CF868051CA16}.Debug|x86.ActiveCfg = Debug|Any CPU
		{A1100DA3-93DD-49B5-BA91-CF868051CA16}.Release|Any CPU.ActiveCfg = Release|Any CPU
		{A1100DA3-93DD-49B5-BA91-CF868051CA16}.Release|Any CPU.Build.0 = Release|Any CPU
		{A1100DA3-93DD-49B5-BA91-CF868051CA16}.Release|ARM.ActiveCfg = Release|Any CPU
		{A1100DA3-93DD-49B5-BA91-CF868051CA16}.Release|x86.ActiveCfg = Release|Any CPU
		{DC154E89-74E8-4ADC-95B5-0772CA254F71}.Debug|Any CPU.ActiveCfg = Debug|Any CPU
		{DC154E89-74E8-4ADC-95B5-0772CA254F71}.Debug|Any CPU.Build.0 = Debug|Any CPU
		{DC154E89-74E8-4ADC-95B5-0772CA254F71}.Debug|ARM.ActiveCfg = Debug|Any CPU
		{DC154E89-74E8-4ADC-95B5-0772CA254F71}.Debug|x86.ActiveCfg = Debug|Any CPU
		{DC154E89-74E8-4ADC-95B5-0772CA254F71}.Release|Any CPU.ActiveCfg = Release|Any CPU
		{DC154E89-74E8-4ADC-95B5-0772CA254F71}.Release|Any CPU.Build.0 = Release|Any CPU
		{DC154E89-74E8-4ADC-95B5-0772CA254F71}.Release|ARM.ActiveCfg = Release|Any CPU
		{DC154E89-74E8-4ADC-95B5-0772CA254F71}.Release|x86.ActiveCfg = Release|Any CPU
		{E784B6A1-A300-4571-A881-B15240EEE377}.Debug|Any CPU.ActiveCfg = Debug|Any CPU
		{E784B6A1-A300-4571-A881-B15240EEE377}.Debug|Any CPU.Build.0 = Debug|Any CPU
		{E784B6A1-A300-4571-A881-B15240EEE377}.Debug|ARM.ActiveCfg = Debug|Any CPU
		{E784B6A1-A300-4571-A881-B15240EEE377}.Debug|x86.ActiveCfg = Debug|Any CPU
		{E784B6A1-A300-4571-A881-B15240EEE377}.Release|Any CPU.ActiveCfg = Release|Any CPU
		{E784B6A1-A300-4571-A881-B15240EEE377}.Release|Any CPU.Build.0 = Release|Any CPU
		{E784B6A1-A300-4571-A881-B15240EEE377}.Release|ARM.ActiveCfg = Release|Any CPU
		{E784B6A1-A300-4571-A881-B15240EEE377}.Release|x86.ActiveCfg = Release|Any CPU
		{280683A7-E949-4E5F-87A3-D445C68A270F}.Debug|Any CPU.ActiveCfg = Debug|Any CPU
		{280683A7-E949-4E5F-87A3-D445C68A270F}.Debug|Any CPU.Build.0 = Debug|Any CPU
		{280683A7-E949-4E5F-87A3-D445C68A270F}.Debug|ARM.ActiveCfg = Debug|ARM
		{280683A7-E949-4E5F-87A3-D445C68A270F}.Debug|ARM.Build.0 = Debug|ARM
		{280683A7-E949-4E5F-87A3-D445C68A270F}.Debug|x86.ActiveCfg = Debug|x86
		{280683A7-E949-4E5F-87A3-D445C68A270F}.Debug|x86.Build.0 = Debug|x86
		{280683A7-E949-4E5F-87A3-D445C68A270F}.Release|Any CPU.ActiveCfg = Release|Any CPU
		{280683A7-E949-4E5F-87A3-D445C68A270F}.Release|Any CPU.Build.0 = Release|Any CPU
		{280683A7-E949-4E5F-87A3-D445C68A270F}.Release|ARM.ActiveCfg = Release|ARM
		{280683A7-E949-4E5F-87A3-D445C68A270F}.Release|ARM.Build.0 = Release|ARM
		{280683A7-E949-4E5F-87A3-D445C68A270F}.Release|x86.ActiveCfg = Release|x86
		{280683A7-E949-4E5F-87A3-D445C68A270F}.Release|x86.Build.0 = Release|x86
		{F804B57F-6A6D-4A4E-99F7-D99AE4512CCA}.Debug|Any CPU.ActiveCfg = Debug|Any CPU
		{F804B57F-6A6D-4A4E-99F7-D99AE4512CCA}.Debug|Any CPU.Build.0 = Debug|Any CPU
		{F804B57F-6A6D-4A4E-99F7-D99AE4512CCA}.Debug|ARM.ActiveCfg = Debug|ARM
		{F804B57F-6A6D-4A4E-99F7-D99AE4512CCA}.Debug|ARM.Build.0 = Debug|ARM
		{F804B57F-6A6D-4A4E-99F7-D99AE4512CCA}.Debug|x86.ActiveCfg = Debug|x86
		{F804B57F-6A6D-4A4E-99F7-D99AE4512CCA}.Debug|x86.Build.0 = Debug|x86
		{F804B57F-6A6D-4A4E-99F7-D99AE4512CCA}.Release|Any CPU.ActiveCfg = Release|Any CPU
		{F804B57F-6A6D-4A4E-99F7-D99AE4512CCA}.Release|Any CPU.Build.0 = Release|Any CPU
		{F804B57F-6A6D-4A4E-99F7-D99AE4512CCA}.Release|ARM.ActiveCfg = Release|ARM
		{F804B57F-6A6D-4A4E-99F7-D99AE4512CCA}.Release|ARM.Build.0 = Release|ARM
		{F804B57F-6A6D-4A4E-99F7-D99AE4512CCA}.Release|x86.ActiveCfg = Release|x86
		{F804B57F-6A6D-4A4E-99F7-D99AE4512CCA}.Release|x86.Build.0 = Release|x86
	EndGlobalSection
	GlobalSection(SolutionProperties) = preSolution
		HideSolutionNode = FALSE
	EndGlobalSection
	GlobalSection(NestedProjects) = preSolution
		{7DC832CC-2D97-4DBC-B963-3F77C1F20730} = {29C79A10-840C-4C5D-9A84-6ABF97137822}
		{E784B6A1-A300-4571-A881-B15240EEE377} = {29C79A10-840C-4C5D-9A84-6ABF97137822}
		{A1100DA3-93DD-49B5-BA91-CF868051CA16} = {0FB9F889-2476-4E4B-9002-8FDAAC4FA4EF}
		{DC154E89-74E8-4ADC-95B5-0772CA254F71} = {0FB9F889-2476-4E4B-9002-8FDAAC4FA4EF}
		{280683A7-E949-4E5F-87A3-D445C68A270F} = {2E87A123-1FB0-4DAE-A8D2-E937646D566D}
		{F804B57F-6A6D-4A4E-99F7-D99AE4512CCA} = {2E87A123-1FB0-4DAE-A8D2-E937646D566D}
	EndGlobalSection
EndGlobal
