
Microsoft Visual Studio Solution File, Format Version 11.00
# Visual Studio 2010
Project("{FAE04EC0-301F-11D3-BF4B-00C04F79EFBC}") = "ClipFlair.Studio.Web", "Server\ClipFlair.Web\ClipFlair.Studio.Web.csproj", "{17ADC51A-2B00-4BE5-B5AB-7C6F0CE88B43}"
EndProject
Project("{FAE04EC0-301F-11D3-BF4B-00C04F79EFBC}") = "WPF_Compatibility.Silverlight", "Client\WPF_Compatibility\WPF_Compatibility.Silverlight\WPF_Compatibility.Silverlight.csproj", "{7DC832CC-2D97-4DBC-B963-3F77C1F20730}"
EndProject
Project("{FAE04EC0-301F-11D3-BF4B-00C04F79EFBC}") = "ZoomAndPan.Silverlight", "Client\ZUI\ZoomAndPan\ZoomAndPan.Silverlight\ZoomAndPan.Silverlight.csproj", "{8E75887A-A164-41B8-86D5-8DC37768B5A3}"
EndProject
Project("{FAE04EC0-301F-11D3-BF4B-00C04F79EFBC}") = "FloatingWindow.Silverlight", "Client\ZUI\FloatingWindow\FloatingWindow.Silverlight\FloatingWindow.Silverlight.csproj", "{3F3D3C8C-9724-4531-A04D-B92049F64686}"
EndProject
Project("{FAE04EC0-301F-11D3-BF4B-00C04F79EFBC}") = "SilverTextEditor.Silverlight", "Client\SilverTextEditor\SilverTextEditor.Silverlight\SilverTextEditor.Silverlight.csproj", "{52F76969-E7CD-414F-8E98-4FF90EE48B05}"
EndProject
Project("{FAE04EC0-301F-11D3-BF4B-00C04F79EFBC}") = "FloatingWindowZUI.Silverlight", "Client\ZUI\FloatingWindowZUI\FloatingWindowZUI.Silverlight\FloatingWindowZUI.Silverlight.csproj", "{D7D67F52-7B9B-4DE5-9B72-534664F296B7}"
EndProject
Project("{2150E333-8FDC-42A3-9474-1A3956D46DE8}") = "_Libraries", "_Libraries", "{9226D211-9A9D-4F42-A166-8495F0C188A4}"
EndProject
Project("{FAE04EC0-301F-11D3-BF4B-00C04F79EFBC}") = "MediaPlayer.Silverlight", "Client\MediaPlayer\MediaPlayer.Silverlight\MediaPlayer.Silverlight.csproj", "{DD195CFE-B418-4C76-8F51-EEE8E28FAA41}"
EndProject
Project("{FAE04EC0-301F-11D3-BF4B-00C04F79EFBC}") = "CaptionsGrid.Silverlight", "Client\Captions\CaptionsGrid\CaptionsGrid.Silverlight\CaptionsGrid.Silverlight.csproj", "{D2C64A3F-BD21-427C-A68A-69223088967C}"
EndProject
Project("{FAE04EC0-301F-11D3-BF4B-00C04F79EFBC}") = "AudioRecorderControl.Silverlight", "Client\Audio\AudioRecorderControl\AudioRecorderControl.Silverlight\AudioRecorderControl.Silverlight.csproj", "{BF52BDBA-830F-4CD4-AA9C-F653B6448184}"
EndProject
Project("{FAE04EC0-301F-11D3-BF4B-00C04F79EFBC}") = "AudioLib.Silverlight", "Client\Audio\AudioLib\AudioLib.Silverlight\AudioLib.Silverlight.csproj", "{A5E8BFFB-DA12-4EE4-9CA4-667412D98614}"
EndProject
Project("{2150E333-8FDC-42A3-9474-1A3956D46DE8}") = "ZUI", "ZUI", "{FBDD15EE-2A2C-4180-9286-123757F78949}"
EndProject
Project("{2150E333-8FDC-42A3-9474-1A3956D46DE8}") = "Helpers", "Helpers", "{CB37E211-5126-4625-9817-AD0946C5F23F}"
EndProject
Project("{2150E333-8FDC-42A3-9474-1A3956D46DE8}") = "Media", "Media", "{AB8CB11F-F724-4E42-BEED-74A778A61FC9}"
EndProject
Project("{2150E333-8FDC-42A3-9474-1A3956D46DE8}") = "Captions", "Captions", "{B7B8DC32-93ED-44CC-A0F5-8A3D99A4EA08}"
EndProject
Project("{F184B08F-C81C-45F6-A57F-5ABD9991F28F}") = "CaptionsLib.Silverlight", "Client\Captions\CaptionsLib\CaptionsLib.Silverlight\CaptionsLib.Silverlight.vbproj", "{782E0F64-CDCE-41AA-9B7E-80714B1EE663}"
EndProject
Project("{2150E333-8FDC-42A3-9474-1A3956D46DE8}") = "ClipFlair.Windows", "ClipFlair.Windows", "{159C8690-CD53-49FE-9B9E-67960BA0DA67}"
EndProject
Project("{FAE04EC0-301F-11D3-BF4B-00C04F79EFBC}") = "ClipFlair.Windows.Activity", "Client\ClipFlair.Windows\ClipFlair.Windows.Activity\ClipFlair.Windows.Activity.csproj", "{5C611A60-153B-4781-801D-6F9C1653AE32}"
EndProject
Project("{FAE04EC0-301F-11D3-BF4B-00C04F79EFBC}") = "ClipFlair.Windows.Base", "Client\ClipFlair.Windows\ClipFlair.Windows.Base\ClipFlair.Windows.Base.csproj", "{4CE71FC4-B8D9-4305-AE15-2F0501CA58B3}"
EndProject
Project("{FAE04EC0-301F-11D3-BF4B-00C04F79EFBC}") = "ClipFlair.Windows.Media", "Client\ClipFlair.Windows\ClipFlair.Windows.Media\ClipFlair.Windows.Media.csproj", "{A14AC96C-D998-4C35-B1C0-415535D1378B}"
EndProject
Project("{FAE04EC0-301F-11D3-BF4B-00C04F79EFBC}") = "ClipFlair.Windows.Captions", "Client\ClipFlair.Windows\ClipFlair.Windows.Captions\ClipFlair.Windows.Captions.csproj", "{38818955-5894-441C-9B80-69C38BEC9A76}"
EndProject
Project("{FAE04EC0-301F-11D3-BF4B-00C04F79EFBC}") = "ClipFlair.Windows.Text", "Client\ClipFlair.Windows\ClipFlair.Windows.Text\ClipFlair.Windows.Text.csproj", "{396DD176-BC1D-45CF-900E-4FC85B7398FC}"
EndProject
Project("{FAE04EC0-301F-11D3-BF4B-00C04F79EFBC}") = "ClipFlair.Windows.Image", "Client\ClipFlair.Windows\ClipFlair.Windows.Image\ClipFlair.Windows.Image.csproj", "{AA7B9EC6-8A08-4300-827B-65A66818BAF7}"
EndProject
Project("{FAE04EC0-301F-11D3-BF4B-00C04F79EFBC}") = "ClipFlair.Windows.Map", "Client\ClipFlair.Windows\ClipFlair.Windows.Map\ClipFlair.Windows.Map.csproj", "{40580DAE-80A5-49E4-BDD8-DAFDB9D4E088}"
EndProject
Project("{2150E333-8FDC-42A3-9474-1A3956D46DE8}") = "ClipFlair.UI", "ClipFlair.UI", "{29574CA4-9687-42BB-AAE0-31C3BD52A803}"
EndProject
Project("{FAE04EC0-301F-11D3-BF4B-00C04F79EFBC}") = "ClipFlair.UI.Dialogs.Silverlight", "Client\ClipFlair.UI\ClipFlair.UI.Dialogs\ClipFlair.UI.Dialogs.Silverlight.csproj", "{C6900312-0545-4E5E-9FE0-2AEF75674E29}"
EndProject
Project("{FAE04EC0-301F-11D3-BF4B-00C04F79EFBC}") = "ClipFlair.UI.Widgets.Silverlight", "Client\ClipFlair.UI\ClipFlair.UI.Widgets\ClipFlair.UI.Widgets.Silverlight.csproj", "{0771A5EA-F8F5-4BB4-A29E-2FD3CF9A5088}"
EndProject
Project("{2150E333-8FDC-42A3-9474-1A3956D46DE8}") = "Text", "Text", "{2214B910-0DEA-4202-A9BA-280ACBCF839B}"
EndProject
Project("{FAE04EC0-301F-11D3-BF4B-00C04F79EFBC}") = "Utils.Silverlight", "Client\Utils\Utils.Silverlight\Utils.Silverlight.csproj", "{E784B6A1-A300-4571-A881-B15240EEE377}"
EndProject
Project("{FAE04EC0-301F-11D3-BF4B-00C04F79EFBC}") = "ClipFlair.Windows.Gallery", "Client\ClipFlair.Windows\ClipFlair.Windows.Gallery\ClipFlair.Windows.Gallery.csproj", "{0E256C84-FBAC-4E81-BA5C-85D44E76F19E}"
EndProject
Project("{FAE04EC0-301F-11D3-BF4B-00C04F79EFBC}") = "PivotViewerExt.Silverlight", "Client\ZUI\PivotViewerExt.Silverlight\PivotViewerExt.Silverlight.csproj", "{DC69A8CE-040F-405B-B26B-9338B26FCF21}"
EndProject
Project("{FAE04EC0-301F-11D3-BF4B-00C04F79EFBC}") = "ZoomImage.Silverlight", "Client\ZUI\ZoomImage\ZoomImage.Silverlight.csproj", "{EA7A7A55-08EE-4537-8FBD-6FAF57C82C13}"
EndProject
Project("{FAE04EC0-301F-11D3-BF4B-00C04F79EFBC}") = "FlipPanel.Silverlight", "Client\ZUI\FlipPanel\FlipPanel.Silverlight\FlipPanel.Silverlight.csproj", "{245ABF59-8751-46FB-A37E-E5EE253342AD}"
EndProject
Project("{2150E333-8FDC-42A3-9474-1A3956D46DE8}") = "ClipFlair.Diagrams", "ClipFlair.Diagrams", "{21F02D58-D544-4AD9-BEE9-F80718A6AE08}"
EndProject
Project("{FAE04EC0-301F-11D3-BF4B-00C04F79EFBC}") = "ClipFlair.ClassDiagrams", "Diagrams\ClipFlair.ClassDiagrams\ClipFlair.ClassDiagrams.csproj", "{08AAAA06-E454-46D2-B13F-96AFB43B9D13}"
EndProject
Project("{F088123C-0E9E-452A-89E6-6BA2F21D5CAC}") = "ClipFlair.UML", "Diagrams\ClipFlair.UML\ClipFlair.UML.modelproj", "{5DA25550-CBA7-4005-ACB8-1E4CF70B6E9B}"
EndProject
Project("{FAE04EC0-301F-11D3-BF4B-00C04F79EFBC}") = "ImageButtons.Silverlight", "Client\ZUI\ImageButtons\ImageButtons.Silverlight\ImageButtons.Silverlight.csproj", "{127105AF-C0F4-40F8-87C5-D6C391552936}"
EndProject
Project("{2150E333-8FDC-42A3-9474-1A3956D46DE8}") = "Server", "Server", "{92274FC3-2D35-4924-B4F9-F8265BAB3DE2}"
EndProject
Project("{FAE04EC0-301F-11D3-BF4B-00C04F79EFBC}") = "ClipFlair.Gallery", "Server\ClipFlair.Gallery\ClipFlair.Gallery.csproj", "{5A748034-E893-4F20-AF54-0E9C9DAAAEDA}"
EndProject
Project("{2150E333-8FDC-42A3-9474-1A3956D46DE8}") = "Client", "Client", "{975F9FD9-3985-4F0A-A810-6C396EFCD6DA}"
EndProject
Project("{FAE04EC0-301F-11D3-BF4B-00C04F79EFBC}") = "ClipFlair.Studio", "Client\ClipFlair\ClipFlair.Studio.csproj", "{31498ABB-31AA-4FFA-BB32-98FCA11BB52A}"
EndProject
Global
	GlobalSection(SolutionConfigurationPlatforms) = preSolution
		Debug|Any CPU = Debug|Any CPU
		Release|Any CPU = Release|Any CPU
	EndGlobalSection
	GlobalSection(ProjectConfigurationPlatforms) = postSolution
		{17ADC51A-2B00-4BE5-B5AB-7C6F0CE88B43}.Debug|Any CPU.ActiveCfg = Debug|Any CPU
		{17ADC51A-2B00-4BE5-B5AB-7C6F0CE88B43}.Debug|Any CPU.Build.0 = Debug|Any CPU
		{17ADC51A-2B00-4BE5-B5AB-7C6F0CE88B43}.Release|Any CPU.ActiveCfg = Release|Any CPU
		{17ADC51A-2B00-4BE5-B5AB-7C6F0CE88B43}.Release|Any CPU.Build.0 = Release|Any CPU
		{7DC832CC-2D97-4DBC-B963-3F77C1F20730}.Debug|Any CPU.ActiveCfg = Debug|Any CPU
		{7DC832CC-2D97-4DBC-B963-3F77C1F20730}.Debug|Any CPU.Build.0 = Debug|Any CPU
		{7DC832CC-2D97-4DBC-B963-3F77C1F20730}.Release|Any CPU.ActiveCfg = Release|Any CPU
		{7DC832CC-2D97-4DBC-B963-3F77C1F20730}.Release|Any CPU.Build.0 = Release|Any CPU
		{8E75887A-A164-41B8-86D5-8DC37768B5A3}.Debug|Any CPU.ActiveCfg = Debug|Any CPU
		{8E75887A-A164-41B8-86D5-8DC37768B5A3}.Debug|Any CPU.Build.0 = Debug|Any CPU
		{8E75887A-A164-41B8-86D5-8DC37768B5A3}.Release|Any CPU.ActiveCfg = Release|Any CPU
		{8E75887A-A164-41B8-86D5-8DC37768B5A3}.Release|Any CPU.Build.0 = Release|Any CPU
		{3F3D3C8C-9724-4531-A04D-B92049F64686}.Debug|Any CPU.ActiveCfg = Debug|Any CPU
		{3F3D3C8C-9724-4531-A04D-B92049F64686}.Debug|Any CPU.Build.0 = Debug|Any CPU
		{3F3D3C8C-9724-4531-A04D-B92049F64686}.Release|Any CPU.ActiveCfg = Release|Any CPU
		{3F3D3C8C-9724-4531-A04D-B92049F64686}.Release|Any CPU.Build.0 = Release|Any CPU
		{52F76969-E7CD-414F-8E98-4FF90EE48B05}.Debug|Any CPU.ActiveCfg = Debug|Any CPU
		{52F76969-E7CD-414F-8E98-4FF90EE48B05}.Debug|Any CPU.Build.0 = Debug|Any CPU
		{52F76969-E7CD-414F-8E98-4FF90EE48B05}.Release|Any CPU.ActiveCfg = Release|Any CPU
		{52F76969-E7CD-414F-8E98-4FF90EE48B05}.Release|Any CPU.Build.0 = Release|Any CPU
		{D7D67F52-7B9B-4DE5-9B72-534664F296B7}.Debug|Any CPU.ActiveCfg = Debug|Any CPU
		{D7D67F52-7B9B-4DE5-9B72-534664F296B7}.Debug|Any CPU.Build.0 = Debug|Any CPU
		{D7D67F52-7B9B-4DE5-9B72-534664F296B7}.Release|Any CPU.ActiveCfg = Release|Any CPU
		{D7D67F52-7B9B-4DE5-9B72-534664F296B7}.Release|Any CPU.Build.0 = Release|Any CPU
		{DD195CFE-B418-4C76-8F51-EEE8E28FAA41}.Debug|Any CPU.ActiveCfg = Debug|Any CPU
		{DD195CFE-B418-4C76-8F51-EEE8E28FAA41}.Debug|Any CPU.Build.0 = Debug|Any CPU
		{DD195CFE-B418-4C76-8F51-EEE8E28FAA41}.Release|Any CPU.ActiveCfg = Release|Any CPU
		{DD195CFE-B418-4C76-8F51-EEE8E28FAA41}.Release|Any CPU.Build.0 = Release|Any CPU
		{D2C64A3F-BD21-427C-A68A-69223088967C}.Debug|Any CPU.ActiveCfg = Debug|Any CPU
		{D2C64A3F-BD21-427C-A68A-69223088967C}.Debug|Any CPU.Build.0 = Debug|Any CPU
		{D2C64A3F-BD21-427C-A68A-69223088967C}.Release|Any CPU.ActiveCfg = Release|Any CPU
		{D2C64A3F-BD21-427C-A68A-69223088967C}.Release|Any CPU.Build.0 = Release|Any CPU
		{BF52BDBA-830F-4CD4-AA9C-F653B6448184}.Debug|Any CPU.ActiveCfg = Debug|Any CPU
		{BF52BDBA-830F-4CD4-AA9C-F653B6448184}.Debug|Any CPU.Build.0 = Debug|Any CPU
		{BF52BDBA-830F-4CD4-AA9C-F653B6448184}.Release|Any CPU.ActiveCfg = Release|Any CPU
		{BF52BDBA-830F-4CD4-AA9C-F653B6448184}.Release|Any CPU.Build.0 = Release|Any CPU
		{A5E8BFFB-DA12-4EE4-9CA4-667412D98614}.Debug|Any CPU.ActiveCfg = Debug|Any CPU
		{A5E8BFFB-DA12-4EE4-9CA4-667412D98614}.Debug|Any CPU.Build.0 = Debug|Any CPU
		{A5E8BFFB-DA12-4EE4-9CA4-667412D98614}.Release|Any CPU.ActiveCfg = Release|Any CPU
		{A5E8BFFB-DA12-4EE4-9CA4-667412D98614}.Release|Any CPU.Build.0 = Release|Any CPU
		{782E0F64-CDCE-41AA-9B7E-80714B1EE663}.Debug|Any CPU.ActiveCfg = Debug|Any CPU
		{782E0F64-CDCE-41AA-9B7E-80714B1EE663}.Debug|Any CPU.Build.0 = Debug|Any CPU
		{782E0F64-CDCE-41AA-9B7E-80714B1EE663}.Release|Any CPU.ActiveCfg = Release|Any CPU
		{782E0F64-CDCE-41AA-9B7E-80714B1EE663}.Release|Any CPU.Build.0 = Release|Any CPU
		{5C611A60-153B-4781-801D-6F9C1653AE32}.Debug|Any CPU.ActiveCfg = Debug|Any CPU
		{5C611A60-153B-4781-801D-6F9C1653AE32}.Debug|Any CPU.Build.0 = Debug|Any CPU
		{5C611A60-153B-4781-801D-6F9C1653AE32}.Release|Any CPU.ActiveCfg = Release|Any CPU
		{5C611A60-153B-4781-801D-6F9C1653AE32}.Release|Any CPU.Build.0 = Release|Any CPU
		{4CE71FC4-B8D9-4305-AE15-2F0501CA58B3}.Debug|Any CPU.ActiveCfg = Debug|Any CPU
		{4CE71FC4-B8D9-4305-AE15-2F0501CA58B3}.Debug|Any CPU.Build.0 = Debug|Any CPU
		{4CE71FC4-B8D9-4305-AE15-2F0501CA58B3}.Release|Any CPU.ActiveCfg = Release|Any CPU
		{4CE71FC4-B8D9-4305-AE15-2F0501CA58B3}.Release|Any CPU.Build.0 = Release|Any CPU
		{A14AC96C-D998-4C35-B1C0-415535D1378B}.Debug|Any CPU.ActiveCfg = Debug|Any CPU
		{A14AC96C-D998-4C35-B1C0-415535D1378B}.Debug|Any CPU.Build.0 = Debug|Any CPU
		{A14AC96C-D998-4C35-B1C0-415535D1378B}.Release|Any CPU.ActiveCfg = Release|Any CPU
		{A14AC96C-D998-4C35-B1C0-415535D1378B}.Release|Any CPU.Build.0 = Release|Any CPU
		{38818955-5894-441C-9B80-69C38BEC9A76}.Debug|Any CPU.ActiveCfg = Debug|Any CPU
		{38818955-5894-441C-9B80-69C38BEC9A76}.Debug|Any CPU.Build.0 = Debug|Any CPU
		{38818955-5894-441C-9B80-69C38BEC9A76}.Release|Any CPU.ActiveCfg = Release|Any CPU
		{38818955-5894-441C-9B80-69C38BEC9A76}.Release|Any CPU.Build.0 = Release|Any CPU
		{396DD176-BC1D-45CF-900E-4FC85B7398FC}.Debug|Any CPU.ActiveCfg = Debug|Any CPU
		{396DD176-BC1D-45CF-900E-4FC85B7398FC}.Debug|Any CPU.Build.0 = Debug|Any CPU
		{396DD176-BC1D-45CF-900E-4FC85B7398FC}.Release|Any CPU.ActiveCfg = Release|Any CPU
		{396DD176-BC1D-45CF-900E-4FC85B7398FC}.Release|Any CPU.Build.0 = Release|Any CPU
		{AA7B9EC6-8A08-4300-827B-65A66818BAF7}.Debug|Any CPU.ActiveCfg = Debug|Any CPU
		{AA7B9EC6-8A08-4300-827B-65A66818BAF7}.Debug|Any CPU.Build.0 = Debug|Any CPU
		{AA7B9EC6-8A08-4300-827B-65A66818BAF7}.Release|Any CPU.ActiveCfg = Release|Any CPU
		{AA7B9EC6-8A08-4300-827B-65A66818BAF7}.Release|Any CPU.Build.0 = Release|Any CPU
		{40580DAE-80A5-49E4-BDD8-DAFDB9D4E088}.Debug|Any CPU.ActiveCfg = Debug|Any CPU
		{40580DAE-80A5-49E4-BDD8-DAFDB9D4E088}.Debug|Any CPU.Build.0 = Debug|Any CPU
		{40580DAE-80A5-49E4-BDD8-DAFDB9D4E088}.Release|Any CPU.ActiveCfg = Release|Any CPU
		{40580DAE-80A5-49E4-BDD8-DAFDB9D4E088}.Release|Any CPU.Build.0 = Release|Any CPU
		{C6900312-0545-4E5E-9FE0-2AEF75674E29}.Debug|Any CPU.ActiveCfg = Debug|Any CPU
		{C6900312-0545-4E5E-9FE0-2AEF75674E29}.Debug|Any CPU.Build.0 = Debug|Any CPU
		{C6900312-0545-4E5E-9FE0-2AEF75674E29}.Release|Any CPU.ActiveCfg = Release|Any CPU
		{C6900312-0545-4E5E-9FE0-2AEF75674E29}.Release|Any CPU.Build.0 = Release|Any CPU
		{0771A5EA-F8F5-4BB4-A29E-2FD3CF9A5088}.Debug|Any CPU.ActiveCfg = Debug|Any CPU
		{0771A5EA-F8F5-4BB4-A29E-2FD3CF9A5088}.Debug|Any CPU.Build.0 = Debug|Any CPU
		{0771A5EA-F8F5-4BB4-A29E-2FD3CF9A5088}.Release|Any CPU.ActiveCfg = Release|Any CPU
		{0771A5EA-F8F5-4BB4-A29E-2FD3CF9A5088}.Release|Any CPU.Build.0 = Release|Any CPU
		{E784B6A1-A300-4571-A881-B15240EEE377}.Debug|Any CPU.ActiveCfg = Debug|Any CPU
		{E784B6A1-A300-4571-A881-B15240EEE377}.Debug|Any CPU.Build.0 = Debug|Any CPU
		{E784B6A1-A300-4571-A881-B15240EEE377}.Release|Any CPU.ActiveCfg = Release|Any CPU
		{E784B6A1-A300-4571-A881-B15240EEE377}.Release|Any CPU.Build.0 = Release|Any CPU
		{0E256C84-FBAC-4E81-BA5C-85D44E76F19E}.Debug|Any CPU.ActiveCfg = Debug|Any CPU
		{0E256C84-FBAC-4E81-BA5C-85D44E76F19E}.Debug|Any CPU.Build.0 = Debug|Any CPU
		{0E256C84-FBAC-4E81-BA5C-85D44E76F19E}.Release|Any CPU.ActiveCfg = Release|Any CPU
		{0E256C84-FBAC-4E81-BA5C-85D44E76F19E}.Release|Any CPU.Build.0 = Release|Any CPU
		{DC69A8CE-040F-405B-B26B-9338B26FCF21}.Debug|Any CPU.ActiveCfg = Debug|Any CPU
		{DC69A8CE-040F-405B-B26B-9338B26FCF21}.Debug|Any CPU.Build.0 = Debug|Any CPU
		{DC69A8CE-040F-405B-B26B-9338B26FCF21}.Release|Any CPU.ActiveCfg = Release|Any CPU
		{DC69A8CE-040F-405B-B26B-9338B26FCF21}.Release|Any CPU.Build.0 = Release|Any CPU
		{EA7A7A55-08EE-4537-8FBD-6FAF57C82C13}.Debug|Any CPU.ActiveCfg = Debug|Any CPU
		{EA7A7A55-08EE-4537-8FBD-6FAF57C82C13}.Debug|Any CPU.Build.0 = Debug|Any CPU
		{EA7A7A55-08EE-4537-8FBD-6FAF57C82C13}.Release|Any CPU.ActiveCfg = Release|Any CPU
		{EA7A7A55-08EE-4537-8FBD-6FAF57C82C13}.Release|Any CPU.Build.0 = Release|Any CPU
		{245ABF59-8751-46FB-A37E-E5EE253342AD}.Debug|Any CPU.ActiveCfg = Debug|Any CPU
		{245ABF59-8751-46FB-A37E-E5EE253342AD}.Debug|Any CPU.Build.0 = Debug|Any CPU
		{245ABF59-8751-46FB-A37E-E5EE253342AD}.Release|Any CPU.ActiveCfg = Release|Any CPU
		{245ABF59-8751-46FB-A37E-E5EE253342AD}.Release|Any CPU.Build.0 = Release|Any CPU
		{08AAAA06-E454-46D2-B13F-96AFB43B9D13}.Debug|Any CPU.ActiveCfg = Debug|Any CPU
		{08AAAA06-E454-46D2-B13F-96AFB43B9D13}.Debug|Any CPU.Build.0 = Debug|Any CPU
		{08AAAA06-E454-46D2-B13F-96AFB43B9D13}.Release|Any CPU.ActiveCfg = Release|Any CPU
		{08AAAA06-E454-46D2-B13F-96AFB43B9D13}.Release|Any CPU.Build.0 = Release|Any CPU
		{5DA25550-CBA7-4005-ACB8-1E4CF70B6E9B}.Debug|Any CPU.ActiveCfg = Debug|Any CPU
		{5DA25550-CBA7-4005-ACB8-1E4CF70B6E9B}.Debug|Any CPU.Build.0 = Debug|Any CPU
		{5DA25550-CBA7-4005-ACB8-1E4CF70B6E9B}.Release|Any CPU.ActiveCfg = Release|Any CPU
		{5DA25550-CBA7-4005-ACB8-1E4CF70B6E9B}.Release|Any CPU.Build.0 = Release|Any CPU
		{127105AF-C0F4-40F8-87C5-D6C391552936}.Debug|Any CPU.ActiveCfg = Debug|Any CPU
		{127105AF-C0F4-40F8-87C5-D6C391552936}.Debug|Any CPU.Build.0 = Debug|Any CPU
		{127105AF-C0F4-40F8-87C5-D6C391552936}.Release|Any CPU.ActiveCfg = Release|Any CPU
		{127105AF-C0F4-40F8-87C5-D6C391552936}.Release|Any CPU.Build.0 = Release|Any CPU
		{5A748034-E893-4F20-AF54-0E9C9DAAAEDA}.Debug|Any CPU.ActiveCfg = Debug|Any CPU
		{5A748034-E893-4F20-AF54-0E9C9DAAAEDA}.Debug|Any CPU.Build.0 = Debug|Any CPU
		{5A748034-E893-4F20-AF54-0E9C9DAAAEDA}.Release|Any CPU.ActiveCfg = Release|Any CPU
		{5A748034-E893-4F20-AF54-0E9C9DAAAEDA}.Release|Any CPU.Build.0 = Release|Any CPU
		{31498ABB-31AA-4FFA-BB32-98FCA11BB52A}.Debug|Any CPU.ActiveCfg = Debug|Any CPU
		{31498ABB-31AA-4FFA-BB32-98FCA11BB52A}.Debug|Any CPU.Build.0 = Debug|Any CPU
		{31498ABB-31AA-4FFA-BB32-98FCA11BB52A}.Release|Any CPU.ActiveCfg = Release|Any CPU
		{31498ABB-31AA-4FFA-BB32-98FCA11BB52A}.Release|Any CPU.Build.0 = Release|Any CPU
	EndGlobalSection
	GlobalSection(SolutionProperties) = preSolution
		HideSolutionNode = FALSE
	EndGlobalSection
	GlobalSection(NestedProjects) = preSolution
		{17ADC51A-2B00-4BE5-B5AB-7C6F0CE88B43} = {92274FC3-2D35-4924-B4F9-F8265BAB3DE2}
		{5A748034-E893-4F20-AF54-0E9C9DAAAEDA} = {92274FC3-2D35-4924-B4F9-F8265BAB3DE2}
		{9226D211-9A9D-4F42-A166-8495F0C188A4} = {975F9FD9-3985-4F0A-A810-6C396EFCD6DA}
		{159C8690-CD53-49FE-9B9E-67960BA0DA67} = {975F9FD9-3985-4F0A-A810-6C396EFCD6DA}
		{29574CA4-9687-42BB-AAE0-31C3BD52A803} = {975F9FD9-3985-4F0A-A810-6C396EFCD6DA}
		{31498ABB-31AA-4FFA-BB32-98FCA11BB52A} = {975F9FD9-3985-4F0A-A810-6C396EFCD6DA}
		{FBDD15EE-2A2C-4180-9286-123757F78949} = {9226D211-9A9D-4F42-A166-8495F0C188A4}
		{2214B910-0DEA-4202-A9BA-280ACBCF839B} = {9226D211-9A9D-4F42-A166-8495F0C188A4}
		{AB8CB11F-F724-4E42-BEED-74A778A61FC9} = {9226D211-9A9D-4F42-A166-8495F0C188A4}
		{B7B8DC32-93ED-44CC-A0F5-8A3D99A4EA08} = {9226D211-9A9D-4F42-A166-8495F0C188A4}
		{CB37E211-5126-4625-9817-AD0946C5F23F} = {9226D211-9A9D-4F42-A166-8495F0C188A4}
		{D7D67F52-7B9B-4DE5-9B72-534664F296B7} = {FBDD15EE-2A2C-4180-9286-123757F78949}
		{8E75887A-A164-41B8-86D5-8DC37768B5A3} = {FBDD15EE-2A2C-4180-9286-123757F78949}
		{3F3D3C8C-9724-4531-A04D-B92049F64686} = {FBDD15EE-2A2C-4180-9286-123757F78949}
		{DC69A8CE-040F-405B-B26B-9338B26FCF21} = {FBDD15EE-2A2C-4180-9286-123757F78949}
		{EA7A7A55-08EE-4537-8FBD-6FAF57C82C13} = {FBDD15EE-2A2C-4180-9286-123757F78949}
		{245ABF59-8751-46FB-A37E-E5EE253342AD} = {FBDD15EE-2A2C-4180-9286-123757F78949}
		{127105AF-C0F4-40F8-87C5-D6C391552936} = {FBDD15EE-2A2C-4180-9286-123757F78949}
		{52F76969-E7CD-414F-8E98-4FF90EE48B05} = {2214B910-0DEA-4202-A9BA-280ACBCF839B}
		{BF52BDBA-830F-4CD4-AA9C-F653B6448184} = {AB8CB11F-F724-4E42-BEED-74A778A61FC9}
		{A5E8BFFB-DA12-4EE4-9CA4-667412D98614} = {AB8CB11F-F724-4E42-BEED-74A778A61FC9}
		{DD195CFE-B418-4C76-8F51-EEE8E28FAA41} = {AB8CB11F-F724-4E42-BEED-74A778A61FC9}
		{D2C64A3F-BD21-427C-A68A-69223088967C} = {B7B8DC32-93ED-44CC-A0F5-8A3D99A4EA08}
		{782E0F64-CDCE-41AA-9B7E-80714B1EE663} = {B7B8DC32-93ED-44CC-A0F5-8A3D99A4EA08}
		{E784B6A1-A300-4571-A881-B15240EEE377} = {CB37E211-5126-4625-9817-AD0946C5F23F}
		{7DC832CC-2D97-4DBC-B963-3F77C1F20730} = {CB37E211-5126-4625-9817-AD0946C5F23F}
		{5C611A60-153B-4781-801D-6F9C1653AE32} = {159C8690-CD53-49FE-9B9E-67960BA0DA67}
		{4CE71FC4-B8D9-4305-AE15-2F0501CA58B3} = {159C8690-CD53-49FE-9B9E-67960BA0DA67}
		{A14AC96C-D998-4C35-B1C0-415535D1378B} = {159C8690-CD53-49FE-9B9E-67960BA0DA67}
		{38818955-5894-441C-9B80-69C38BEC9A76} = {159C8690-CD53-49FE-9B9E-67960BA0DA67}
		{396DD176-BC1D-45CF-900E-4FC85B7398FC} = {159C8690-CD53-49FE-9B9E-67960BA0DA67}
		{AA7B9EC6-8A08-4300-827B-65A66818BAF7} = {159C8690-CD53-49FE-9B9E-67960BA0DA67}
		{40580DAE-80A5-49E4-BDD8-DAFDB9D4E088} = {159C8690-CD53-49FE-9B9E-67960BA0DA67}
		{0E256C84-FBAC-4E81-BA5C-85D44E76F19E} = {159C8690-CD53-49FE-9B9E-67960BA0DA67}
		{C6900312-0545-4E5E-9FE0-2AEF75674E29} = {29574CA4-9687-42BB-AAE0-31C3BD52A803}
		{0771A5EA-F8F5-4BB4-A29E-2FD3CF9A5088} = {29574CA4-9687-42BB-AAE0-31C3BD52A803}
		{08AAAA06-E454-46D2-B13F-96AFB43B9D13} = {21F02D58-D544-4AD9-BEE9-F80718A6AE08}
		{5DA25550-CBA7-4005-ACB8-1E4CF70B6E9B} = {21F02D58-D544-4AD9-BEE9-F80718A6AE08}
	EndGlobalSection
EndGlobal
