
Microsoft Visual Studio Solution File, Format Version 11.00
# Visual Studio 2010
Project("{F088123C-0E9E-452A-89E6-6BA2F21D5CAC}") = "ClipFlair_UML", "ClipFlair_UML\ClipFlair_UML.modelproj", "{5DA25550-CBA7-4005-ACB8-1E4CF70B6E9B}"
EndProject
Project("{FAE04EC0-301F-11D3-BF4B-00C04F79EFBC}") = "ClipFlair", "ClipFlair\ClipFlair.csproj", "{31498ABB-31AA-4FFA-BB32-98FCA11BB52A}"
	ProjectSection(ProjectDependencies) = postProject
		{17ADC51A-2B00-4BE5-B5AB-7C6F0CE88B43} = {17ADC51A-2B00-4BE5-B5AB-7C6F0CE88B43}
	EndProjectSection
EndProject
Project("{FAE04EC0-301F-11D3-BF4B-00C04F79EFBC}") = "ClipFlair.Web", "ClipFlair.Web\ClipFlair.Web.csproj", "{17ADC51A-2B00-4BE5-B5AB-7C6F0CE88B43}"
EndProject
Project("{FAE04EC0-301F-11D3-BF4B-00C04F79EFBC}") = "PropertyPagesSupport", "PropertyPagesSupport\PropertyPagesSupport.csproj", "{CE5C7FD4-3BB3-4ACE-B8E7-E96F59D43D97}"
EndProject
Global
	GlobalSection(SolutionConfigurationPlatforms) = preSolution
		Debug|Any CPU = Debug|Any CPU
		Release|Any CPU = Release|Any CPU
	EndGlobalSection
	GlobalSection(ProjectConfigurationPlatforms) = postSolution
		{5DA25550-CBA7-4005-ACB8-1E4CF70B6E9B}.Debug|Any CPU.ActiveCfg = Debug|Any CPU
		{5DA25550-CBA7-4005-ACB8-1E4CF70B6E9B}.Debug|Any CPU.Build.0 = Debug|Any CPU
		{5DA25550-CBA7-4005-ACB8-1E4CF70B6E9B}.Release|Any CPU.ActiveCfg = Release|Any CPU
		{5DA25550-CBA7-4005-ACB8-1E4CF70B6E9B}.Release|Any CPU.Build.0 = Release|Any CPU
		{31498ABB-31AA-4FFA-BB32-98FCA11BB52A}.Debug|Any CPU.ActiveCfg = Debug|Any CPU
		{31498ABB-31AA-4FFA-BB32-98FCA11BB52A}.Debug|Any CPU.Build.0 = Debug|Any CPU
		{31498ABB-31AA-4FFA-BB32-98FCA11BB52A}.Release|Any CPU.ActiveCfg = Release|Any CPU
		{31498ABB-31AA-4FFA-BB32-98FCA11BB52A}.Release|Any CPU.Build.0 = Release|Any CPU
		{17ADC51A-2B00-4BE5-B5AB-7C6F0CE88B43}.Debug|Any CPU.ActiveCfg = Debug|Any CPU
		{17ADC51A-2B00-4BE5-B5AB-7C6F0CE88B43}.Debug|Any CPU.Build.0 = Debug|Any CPU
		{17ADC51A-2B00-4BE5-B5AB-7C6F0CE88B43}.Release|Any CPU.ActiveCfg = Release|Any CPU
		{17ADC51A-2B00-4BE5-B5AB-7C6F0CE88B43}.Release|Any CPU.Build.0 = Release|Any CPU
		{CE5C7FD4-3BB3-4ACE-B8E7-E96F59D43D97}.Debug|Any CPU.ActiveCfg = Debug|Any CPU
		{CE5C7FD4-3BB3-4ACE-B8E7-E96F59D43D97}.Debug|Any CPU.Build.0 = Debug|Any CPU
		{CE5C7FD4-3BB3-4ACE-B8E7-E96F59D43D97}.Release|Any CPU.ActiveCfg = Release|Any CPU
		{CE5C7FD4-3BB3-4ACE-B8E7-E96F59D43D97}.Release|Any CPU.Build.0 = Release|Any CPU
	EndGlobalSection
	GlobalSection(SolutionProperties) = preSolution
		HideSolutionNode = FALSE
	EndGlobalSection
EndGlobal
