
Microsoft Visual Studio Solution File, Format Version 12.00
# Visual Studio 2013
VisualStudioVersion = 12.0.40629.0
MinimumVisualStudioVersion = 10.0.40219.1
Project("{2150E333-8FDC-42A3-9474-1A3956D46DE8}") = "Server", "Server", "{92274FC3-2D35-4924-B4F9-F8265BAB3DE2}"
EndProject
Project("{2150E333-8FDC-42A3-9474-1A3956D46DE8}") = "Components", "Components", "{89C48FD1-FFDC-4373-8F14-0D289B9F1B52}"
EndProject
Project("{2150E333-8FDC-42A3-9474-1A3956D46DE8}") = "Tools", "Tools", "{8A788051-A74D-4EB8-850F-0D82FDABD65A}"
EndProject
Project("{2150E333-8FDC-42A3-9474-1A3956D46DE8}") = "Metadata", "Metadata", "{C4622812-5DBE-433D-8375-8BAF05D729EE}"
EndProject
Project("{FAE04EC0-301F-11D3-BF4B-00C04F79EFBC}") = "ClipFlair.Studio.Web", "Server\ClipFlair.Studio.Web\ClipFlair.Studio.Web.csproj", "{17ADC51A-2B00-4BE5-B5AB-7C6F0CE88B43}"
EndProject
Project("{FAE04EC0-301F-11D3-BF4B-00C04F79EFBC}") = "ClipFlair.Gallery", "Server\ClipFlair.Gallery\ClipFlair.Gallery.csproj", "{5A748034-E893-4F20-AF54-0E9C9DAAAEDA}"
EndProject
Project("{FAE04EC0-301F-11D3-BF4B-00C04F79EFBC}") = "CustomXml", "Server\Components\CustomXml\CustomXml.csproj", "{BBC2677D-AA24-474D-BD89-F201123157CB}"
EndProject
Project("{FAE04EC0-301F-11D3-BF4B-00C04F79EFBC}") = "ClipFlair.Metadata", "Metadata\ClipFlair.Metadata\ClipFlair.Metadata.csproj", "{A84716D5-5523-421C-AEB6-9EBAA0C77F93}"
EndProject
Project("{FAE04EC0-301F-11D3-BF4B-00C04F79EFBC}") = "WebCapture", "Server\Tools\WebCapture\WebCapture.csproj", "{3CA82147-0BFE-4E44-9693-8457C2DACB7E}"
EndProject
Project("{2150E333-8FDC-42A3-9474-1A3956D46DE8}") = "Solution Items", "Solution Items", "{13B4AFBE-D67B-47EA-BBCB-95270F8C79A1}"
	ProjectSection(SolutionItems) = preProject
		Readme.txt = Readme.txt
	EndProjectSection
EndProject
Global
	GlobalSection(SolutionConfigurationPlatforms) = preSolution
		Debug|Any CPU = Debug|Any CPU
		Debug|Mixed Platforms = Debug|Mixed Platforms
		Debug|x86 = Debug|x86
		Release|Any CPU = Release|Any CPU
		Release|Mixed Platforms = Release|Mixed Platforms
		Release|x86 = Release|x86
	EndGlobalSection
	GlobalSection(ProjectConfigurationPlatforms) = postSolution
		{17ADC51A-2B00-4BE5-B5AB-7C6F0CE88B43}.Debug|Any CPU.ActiveCfg = Debug|Any CPU
		{17ADC51A-2B00-4BE5-B5AB-7C6F0CE88B43}.Debug|Any CPU.Build.0 = Debug|Any CPU
		{17ADC51A-2B00-4BE5-B5AB-7C6F0CE88B43}.Debug|Mixed Platforms.ActiveCfg = Debug|Any CPU
		{17ADC51A-2B00-4BE5-B5AB-7C6F0CE88B43}.Debug|Mixed Platforms.Build.0 = Debug|Any CPU
		{17ADC51A-2B00-4BE5-B5AB-7C6F0CE88B43}.Debug|x86.ActiveCfg = Debug|Any CPU
		{17ADC51A-2B00-4BE5-B5AB-7C6F0CE88B43}.Release|Any CPU.ActiveCfg = Release|Any CPU
		{17ADC51A-2B00-4BE5-B5AB-7C6F0CE88B43}.Release|Any CPU.Build.0 = Release|Any CPU
		{17ADC51A-2B00-4BE5-B5AB-7C6F0CE88B43}.Release|Mixed Platforms.ActiveCfg = Release|Any CPU
		{17ADC51A-2B00-4BE5-B5AB-7C6F0CE88B43}.Release|Mixed Platforms.Build.0 = Release|Any CPU
		{17ADC51A-2B00-4BE5-B5AB-7C6F0CE88B43}.Release|x86.ActiveCfg = Release|Any CPU
		{5A748034-E893-4F20-AF54-0E9C9DAAAEDA}.Debug|Any CPU.ActiveCfg = Debug|Any CPU
		{5A748034-E893-4F20-AF54-0E9C9DAAAEDA}.Debug|Any CPU.Build.0 = Debug|Any CPU
		{5A748034-E893-4F20-AF54-0E9C9DAAAEDA}.Debug|Mixed Platforms.ActiveCfg = Debug|Any CPU
		{5A748034-E893-4F20-AF54-0E9C9DAAAEDA}.Debug|Mixed Platforms.Build.0 = Debug|Any CPU
		{5A748034-E893-4F20-AF54-0E9C9DAAAEDA}.Debug|x86.ActiveCfg = Debug|Any CPU
		{5A748034-E893-4F20-AF54-0E9C9DAAAEDA}.Release|Any CPU.ActiveCfg = Release|Any CPU
		{5A748034-E893-4F20-AF54-0E9C9DAAAEDA}.Release|Any CPU.Build.0 = Release|Any CPU
		{5A748034-E893-4F20-AF54-0E9C9DAAAEDA}.Release|Mixed Platforms.ActiveCfg = Release|Any CPU
		{5A748034-E893-4F20-AF54-0E9C9DAAAEDA}.Release|Mixed Platforms.Build.0 = Release|Any CPU
		{5A748034-E893-4F20-AF54-0E9C9DAAAEDA}.Release|x86.ActiveCfg = Release|Any CPU
		{BBC2677D-AA24-474D-BD89-F201123157CB}.Debug|Any CPU.ActiveCfg = Debug|Any CPU
		{BBC2677D-AA24-474D-BD89-F201123157CB}.Debug|Any CPU.Build.0 = Debug|Any CPU
		{BBC2677D-AA24-474D-BD89-F201123157CB}.Debug|Mixed Platforms.ActiveCfg = Debug|Any CPU
		{BBC2677D-AA24-474D-BD89-F201123157CB}.Debug|Mixed Platforms.Build.0 = Debug|Any CPU
		{BBC2677D-AA24-474D-BD89-F201123157CB}.Debug|x86.ActiveCfg = Debug|Any CPU
		{BBC2677D-AA24-474D-BD89-F201123157CB}.Release|Any CPU.ActiveCfg = Release|Any CPU
		{BBC2677D-AA24-474D-BD89-F201123157CB}.Release|Any CPU.Build.0 = Release|Any CPU
		{BBC2677D-AA24-474D-BD89-F201123157CB}.Release|Mixed Platforms.ActiveCfg = Release|Any CPU
		{BBC2677D-AA24-474D-BD89-F201123157CB}.Release|Mixed Platforms.Build.0 = Release|Any CPU
		{BBC2677D-AA24-474D-BD89-F201123157CB}.Release|x86.ActiveCfg = Release|Any CPU
		{A84716D5-5523-421C-AEB6-9EBAA0C77F93}.Debug|Any CPU.ActiveCfg = Debug|Any CPU
		{A84716D5-5523-421C-AEB6-9EBAA0C77F93}.Debug|Any CPU.Build.0 = Debug|Any CPU
		{A84716D5-5523-421C-AEB6-9EBAA0C77F93}.Debug|Mixed Platforms.ActiveCfg = Debug|Any CPU
		{A84716D5-5523-421C-AEB6-9EBAA0C77F93}.Debug|Mixed Platforms.Build.0 = Debug|Any CPU
		{A84716D5-5523-421C-AEB6-9EBAA0C77F93}.Debug|x86.ActiveCfg = Debug|Any CPU
		{A84716D5-5523-421C-AEB6-9EBAA0C77F93}.Release|Any CPU.ActiveCfg = Release|Any CPU
		{A84716D5-5523-421C-AEB6-9EBAA0C77F93}.Release|Any CPU.Build.0 = Release|Any CPU
		{A84716D5-5523-421C-AEB6-9EBAA0C77F93}.Release|Mixed Platforms.ActiveCfg = Release|Any CPU
		{A84716D5-5523-421C-AEB6-9EBAA0C77F93}.Release|Mixed Platforms.Build.0 = Release|Any CPU
		{A84716D5-5523-421C-AEB6-9EBAA0C77F93}.Release|x86.ActiveCfg = Release|Any CPU
		{3CA82147-0BFE-4E44-9693-8457C2DACB7E}.Debug|Any CPU.ActiveCfg = Debug|x86
		{3CA82147-0BFE-4E44-9693-8457C2DACB7E}.Debug|Mixed Platforms.ActiveCfg = Debug|x86
		{3CA82147-0BFE-4E44-9693-8457C2DACB7E}.Debug|Mixed Platforms.Build.0 = Debug|x86
		{3CA82147-0BFE-4E44-9693-8457C2DACB7E}.Debug|x86.ActiveCfg = Debug|x86
		{3CA82147-0BFE-4E44-9693-8457C2DACB7E}.Debug|x86.Build.0 = Debug|x86
		{3CA82147-0BFE-4E44-9693-8457C2DACB7E}.Release|Any CPU.ActiveCfg = Release|x86
		{3CA82147-0BFE-4E44-9693-8457C2DACB7E}.Release|Mixed Platforms.ActiveCfg = Release|x86
		{3CA82147-0BFE-4E44-9693-8457C2DACB7E}.Release|Mixed Platforms.Build.0 = Release|x86
		{3CA82147-0BFE-4E44-9693-8457C2DACB7E}.Release|x86.ActiveCfg = Release|x86
		{3CA82147-0BFE-4E44-9693-8457C2DACB7E}.Release|x86.Build.0 = Release|x86
	EndGlobalSection
	GlobalSection(SolutionProperties) = preSolution
		HideSolutionNode = FALSE
	EndGlobalSection
	GlobalSection(NestedProjects) = preSolution
		{89C48FD1-FFDC-4373-8F14-0D289B9F1B52} = {92274FC3-2D35-4924-B4F9-F8265BAB3DE2}
		{17ADC51A-2B00-4BE5-B5AB-7C6F0CE88B43} = {92274FC3-2D35-4924-B4F9-F8265BAB3DE2}
		{5A748034-E893-4F20-AF54-0E9C9DAAAEDA} = {92274FC3-2D35-4924-B4F9-F8265BAB3DE2}
		{BBC2677D-AA24-474D-BD89-F201123157CB} = {89C48FD1-FFDC-4373-8F14-0D289B9F1B52}
		{A84716D5-5523-421C-AEB6-9EBAA0C77F93} = {C4622812-5DBE-433D-8375-8BAF05D729EE}
		{3CA82147-0BFE-4E44-9693-8457C2DACB7E} = {8A788051-A74D-4EB8-850F-0D82FDABD65A}
	EndGlobalSection
EndGlobal
