
Microsoft Visual Studio Solution File, Format Version 12.00
# Visual Studio 2013
VisualStudioVersion = 12.0.30324.0
MinimumVisualStudioVersion = 10.0.40219.1
Project("{2150E333-8FDC-42A3-9474-1A3956D46DE8}") = "ZUI", "ZUI", "{FBDD15EE-2A2C-4180-9286-123757F78949}"
EndProject
Project("{2150E333-8FDC-42A3-9474-1A3956D46DE8}") = "Helpers", "Helpers", "{CB37E211-5126-4625-9817-AD0946C5F23F}"
EndProject
Project("{2150E333-8FDC-42A3-9474-1A3956D46DE8}") = "Media", "Media", "{AB8CB11F-F724-4E42-BEED-74A778A61FC9}"
EndProject
Project("{2150E333-8FDC-42A3-9474-1A3956D46DE8}") = "Captions", "Captions", "{B7B8DC32-93ED-44CC-A0F5-8A3D99A4EA08}"
EndProject
Project("{2150E333-8FDC-42A3-9474-1A3956D46DE8}") = "ClipFlair.Windows", "ClipFlair.Windows", "{159C8690-CD53-49FE-9B9E-67960BA0DA67}"
EndProject
Project("{2150E333-8FDC-42A3-9474-1A3956D46DE8}") = "ClipFlair.UI", "ClipFlair.UI", "{29574CA4-9687-42BB-AAE0-31C3BD52A803}"
EndProject
Project("{2150E333-8FDC-42A3-9474-1A3956D46DE8}") = "Text", "Text", "{2214B910-0DEA-4202-A9BA-280ACBCF839B}"
EndProject
Project("{2150E333-8FDC-42A3-9474-1A3956D46DE8}") = "ClipFlair.Diagrams", "ClipFlair.Diagrams", "{21F02D58-D544-4AD9-BEE9-F80718A6AE08}"
EndProject
Project("{FAE04EC0-301F-11D3-BF4B-00C04F79EFBC}") = "WPF_Compatibility.Silverlight", "Client\Helpers\WPF_Compatibility\WPF_Compatibility.Silverlight\WPF_Compatibility.Silverlight.csproj", "{7DC832CC-2D97-4DBC-B963-3F77C1F20730}"
EndProject
Project("{FAE04EC0-301F-11D3-BF4B-00C04F79EFBC}") = "ZoomAndPan.Silverlight", "Client\ZUI\ZoomAndPan\ZoomAndPan.Silverlight\ZoomAndPan.Silverlight.csproj", "{8E75887A-A164-41B8-86D5-8DC37768B5A3}"
EndProject
Project("{FAE04EC0-301F-11D3-BF4B-00C04F79EFBC}") = "FloatingWindow.Silverlight", "Client\ZUI\FloatingWindow\FloatingWindow.Silverlight\FloatingWindow.Silverlight.csproj", "{3F3D3C8C-9724-4531-A04D-B92049F64686}"
EndProject
Project("{FAE04EC0-301F-11D3-BF4B-00C04F79EFBC}") = "SilverTextEditor.Silverlight", "Client\Text\SilverTextEditor\SilverTextEditor.Silverlight\SilverTextEditor.Silverlight.csproj", "{52F76969-E7CD-414F-8E98-4FF90EE48B05}"
EndProject
Project("{FAE04EC0-301F-11D3-BF4B-00C04F79EFBC}") = "FloatingWindowZUI.Silverlight", "Client\ZUI\FloatingWindowZUI\FloatingWindowZUI.Silverlight\FloatingWindowZUI.Silverlight.csproj", "{D7D67F52-7B9B-4DE5-9B72-534664F296B7}"
EndProject
Project("{FAE04EC0-301F-11D3-BF4B-00C04F79EFBC}") = "MediaPlayer.Silverlight", "Client\Media\MediaPlayer\MediaPlayer.Silverlight\MediaPlayer.Silverlight.csproj", "{DD195CFE-B418-4C76-8F51-EEE8E28FAA41}"
EndProject
Project("{FAE04EC0-301F-11D3-BF4B-00C04F79EFBC}") = "CaptionsGrid.Silverlight", "Client\Captions\CaptionsGrid\CaptionsGrid.Silverlight\CaptionsGrid.Silverlight.csproj", "{D2C64A3F-BD21-427C-A68A-69223088967C}"
EndProject
Project("{FAE04EC0-301F-11D3-BF4B-00C04F79EFBC}") = "AudioRecorderControl.Silverlight", "Client\Media\Audio\AudioRecorderControl\AudioRecorderControl.Silverlight\AudioRecorderControl.Silverlight.csproj", "{BF52BDBA-830F-4CD4-AA9C-F653B6448184}"
EndProject
Project("{FAE04EC0-301F-11D3-BF4B-00C04F79EFBC}") = "AudioLib.Silverlight", "Client\Media\Audio\AudioLib\AudioLib.Silverlight\AudioLib.Silverlight.csproj", "{A5E8BFFB-DA12-4EE4-9CA4-667412D98614}"
EndProject
Project("{FAE04EC0-301F-11D3-BF4B-00C04F79EFBC}") = "ClipFlair.Windows.Activity", "Client\ClipFlair.Windows\ClipFlair.Windows.Activity\ClipFlair.Windows.Activity.csproj", "{5C611A60-153B-4781-801D-6F9C1653AE32}"
EndProject
Project("{FAE04EC0-301F-11D3-BF4B-00C04F79EFBC}") = "ClipFlair.Windows.Base", "Client\ClipFlair.Windows\ClipFlair.Windows.Base\ClipFlair.Windows.Base.csproj", "{4CE71FC4-B8D9-4305-AE15-2F0501CA58B3}"
EndProject
Project("{FAE04EC0-301F-11D3-BF4B-00C04F79EFBC}") = "ClipFlair.Windows.Media", "Client\ClipFlair.Windows\ClipFlair.Windows.Media\ClipFlair.Windows.Media.csproj", "{A14AC96C-D998-4C35-B1C0-415535D1378B}"
EndProject
Project("{FAE04EC0-301F-11D3-BF4B-00C04F79EFBC}") = "ClipFlair.Windows.Captions", "Client\ClipFlair.Windows\ClipFlair.Windows.Captions\ClipFlair.Windows.Captions.csproj", "{38818955-5894-441C-9B80-69C38BEC9A76}"
EndProject
Project("{FAE04EC0-301F-11D3-BF4B-00C04F79EFBC}") = "ClipFlair.Windows.Text", "Client\ClipFlair.Windows\ClipFlair.Windows.Text\ClipFlair.Windows.Text.csproj", "{396DD176-BC1D-45CF-900E-4FC85B7398FC}"
EndProject
Project("{FAE04EC0-301F-11D3-BF4B-00C04F79EFBC}") = "ClipFlair.Windows.Image", "Client\ClipFlair.Windows\ClipFlair.Windows.Image\ClipFlair.Windows.Image.csproj", "{AA7B9EC6-8A08-4300-827B-65A66818BAF7}"
EndProject
Project("{FAE04EC0-301F-11D3-BF4B-00C04F79EFBC}") = "ClipFlair.Windows.Map", "Client\ClipFlair.Windows\ClipFlair.Windows.Map\ClipFlair.Windows.Map.csproj", "{40580DAE-80A5-49E4-BDD8-DAFDB9D4E088}"
EndProject
Project("{FAE04EC0-301F-11D3-BF4B-00C04F79EFBC}") = "ClipFlair.UI.Dialogs.Silverlight", "Client\ClipFlair.UI\ClipFlair.UI.Dialogs\ClipFlair.UI.Dialogs.Silverlight.csproj", "{C6900312-0545-4E5E-9FE0-2AEF75674E29}"
EndProject
Project("{FAE04EC0-301F-11D3-BF4B-00C04F79EFBC}") = "ClipFlair.UI.Widgets.Silverlight", "Client\ClipFlair.UI\ClipFlair.UI.Widgets\ClipFlair.UI.Widgets.Silverlight.csproj", "{0771A5EA-F8F5-4BB4-A29E-2FD3CF9A5088}"
EndProject
Project("{FAE04EC0-301F-11D3-BF4B-00C04F79EFBC}") = "Utils.Silverlight", "Client\Helpers\Utils\Utils.Silverlight\Utils.Silverlight.csproj", "{E784B6A1-A300-4571-A881-B15240EEE377}"
EndProject
Project("{FAE04EC0-301F-11D3-BF4B-00C04F79EFBC}") = "ClipFlair.Windows.Gallery", "Client\ClipFlair.Windows\ClipFlair.Windows.Gallery\ClipFlair.Windows.Gallery.csproj", "{0E256C84-FBAC-4E81-BA5C-85D44E76F19E}"
EndProject
Project("{FAE04EC0-301F-11D3-BF4B-00C04F79EFBC}") = "PivotViewerExt.Silverlight", "Client\ZUI\PivotViewerExt.Silverlight\PivotViewerExt.Silverlight.csproj", "{DC69A8CE-040F-405B-B26B-9338B26FCF21}"
EndProject
Project("{FAE04EC0-301F-11D3-BF4B-00C04F79EFBC}") = "ZoomImage.Silverlight", "Client\ZUI\ZoomImage\ZoomImage.Silverlight.csproj", "{EA7A7A55-08EE-4537-8FBD-6FAF57C82C13}"
EndProject
Project("{FAE04EC0-301F-11D3-BF4B-00C04F79EFBC}") = "FlipPanel.Silverlight", "Client\ZUI\FlipPanel\FlipPanel.Silverlight\FlipPanel.Silverlight.csproj", "{245ABF59-8751-46FB-A37E-E5EE253342AD}"
EndProject
Project("{FAE04EC0-301F-11D3-BF4B-00C04F79EFBC}") = "ClipFlair.ClassDiagrams", "Diagrams\ClipFlair.ClassDiagrams\ClipFlair.ClassDiagrams.csproj", "{08AAAA06-E454-46D2-B13F-96AFB43B9D13}"
EndProject
Project("{F088123C-0E9E-452A-89E6-6BA2F21D5CAC}") = "ClipFlair.UML", "Diagrams\ClipFlair.UML\ClipFlair.UML.modelproj", "{5DA25550-CBA7-4005-ACB8-1E4CF70B6E9B}"
EndProject
Project("{FAE04EC0-301F-11D3-BF4B-00C04F79EFBC}") = "ImageButtons.Silverlight", "Client\ZUI\ImageButtons\ImageButtons.Silverlight\ImageButtons.Silverlight.csproj", "{127105AF-C0F4-40F8-87C5-D6C391552936}"
EndProject
Project("{FAE04EC0-301F-11D3-BF4B-00C04F79EFBC}") = "ClipFlair.Studio.Silverlight", "Client\ClipFlair.Studio\ClipFlair.Studio.Silverlight.csproj", "{31498ABB-31AA-4FFA-BB32-98FCA11BB52A}"
EndProject
Project("{F184B08F-C81C-45F6-A57F-5ABD9991F28F}") = "CaptionsLib.VB.Silverlight", "Client\Captions\CaptionsLib\VB\CaptionsLib.VB.Silverlight\CaptionsLib.VB.Silverlight.vbproj", "{782E0F64-CDCE-41AA-9B7E-80714B1EE663}"
EndProject
Project("{FAE04EC0-301F-11D3-BF4B-00C04F79EFBC}") = "CaptionsLib.Silverlight", "Client\Captions\CaptionsLib\CaptionsLib.Silverlight\CaptionsLib.Silverlight.csproj", "{388EFA39-6BC0-4836-B095-4491E9A68798}"
EndProject
Project("{FAE04EC0-301F-11D3-BF4B-00C04F79EFBC}") = "SilverNews.Silverlight", "Client\Text\SilverNews\SilverNews.Silverlight\SilverNews.Silverlight.csproj", "{EDAC9709-C2CD-4673-AB04-D044F40DD681}"
EndProject
Project("{FAE04EC0-301F-11D3-BF4B-00C04F79EFBC}") = "ClipFlair.Windows.News", "Client\ClipFlair.Windows\ClipFlair.Windows.News\ClipFlair.Windows.News.csproj", "{7BD74AA7-4AB8-4D85-AAB0-99A0F8236E7E}"
EndProject
Project("{FAE04EC0-301F-11D3-BF4B-00C04F79EFBC}") = "ColorPicker.Silverlight", "Client\ZUI\ColorPicker\Silverlight\ColorPicker.Silverlight\ColorPicker.Silverlight.csproj", "{48C88177-760B-41AD-B0E1-68E164FAE747}"
EndProject
Project("{FAE04EC0-301F-11D3-BF4B-00C04F79EFBC}") = "SliderExt.Silverlight", "Client\ZUI\SliderExt\Silverlight\SliderExt.Silverlight\SliderExt.Silverlight.csproj", "{F07C9C6F-F516-4410-8C35-304FCF3ECAD0}"
EndProject
Project("{2150E333-8FDC-42A3-9474-1A3956D46DE8}") = "Silverlight", "Silverlight", "{985815AF-CE93-4D42-B5A1-2CFD2C861222}"
EndProject
Project("{2150E333-8FDC-42A3-9474-1A3956D46DE8}") = "WPF", "WPF", "{A129522C-6275-43AC-BE3D-439330EE69C7}"
EndProject
Project("{2150E333-8FDC-42A3-9474-1A3956D46DE8}") = "Helpers", "Helpers", "{91298190-5670-4775-AC70-33A05BE33B6F}"
EndProject
Project("{2150E333-8FDC-42A3-9474-1A3956D46DE8}") = "Text", "Text", "{C6BB80F7-1F8D-4CA5-BF76-D550AF74E312}"
EndProject
Project("{FAE04EC0-301F-11D3-BF4B-00C04F79EFBC}") = "Utils.WPF", "Client\Helpers\Utils\Utils.WPF\Utils.WPF.csproj", "{A1100DA3-93DD-49B5-BA91-CF868051CA16}"
EndProject
Project("{FAE04EC0-301F-11D3-BF4B-00C04F79EFBC}") = "WPF_Compatibility.WPF", "Client\Helpers\WPF_Compatibility\WPF_Compatibility.WPF\WPF_Compatibility.WPF.csproj", "{DC154E89-74E8-4ADC-95B5-0772CA254F71}"
EndProject
Project("{FAE04EC0-301F-11D3-BF4B-00C04F79EFBC}") = "SilverTextEditor.WPF", "Client\Text\SilverTextEditor\SilverTextEditor.WPF\SilverTextEditor.WPF.csproj", "{B6A8E771-F3D5-4C60-A9F4-E3D9F0071226}"
EndProject
Project("{2150E333-8FDC-42A3-9474-1A3956D46DE8}") = "ZUI", "ZUI", "{85D70BCC-9232-48AD-A700-2D2EF1D36EBE}"
EndProject
Project("{FAE04EC0-301F-11D3-BF4B-00C04F79EFBC}") = "ColorPicker.WPF", "Client\ZUI\ColorPicker\WPF\ColorPicker.WPF\ColorPicker.WPF.csproj", "{2D343C72-381B-4B90-8AD2-13B8B4D01CB9}"
EndProject
Project("{FAE04EC0-301F-11D3-BF4B-00C04F79EFBC}") = "SliderExt.WPF", "Client\ZUI\SliderExt\WPF\SliderExt.WPF\SliderExt.WPF.csproj", "{14993E97-3C4D-4AF4-AD28-4A518BA301F7}"
EndProject
Project("{FAE04EC0-301F-11D3-BF4B-00C04F79EFBC}") = "FlipPanel.WPF", "Client\ZUI\FlipPanel\FlipPanel.WPF\FlipPanel.WPF.csproj", "{56ABE7A4-AEBC-41B5-B156-CA81EC481B1F}"
EndProject
Project("{FAE04EC0-301F-11D3-BF4B-00C04F79EFBC}") = "FloatingWindow.WPF", "Client\ZUI\FloatingWindow\FloatingWindow.WPF\FloatingWindow.WPF.csproj", "{7C67AC53-E3BC-4482-8DFB-4CBAA644D280}"
EndProject
Project("{FAE04EC0-301F-11D3-BF4B-00C04F79EFBC}") = "FloatingWindowZUI.WPF", "Client\ZUI\FloatingWindowZUI\FloatingWindowZUI.WPF\FloatingWindowZUI.WPF.csproj", "{B467CD19-5D56-46FF-B3CA-10FE778F36E9}"
EndProject
Project("{FAE04EC0-301F-11D3-BF4B-00C04F79EFBC}") = "ImageButtons.WPF", "Client\ZUI\ImageButtons\ImageButtons.WPF\ImageButtons.WPF.csproj", "{5BB0F96D-2B5F-409C-9782-434B12E06600}"
EndProject
Project("{FAE04EC0-301F-11D3-BF4B-00C04F79EFBC}") = "ZoomAndPan.WPF", "Client\ZUI\ZoomAndPan\ZoomAndPan.WPF\ZoomAndPan.WPF.csproj", "{468ADEDE-6F5E-40C0-99C9-C6DAC4FAC934}"
EndProject
Project("{FAE04EC0-301F-11D3-BF4B-00C04F79EFBC}") = "ClipFlair.Studio.Web", "Server\ClipFlair.Studio.Web\ClipFlair.Studio.Web.csproj", "{17ADC51A-2B00-4BE5-B5AB-7C6F0CE88B43}"
EndProject
Project("{2150E333-8FDC-42A3-9474-1A3956D46DE8}") = "Windows Phone", "Windows Phone", "{97324D9E-2FF5-41A3-8334-469C2CE21474}"
EndProject
Project("{2150E333-8FDC-42A3-9474-1A3956D46DE8}") = "Helpers", "Helpers", "{1F2F3DA5-5A02-4C7B-BAEC-70DA57BC8D33}"
EndProject
Project("{FAE04EC0-301F-11D3-BF4B-00C04F79EFBC}") = "WPF_Compatibility.WindowsPhone", "Client\Helpers\WPF_Compatibility\WPF_Compatibility.WindowsPhone\WPF_Compatibility.WindowsPhone.csproj", "{280683A7-E949-4E5F-87A3-D445C68A270F}"
EndProject
Project("{2150E333-8FDC-42A3-9474-1A3956D46DE8}") = "ZUI", "ZUI", "{AB30659E-B558-4A8B-BB13-C77F13CC9746}"
EndProject
Project("{FAE04EC0-301F-11D3-BF4B-00C04F79EFBC}") = "ImageButtons.WindowsPhone", "Client\ZUI\ImageButtons\ImageButtons.WindowsPhone\ImageButtons.WindowsPhone.csproj", "{53E8E52B-DC17-4545-9B93-EA74534B1014}"
EndProject
Project("{FAE04EC0-301F-11D3-BF4B-00C04F79EFBC}") = "FlipPanel.WindowsPhone", "Client\ZUI\FlipPanel\FlipPanel.WindowsPhone\FlipPanel.WindowsPhone.csproj", "{FE312796-4F57-4B4B-87BE-2583B98363A2}"
EndProject
Project("{2150E333-8FDC-42A3-9474-1A3956D46DE8}") = "Audio", "Audio", "{5AC692F1-6E35-442B-BB40-E4D05CB90AB9}"
EndProject
Project("{FAE04EC0-301F-11D3-BF4B-00C04F79EFBC}") = "Utils.WindowsPhone", "Client\Helpers\Utils\Utils.WindowsPhone\Utils.WindowsPhone.csproj", "{F804B57F-6A6D-4A4E-99F7-D99AE4512CCA}"
EndProject
Project("{FAE04EC0-301F-11D3-BF4B-00C04F79EFBC}") = "SliderExt.WindowsPhone", "Client\ZUI\SliderExt\Windows Phone\SliderExt.WindowsPhone\SliderExt.WindowsPhone.csproj", "{03C3AFFE-7CD1-4072-B014-925A3E295B6E}"
EndProject
Project("{FAE04EC0-301F-11D3-BF4B-00C04F79EFBC}") = "ColorPicker.WindowsPhone", "Client\ZUI\ColorPicker\Windows Phone\ColorPicker.WindowsPhone\ColorPicker.WindowsPhone.csproj", "{D82EF1F1-AB3D-41B0-8B67-76461B592492}"
EndProject
Project("{FAE04EC0-301F-11D3-BF4B-00C04F79EFBC}") = "ClipFlair.Windows.Browser", "Client\ClipFlair.Windows\ClipFlair.Windows.Browser\ClipFlair.Windows.Browser.csproj", "{692622CB-E02A-40E3-AF57-91B2793C9975}"
EndProject
Project("{FAE04EC0-301F-11D3-BF4B-00C04F79EFBC}") = "Browser.Silverlight", "Client\Media\Browser\Browser.Silverlight\Browser.Silverlight.csproj", "{C44EABE3-1BE9-4689-A5F5-0F36FD8059DE}"
EndProject
Global
	GlobalSection(SolutionConfigurationPlatforms) = preSolution
		Debug|Any CPU = Debug|Any CPU
		Debug|ARM = Debug|ARM
		Debug|Mixed Platforms = Debug|Mixed Platforms
		Debug|x86 = Debug|x86
		Release|Any CPU = Release|Any CPU
		Release|ARM = Release|ARM
		Release|Mixed Platforms = Release|Mixed Platforms
		Release|x86 = Release|x86
	EndGlobalSection
	GlobalSection(ProjectConfigurationPlatforms) = postSolution
		{7DC832CC-2D97-4DBC-B963-3F77C1F20730}.Debug|Any CPU.ActiveCfg = Debug|Any CPU
		{7DC832CC-2D97-4DBC-B963-3F77C1F20730}.Debug|Any CPU.Build.0 = Debug|Any CPU
		{7DC832CC-2D97-4DBC-B963-3F77C1F20730}.Debug|ARM.ActiveCfg = Debug|Any CPU
		{7DC832CC-2D97-4DBC-B963-3F77C1F20730}.Debug|Mixed Platforms.ActiveCfg = Debug|Any CPU
		{7DC832CC-2D97-4DBC-B963-3F77C1F20730}.Debug|Mixed Platforms.Build.0 = Debug|Any CPU
		{7DC832CC-2D97-4DBC-B963-3F77C1F20730}.Debug|x86.ActiveCfg = Debug|Any CPU
		{7DC832CC-2D97-4DBC-B963-3F77C1F20730}.Release|Any CPU.ActiveCfg = Release|Any CPU
		{7DC832CC-2D97-4DBC-B963-3F77C1F20730}.Release|Any CPU.Build.0 = Release|Any CPU
		{7DC832CC-2D97-4DBC-B963-3F77C1F20730}.Release|ARM.ActiveCfg = Release|Any CPU
		{7DC832CC-2D97-4DBC-B963-3F77C1F20730}.Release|Mixed Platforms.ActiveCfg = Release|Any CPU
		{7DC832CC-2D97-4DBC-B963-3F77C1F20730}.Release|Mixed Platforms.Build.0 = Release|Any CPU
		{7DC832CC-2D97-4DBC-B963-3F77C1F20730}.Release|x86.ActiveCfg = Release|Any CPU
		{8E75887A-A164-41B8-86D5-8DC37768B5A3}.Debug|Any CPU.ActiveCfg = Debug|Any CPU
		{8E75887A-A164-41B8-86D5-8DC37768B5A3}.Debug|Any CPU.Build.0 = Debug|Any CPU
		{8E75887A-A164-41B8-86D5-8DC37768B5A3}.Debug|ARM.ActiveCfg = Debug|Any CPU
		{8E75887A-A164-41B8-86D5-8DC37768B5A3}.Debug|Mixed Platforms.ActiveCfg = Debug|Any CPU
		{8E75887A-A164-41B8-86D5-8DC37768B5A3}.Debug|Mixed Platforms.Build.0 = Debug|Any CPU
		{8E75887A-A164-41B8-86D5-8DC37768B5A3}.Debug|x86.ActiveCfg = Debug|Any CPU
		{8E75887A-A164-41B8-86D5-8DC37768B5A3}.Release|Any CPU.ActiveCfg = Release|Any CPU
		{8E75887A-A164-41B8-86D5-8DC37768B5A3}.Release|Any CPU.Build.0 = Release|Any CPU
		{8E75887A-A164-41B8-86D5-8DC37768B5A3}.Release|ARM.ActiveCfg = Release|Any CPU
		{8E75887A-A164-41B8-86D5-8DC37768B5A3}.Release|Mixed Platforms.ActiveCfg = Release|Any CPU
		{8E75887A-A164-41B8-86D5-8DC37768B5A3}.Release|Mixed Platforms.Build.0 = Release|Any CPU
		{8E75887A-A164-41B8-86D5-8DC37768B5A3}.Release|x86.ActiveCfg = Release|Any CPU
		{3F3D3C8C-9724-4531-A04D-B92049F64686}.Debug|Any CPU.ActiveCfg = Debug|Any CPU
		{3F3D3C8C-9724-4531-A04D-B92049F64686}.Debug|Any CPU.Build.0 = Debug|Any CPU
		{3F3D3C8C-9724-4531-A04D-B92049F64686}.Debug|ARM.ActiveCfg = Debug|Any CPU
		{3F3D3C8C-9724-4531-A04D-B92049F64686}.Debug|Mixed Platforms.ActiveCfg = Debug|Any CPU
		{3F3D3C8C-9724-4531-A04D-B92049F64686}.Debug|Mixed Platforms.Build.0 = Debug|Any CPU
		{3F3D3C8C-9724-4531-A04D-B92049F64686}.Debug|x86.ActiveCfg = Debug|Any CPU
		{3F3D3C8C-9724-4531-A04D-B92049F64686}.Release|Any CPU.ActiveCfg = Release|Any CPU
		{3F3D3C8C-9724-4531-A04D-B92049F64686}.Release|Any CPU.Build.0 = Release|Any CPU
		{3F3D3C8C-9724-4531-A04D-B92049F64686}.Release|ARM.ActiveCfg = Release|Any CPU
		{3F3D3C8C-9724-4531-A04D-B92049F64686}.Release|Mixed Platforms.ActiveCfg = Release|Any CPU
		{3F3D3C8C-9724-4531-A04D-B92049F64686}.Release|Mixed Platforms.Build.0 = Release|Any CPU
		{3F3D3C8C-9724-4531-A04D-B92049F64686}.Release|x86.ActiveCfg = Release|Any CPU
		{52F76969-E7CD-414F-8E98-4FF90EE48B05}.Debug|Any CPU.ActiveCfg = Debug|Any CPU
		{52F76969-E7CD-414F-8E98-4FF90EE48B05}.Debug|Any CPU.Build.0 = Debug|Any CPU
		{52F76969-E7CD-414F-8E98-4FF90EE48B05}.Debug|ARM.ActiveCfg = Debug|Any CPU
		{52F76969-E7CD-414F-8E98-4FF90EE48B05}.Debug|Mixed Platforms.ActiveCfg = Debug|Any CPU
		{52F76969-E7CD-414F-8E98-4FF90EE48B05}.Debug|Mixed Platforms.Build.0 = Debug|Any CPU
		{52F76969-E7CD-414F-8E98-4FF90EE48B05}.Debug|x86.ActiveCfg = Debug|Any CPU
		{52F76969-E7CD-414F-8E98-4FF90EE48B05}.Release|Any CPU.ActiveCfg = Release|Any CPU
		{52F76969-E7CD-414F-8E98-4FF90EE48B05}.Release|Any CPU.Build.0 = Release|Any CPU
		{52F76969-E7CD-414F-8E98-4FF90EE48B05}.Release|ARM.ActiveCfg = Release|Any CPU
		{52F76969-E7CD-414F-8E98-4FF90EE48B05}.Release|Mixed Platforms.ActiveCfg = Release|Any CPU
		{52F76969-E7CD-414F-8E98-4FF90EE48B05}.Release|Mixed Platforms.Build.0 = Release|Any CPU
		{52F76969-E7CD-414F-8E98-4FF90EE48B05}.Release|x86.ActiveCfg = Release|Any CPU
		{D7D67F52-7B9B-4DE5-9B72-534664F296B7}.Debug|Any CPU.ActiveCfg = Debug|Any CPU
		{D7D67F52-7B9B-4DE5-9B72-534664F296B7}.Debug|Any CPU.Build.0 = Debug|Any CPU
		{D7D67F52-7B9B-4DE5-9B72-534664F296B7}.Debug|ARM.ActiveCfg = Debug|Any CPU
		{D7D67F52-7B9B-4DE5-9B72-534664F296B7}.Debug|Mixed Platforms.ActiveCfg = Debug|Any CPU
		{D7D67F52-7B9B-4DE5-9B72-534664F296B7}.Debug|Mixed Platforms.Build.0 = Debug|Any CPU
		{D7D67F52-7B9B-4DE5-9B72-534664F296B7}.Debug|x86.ActiveCfg = Debug|Any CPU
		{D7D67F52-7B9B-4DE5-9B72-534664F296B7}.Release|Any CPU.ActiveCfg = Release|Any CPU
		{D7D67F52-7B9B-4DE5-9B72-534664F296B7}.Release|Any CPU.Build.0 = Release|Any CPU
		{D7D67F52-7B9B-4DE5-9B72-534664F296B7}.Release|ARM.ActiveCfg = Release|Any CPU
		{D7D67F52-7B9B-4DE5-9B72-534664F296B7}.Release|Mixed Platforms.ActiveCfg = Release|Any CPU
		{D7D67F52-7B9B-4DE5-9B72-534664F296B7}.Release|Mixed Platforms.Build.0 = Release|Any CPU
		{D7D67F52-7B9B-4DE5-9B72-534664F296B7}.Release|x86.ActiveCfg = Release|Any CPU
		{DD195CFE-B418-4C76-8F51-EEE8E28FAA41}.Debug|Any CPU.ActiveCfg = Debug|Any CPU
		{DD195CFE-B418-4C76-8F51-EEE8E28FAA41}.Debug|Any CPU.Build.0 = Debug|Any CPU
		{DD195CFE-B418-4C76-8F51-EEE8E28FAA41}.Debug|ARM.ActiveCfg = Debug|Any CPU
		{DD195CFE-B418-4C76-8F51-EEE8E28FAA41}.Debug|Mixed Platforms.ActiveCfg = Debug|Any CPU
		{DD195CFE-B418-4C76-8F51-EEE8E28FAA41}.Debug|Mixed Platforms.Build.0 = Debug|Any CPU
		{DD195CFE-B418-4C76-8F51-EEE8E28FAA41}.Debug|x86.ActiveCfg = Debug|Any CPU
		{DD195CFE-B418-4C76-8F51-EEE8E28FAA41}.Release|Any CPU.ActiveCfg = Release|Any CPU
		{DD195CFE-B418-4C76-8F51-EEE8E28FAA41}.Release|Any CPU.Build.0 = Release|Any CPU
		{DD195CFE-B418-4C76-8F51-EEE8E28FAA41}.Release|ARM.ActiveCfg = Release|Any CPU
		{DD195CFE-B418-4C76-8F51-EEE8E28FAA41}.Release|Mixed Platforms.ActiveCfg = Release|Any CPU
		{DD195CFE-B418-4C76-8F51-EEE8E28FAA41}.Release|Mixed Platforms.Build.0 = Release|Any CPU
		{DD195CFE-B418-4C76-8F51-EEE8E28FAA41}.Release|x86.ActiveCfg = Release|Any CPU
		{D2C64A3F-BD21-427C-A68A-69223088967C}.Debug|Any CPU.ActiveCfg = Debug|Any CPU
		{D2C64A3F-BD21-427C-A68A-69223088967C}.Debug|Any CPU.Build.0 = Debug|Any CPU
		{D2C64A3F-BD21-427C-A68A-69223088967C}.Debug|ARM.ActiveCfg = Debug|Any CPU
		{D2C64A3F-BD21-427C-A68A-69223088967C}.Debug|Mixed Platforms.ActiveCfg = Debug|Any CPU
		{D2C64A3F-BD21-427C-A68A-69223088967C}.Debug|Mixed Platforms.Build.0 = Debug|Any CPU
		{D2C64A3F-BD21-427C-A68A-69223088967C}.Debug|x86.ActiveCfg = Debug|Any CPU
		{D2C64A3F-BD21-427C-A68A-69223088967C}.Release|Any CPU.ActiveCfg = Release|Any CPU
		{D2C64A3F-BD21-427C-A68A-69223088967C}.Release|Any CPU.Build.0 = Release|Any CPU
		{D2C64A3F-BD21-427C-A68A-69223088967C}.Release|ARM.ActiveCfg = Release|Any CPU
		{D2C64A3F-BD21-427C-A68A-69223088967C}.Release|Mixed Platforms.ActiveCfg = Release|Any CPU
		{D2C64A3F-BD21-427C-A68A-69223088967C}.Release|Mixed Platforms.Build.0 = Release|Any CPU
		{D2C64A3F-BD21-427C-A68A-69223088967C}.Release|x86.ActiveCfg = Release|Any CPU
		{BF52BDBA-830F-4CD4-AA9C-F653B6448184}.Debug|Any CPU.ActiveCfg = Debug|Any CPU
		{BF52BDBA-830F-4CD4-AA9C-F653B6448184}.Debug|Any CPU.Build.0 = Debug|Any CPU
		{BF52BDBA-830F-4CD4-AA9C-F653B6448184}.Debug|ARM.ActiveCfg = Debug|Any CPU
		{BF52BDBA-830F-4CD4-AA9C-F653B6448184}.Debug|Mixed Platforms.ActiveCfg = Debug|Any CPU
		{BF52BDBA-830F-4CD4-AA9C-F653B6448184}.Debug|Mixed Platforms.Build.0 = Debug|Any CPU
		{BF52BDBA-830F-4CD4-AA9C-F653B6448184}.Debug|x86.ActiveCfg = Debug|Any CPU
		{BF52BDBA-830F-4CD4-AA9C-F653B6448184}.Release|Any CPU.ActiveCfg = Release|Any CPU
		{BF52BDBA-830F-4CD4-AA9C-F653B6448184}.Release|Any CPU.Build.0 = Release|Any CPU
		{BF52BDBA-830F-4CD4-AA9C-F653B6448184}.Release|ARM.ActiveCfg = Release|Any CPU
		{BF52BDBA-830F-4CD4-AA9C-F653B6448184}.Release|Mixed Platforms.ActiveCfg = Release|Any CPU
		{BF52BDBA-830F-4CD4-AA9C-F653B6448184}.Release|Mixed Platforms.Build.0 = Release|Any CPU
		{BF52BDBA-830F-4CD4-AA9C-F653B6448184}.Release|x86.ActiveCfg = Release|Any CPU
		{A5E8BFFB-DA12-4EE4-9CA4-667412D98614}.Debug|Any CPU.ActiveCfg = Debug|Any CPU
		{A5E8BFFB-DA12-4EE4-9CA4-667412D98614}.Debug|Any CPU.Build.0 = Debug|Any CPU
		{A5E8BFFB-DA12-4EE4-9CA4-667412D98614}.Debug|ARM.ActiveCfg = Debug|Any CPU
		{A5E8BFFB-DA12-4EE4-9CA4-667412D98614}.Debug|Mixed Platforms.ActiveCfg = Debug|Any CPU
		{A5E8BFFB-DA12-4EE4-9CA4-667412D98614}.Debug|Mixed Platforms.Build.0 = Debug|Any CPU
		{A5E8BFFB-DA12-4EE4-9CA4-667412D98614}.Debug|x86.ActiveCfg = Debug|Any CPU
		{A5E8BFFB-DA12-4EE4-9CA4-667412D98614}.Release|Any CPU.ActiveCfg = Release|Any CPU
		{A5E8BFFB-DA12-4EE4-9CA4-667412D98614}.Release|Any CPU.Build.0 = Release|Any CPU
		{A5E8BFFB-DA12-4EE4-9CA4-667412D98614}.Release|ARM.ActiveCfg = Release|Any CPU
		{A5E8BFFB-DA12-4EE4-9CA4-667412D98614}.Release|Mixed Platforms.ActiveCfg = Release|Any CPU
		{A5E8BFFB-DA12-4EE4-9CA4-667412D98614}.Release|Mixed Platforms.Build.0 = Release|Any CPU
		{A5E8BFFB-DA12-4EE4-9CA4-667412D98614}.Release|x86.ActiveCfg = Release|Any CPU
		{5C611A60-153B-4781-801D-6F9C1653AE32}.Debug|Any CPU.ActiveCfg = Debug|Any CPU
		{5C611A60-153B-4781-801D-6F9C1653AE32}.Debug|Any CPU.Build.0 = Debug|Any CPU
		{5C611A60-153B-4781-801D-6F9C1653AE32}.Debug|ARM.ActiveCfg = Debug|Any CPU
		{5C611A60-153B-4781-801D-6F9C1653AE32}.Debug|Mixed Platforms.ActiveCfg = Debug|Any CPU
		{5C611A60-153B-4781-801D-6F9C1653AE32}.Debug|Mixed Platforms.Build.0 = Debug|Any CPU
		{5C611A60-153B-4781-801D-6F9C1653AE32}.Debug|x86.ActiveCfg = Debug|Any CPU
		{5C611A60-153B-4781-801D-6F9C1653AE32}.Release|Any CPU.ActiveCfg = Release|Any CPU
		{5C611A60-153B-4781-801D-6F9C1653AE32}.Release|Any CPU.Build.0 = Release|Any CPU
		{5C611A60-153B-4781-801D-6F9C1653AE32}.Release|ARM.ActiveCfg = Release|Any CPU
		{5C611A60-153B-4781-801D-6F9C1653AE32}.Release|Mixed Platforms.ActiveCfg = Release|Any CPU
		{5C611A60-153B-4781-801D-6F9C1653AE32}.Release|Mixed Platforms.Build.0 = Release|Any CPU
		{5C611A60-153B-4781-801D-6F9C1653AE32}.Release|x86.ActiveCfg = Release|Any CPU
		{4CE71FC4-B8D9-4305-AE15-2F0501CA58B3}.Debug|Any CPU.ActiveCfg = Debug|Any CPU
		{4CE71FC4-B8D9-4305-AE15-2F0501CA58B3}.Debug|Any CPU.Build.0 = Debug|Any CPU
		{4CE71FC4-B8D9-4305-AE15-2F0501CA58B3}.Debug|ARM.ActiveCfg = Debug|Any CPU
		{4CE71FC4-B8D9-4305-AE15-2F0501CA58B3}.Debug|Mixed Platforms.ActiveCfg = Debug|Any CPU
		{4CE71FC4-B8D9-4305-AE15-2F0501CA58B3}.Debug|Mixed Platforms.Build.0 = Debug|Any CPU
		{4CE71FC4-B8D9-4305-AE15-2F0501CA58B3}.Debug|x86.ActiveCfg = Debug|Any CPU
		{4CE71FC4-B8D9-4305-AE15-2F0501CA58B3}.Release|Any CPU.ActiveCfg = Release|Any CPU
		{4CE71FC4-B8D9-4305-AE15-2F0501CA58B3}.Release|Any CPU.Build.0 = Release|Any CPU
		{4CE71FC4-B8D9-4305-AE15-2F0501CA58B3}.Release|ARM.ActiveCfg = Release|Any CPU
		{4CE71FC4-B8D9-4305-AE15-2F0501CA58B3}.Release|Mixed Platforms.ActiveCfg = Release|Any CPU
		{4CE71FC4-B8D9-4305-AE15-2F0501CA58B3}.Release|Mixed Platforms.Build.0 = Release|Any CPU
		{4CE71FC4-B8D9-4305-AE15-2F0501CA58B3}.Release|x86.ActiveCfg = Release|Any CPU
		{A14AC96C-D998-4C35-B1C0-415535D1378B}.Debug|Any CPU.ActiveCfg = Debug|Any CPU
		{A14AC96C-D998-4C35-B1C0-415535D1378B}.Debug|Any CPU.Build.0 = Debug|Any CPU
		{A14AC96C-D998-4C35-B1C0-415535D1378B}.Debug|ARM.ActiveCfg = Debug|Any CPU
		{A14AC96C-D998-4C35-B1C0-415535D1378B}.Debug|Mixed Platforms.ActiveCfg = Debug|Any CPU
		{A14AC96C-D998-4C35-B1C0-415535D1378B}.Debug|Mixed Platforms.Build.0 = Debug|Any CPU
		{A14AC96C-D998-4C35-B1C0-415535D1378B}.Debug|x86.ActiveCfg = Debug|Any CPU
		{A14AC96C-D998-4C35-B1C0-415535D1378B}.Release|Any CPU.ActiveCfg = Release|Any CPU
		{A14AC96C-D998-4C35-B1C0-415535D1378B}.Release|Any CPU.Build.0 = Release|Any CPU
		{A14AC96C-D998-4C35-B1C0-415535D1378B}.Release|ARM.ActiveCfg = Release|Any CPU
		{A14AC96C-D998-4C35-B1C0-415535D1378B}.Release|Mixed Platforms.ActiveCfg = Release|Any CPU
		{A14AC96C-D998-4C35-B1C0-415535D1378B}.Release|Mixed Platforms.Build.0 = Release|Any CPU
		{A14AC96C-D998-4C35-B1C0-415535D1378B}.Release|x86.ActiveCfg = Release|Any CPU
		{38818955-5894-441C-9B80-69C38BEC9A76}.Debug|Any CPU.ActiveCfg = Debug|Any CPU
		{38818955-5894-441C-9B80-69C38BEC9A76}.Debug|Any CPU.Build.0 = Debug|Any CPU
		{38818955-5894-441C-9B80-69C38BEC9A76}.Debug|ARM.ActiveCfg = Debug|Any CPU
		{38818955-5894-441C-9B80-69C38BEC9A76}.Debug|Mixed Platforms.ActiveCfg = Debug|Any CPU
		{38818955-5894-441C-9B80-69C38BEC9A76}.Debug|Mixed Platforms.Build.0 = Debug|Any CPU
		{38818955-5894-441C-9B80-69C38BEC9A76}.Debug|x86.ActiveCfg = Debug|Any CPU
		{38818955-5894-441C-9B80-69C38BEC9A76}.Release|Any CPU.ActiveCfg = Release|Any CPU
		{38818955-5894-441C-9B80-69C38BEC9A76}.Release|Any CPU.Build.0 = Release|Any CPU
		{38818955-5894-441C-9B80-69C38BEC9A76}.Release|ARM.ActiveCfg = Release|Any CPU
		{38818955-5894-441C-9B80-69C38BEC9A76}.Release|Mixed Platforms.ActiveCfg = Release|Any CPU
		{38818955-5894-441C-9B80-69C38BEC9A76}.Release|Mixed Platforms.Build.0 = Release|Any CPU
		{38818955-5894-441C-9B80-69C38BEC9A76}.Release|x86.ActiveCfg = Release|Any CPU
		{396DD176-BC1D-45CF-900E-4FC85B7398FC}.Debug|Any CPU.ActiveCfg = Debug|Any CPU
		{396DD176-BC1D-45CF-900E-4FC85B7398FC}.Debug|Any CPU.Build.0 = Debug|Any CPU
		{396DD176-BC1D-45CF-900E-4FC85B7398FC}.Debug|ARM.ActiveCfg = Debug|Any CPU
		{396DD176-BC1D-45CF-900E-4FC85B7398FC}.Debug|Mixed Platforms.ActiveCfg = Debug|Any CPU
		{396DD176-BC1D-45CF-900E-4FC85B7398FC}.Debug|Mixed Platforms.Build.0 = Debug|Any CPU
		{396DD176-BC1D-45CF-900E-4FC85B7398FC}.Debug|x86.ActiveCfg = Debug|Any CPU
		{396DD176-BC1D-45CF-900E-4FC85B7398FC}.Release|Any CPU.ActiveCfg = Release|Any CPU
		{396DD176-BC1D-45CF-900E-4FC85B7398FC}.Release|Any CPU.Build.0 = Release|Any CPU
		{396DD176-BC1D-45CF-900E-4FC85B7398FC}.Release|ARM.ActiveCfg = Release|Any CPU
		{396DD176-BC1D-45CF-900E-4FC85B7398FC}.Release|Mixed Platforms.ActiveCfg = Release|Any CPU
		{396DD176-BC1D-45CF-900E-4FC85B7398FC}.Release|Mixed Platforms.Build.0 = Release|Any CPU
		{396DD176-BC1D-45CF-900E-4FC85B7398FC}.Release|x86.ActiveCfg = Release|Any CPU
		{AA7B9EC6-8A08-4300-827B-65A66818BAF7}.Debug|Any CPU.ActiveCfg = Debug|Any CPU
		{AA7B9EC6-8A08-4300-827B-65A66818BAF7}.Debug|Any CPU.Build.0 = Debug|Any CPU
		{AA7B9EC6-8A08-4300-827B-65A66818BAF7}.Debug|ARM.ActiveCfg = Debug|Any CPU
		{AA7B9EC6-8A08-4300-827B-65A66818BAF7}.Debug|Mixed Platforms.ActiveCfg = Debug|Any CPU
		{AA7B9EC6-8A08-4300-827B-65A66818BAF7}.Debug|Mixed Platforms.Build.0 = Debug|Any CPU
		{AA7B9EC6-8A08-4300-827B-65A66818BAF7}.Debug|x86.ActiveCfg = Debug|Any CPU
		{AA7B9EC6-8A08-4300-827B-65A66818BAF7}.Release|Any CPU.ActiveCfg = Release|Any CPU
		{AA7B9EC6-8A08-4300-827B-65A66818BAF7}.Release|Any CPU.Build.0 = Release|Any CPU
		{AA7B9EC6-8A08-4300-827B-65A66818BAF7}.Release|ARM.ActiveCfg = Release|Any CPU
		{AA7B9EC6-8A08-4300-827B-65A66818BAF7}.Release|Mixed Platforms.ActiveCfg = Release|Any CPU
		{AA7B9EC6-8A08-4300-827B-65A66818BAF7}.Release|Mixed Platforms.Build.0 = Release|Any CPU
		{AA7B9EC6-8A08-4300-827B-65A66818BAF7}.Release|x86.ActiveCfg = Release|Any CPU
		{40580DAE-80A5-49E4-BDD8-DAFDB9D4E088}.Debug|Any CPU.ActiveCfg = Debug|Any CPU
		{40580DAE-80A5-49E4-BDD8-DAFDB9D4E088}.Debug|Any CPU.Build.0 = Debug|Any CPU
		{40580DAE-80A5-49E4-BDD8-DAFDB9D4E088}.Debug|ARM.ActiveCfg = Debug|Any CPU
		{40580DAE-80A5-49E4-BDD8-DAFDB9D4E088}.Debug|Mixed Platforms.ActiveCfg = Debug|Any CPU
		{40580DAE-80A5-49E4-BDD8-DAFDB9D4E088}.Debug|Mixed Platforms.Build.0 = Debug|Any CPU
		{40580DAE-80A5-49E4-BDD8-DAFDB9D4E088}.Debug|x86.ActiveCfg = Debug|Any CPU
		{40580DAE-80A5-49E4-BDD8-DAFDB9D4E088}.Release|Any CPU.ActiveCfg = Release|Any CPU
		{40580DAE-80A5-49E4-BDD8-DAFDB9D4E088}.Release|Any CPU.Build.0 = Release|Any CPU
		{40580DAE-80A5-49E4-BDD8-DAFDB9D4E088}.Release|ARM.ActiveCfg = Release|Any CPU
		{40580DAE-80A5-49E4-BDD8-DAFDB9D4E088}.Release|Mixed Platforms.ActiveCfg = Release|Any CPU
		{40580DAE-80A5-49E4-BDD8-DAFDB9D4E088}.Release|Mixed Platforms.Build.0 = Release|Any CPU
		{40580DAE-80A5-49E4-BDD8-DAFDB9D4E088}.Release|x86.ActiveCfg = Release|Any CPU
		{C6900312-0545-4E5E-9FE0-2AEF75674E29}.Debug|Any CPU.ActiveCfg = Debug|Any CPU
		{C6900312-0545-4E5E-9FE0-2AEF75674E29}.Debug|Any CPU.Build.0 = Debug|Any CPU
		{C6900312-0545-4E5E-9FE0-2AEF75674E29}.Debug|ARM.ActiveCfg = Debug|Any CPU
		{C6900312-0545-4E5E-9FE0-2AEF75674E29}.Debug|Mixed Platforms.ActiveCfg = Debug|Any CPU
		{C6900312-0545-4E5E-9FE0-2AEF75674E29}.Debug|Mixed Platforms.Build.0 = Debug|Any CPU
		{C6900312-0545-4E5E-9FE0-2AEF75674E29}.Debug|x86.ActiveCfg = Debug|Any CPU
		{C6900312-0545-4E5E-9FE0-2AEF75674E29}.Release|Any CPU.ActiveCfg = Release|Any CPU
		{C6900312-0545-4E5E-9FE0-2AEF75674E29}.Release|Any CPU.Build.0 = Release|Any CPU
		{C6900312-0545-4E5E-9FE0-2AEF75674E29}.Release|ARM.ActiveCfg = Release|Any CPU
		{C6900312-0545-4E5E-9FE0-2AEF75674E29}.Release|Mixed Platforms.ActiveCfg = Release|Any CPU
		{C6900312-0545-4E5E-9FE0-2AEF75674E29}.Release|Mixed Platforms.Build.0 = Release|Any CPU
		{C6900312-0545-4E5E-9FE0-2AEF75674E29}.Release|x86.ActiveCfg = Release|Any CPU
		{0771A5EA-F8F5-4BB4-A29E-2FD3CF9A5088}.Debug|Any CPU.ActiveCfg = Debug|Any CPU
		{0771A5EA-F8F5-4BB4-A29E-2FD3CF9A5088}.Debug|Any CPU.Build.0 = Debug|Any CPU
		{0771A5EA-F8F5-4BB4-A29E-2FD3CF9A5088}.Debug|ARM.ActiveCfg = Debug|Any CPU
		{0771A5EA-F8F5-4BB4-A29E-2FD3CF9A5088}.Debug|Mixed Platforms.ActiveCfg = Debug|Any CPU
		{0771A5EA-F8F5-4BB4-A29E-2FD3CF9A5088}.Debug|Mixed Platforms.Build.0 = Debug|Any CPU
		{0771A5EA-F8F5-4BB4-A29E-2FD3CF9A5088}.Debug|x86.ActiveCfg = Debug|Any CPU
		{0771A5EA-F8F5-4BB4-A29E-2FD3CF9A5088}.Release|Any CPU.ActiveCfg = Release|Any CPU
		{0771A5EA-F8F5-4BB4-A29E-2FD3CF9A5088}.Release|Any CPU.Build.0 = Release|Any CPU
		{0771A5EA-F8F5-4BB4-A29E-2FD3CF9A5088}.Release|ARM.ActiveCfg = Release|Any CPU
		{0771A5EA-F8F5-4BB4-A29E-2FD3CF9A5088}.Release|Mixed Platforms.ActiveCfg = Release|Any CPU
		{0771A5EA-F8F5-4BB4-A29E-2FD3CF9A5088}.Release|Mixed Platforms.Build.0 = Release|Any CPU
		{0771A5EA-F8F5-4BB4-A29E-2FD3CF9A5088}.Release|x86.ActiveCfg = Release|Any CPU
		{E784B6A1-A300-4571-A881-B15240EEE377}.Debug|Any CPU.ActiveCfg = Debug|Any CPU
		{E784B6A1-A300-4571-A881-B15240EEE377}.Debug|Any CPU.Build.0 = Debug|Any CPU
		{E784B6A1-A300-4571-A881-B15240EEE377}.Debug|ARM.ActiveCfg = Debug|Any CPU
		{E784B6A1-A300-4571-A881-B15240EEE377}.Debug|Mixed Platforms.ActiveCfg = Debug|Any CPU
		{E784B6A1-A300-4571-A881-B15240EEE377}.Debug|Mixed Platforms.Build.0 = Debug|Any CPU
		{E784B6A1-A300-4571-A881-B15240EEE377}.Debug|x86.ActiveCfg = Debug|Any CPU
		{E784B6A1-A300-4571-A881-B15240EEE377}.Release|Any CPU.ActiveCfg = Release|Any CPU
		{E784B6A1-A300-4571-A881-B15240EEE377}.Release|Any CPU.Build.0 = Release|Any CPU
		{E784B6A1-A300-4571-A881-B15240EEE377}.Release|ARM.ActiveCfg = Release|Any CPU
		{E784B6A1-A300-4571-A881-B15240EEE377}.Release|Mixed Platforms.ActiveCfg = Release|Any CPU
		{E784B6A1-A300-4571-A881-B15240EEE377}.Release|Mixed Platforms.Build.0 = Release|Any CPU
		{E784B6A1-A300-4571-A881-B15240EEE377}.Release|x86.ActiveCfg = Release|Any CPU
		{0E256C84-FBAC-4E81-BA5C-85D44E76F19E}.Debug|Any CPU.ActiveCfg = Debug|Any CPU
		{0E256C84-FBAC-4E81-BA5C-85D44E76F19E}.Debug|Any CPU.Build.0 = Debug|Any CPU
		{0E256C84-FBAC-4E81-BA5C-85D44E76F19E}.Debug|ARM.ActiveCfg = Debug|Any CPU
		{0E256C84-FBAC-4E81-BA5C-85D44E76F19E}.Debug|Mixed Platforms.ActiveCfg = Debug|Any CPU
		{0E256C84-FBAC-4E81-BA5C-85D44E76F19E}.Debug|Mixed Platforms.Build.0 = Debug|Any CPU
		{0E256C84-FBAC-4E81-BA5C-85D44E76F19E}.Debug|x86.ActiveCfg = Debug|Any CPU
		{0E256C84-FBAC-4E81-BA5C-85D44E76F19E}.Release|Any CPU.ActiveCfg = Release|Any CPU
		{0E256C84-FBAC-4E81-BA5C-85D44E76F19E}.Release|Any CPU.Build.0 = Release|Any CPU
		{0E256C84-FBAC-4E81-BA5C-85D44E76F19E}.Release|ARM.ActiveCfg = Release|Any CPU
		{0E256C84-FBAC-4E81-BA5C-85D44E76F19E}.Release|Mixed Platforms.ActiveCfg = Release|Any CPU
		{0E256C84-FBAC-4E81-BA5C-85D44E76F19E}.Release|Mixed Platforms.Build.0 = Release|Any CPU
		{0E256C84-FBAC-4E81-BA5C-85D44E76F19E}.Release|x86.ActiveCfg = Release|Any CPU
		{DC69A8CE-040F-405B-B26B-9338B26FCF21}.Debug|Any CPU.ActiveCfg = Debug|Any CPU
		{DC69A8CE-040F-405B-B26B-9338B26FCF21}.Debug|Any CPU.Build.0 = Debug|Any CPU
		{DC69A8CE-040F-405B-B26B-9338B26FCF21}.Debug|ARM.ActiveCfg = Debug|Any CPU
		{DC69A8CE-040F-405B-B26B-9338B26FCF21}.Debug|Mixed Platforms.ActiveCfg = Debug|Any CPU
		{DC69A8CE-040F-405B-B26B-9338B26FCF21}.Debug|Mixed Platforms.Build.0 = Debug|Any CPU
		{DC69A8CE-040F-405B-B26B-9338B26FCF21}.Debug|x86.ActiveCfg = Debug|Any CPU
		{DC69A8CE-040F-405B-B26B-9338B26FCF21}.Release|Any CPU.ActiveCfg = Release|Any CPU
		{DC69A8CE-040F-405B-B26B-9338B26FCF21}.Release|Any CPU.Build.0 = Release|Any CPU
		{DC69A8CE-040F-405B-B26B-9338B26FCF21}.Release|ARM.ActiveCfg = Release|Any CPU
		{DC69A8CE-040F-405B-B26B-9338B26FCF21}.Release|Mixed Platforms.ActiveCfg = Release|Any CPU
		{DC69A8CE-040F-405B-B26B-9338B26FCF21}.Release|Mixed Platforms.Build.0 = Release|Any CPU
		{DC69A8CE-040F-405B-B26B-9338B26FCF21}.Release|x86.ActiveCfg = Release|Any CPU
		{EA7A7A55-08EE-4537-8FBD-6FAF57C82C13}.Debug|Any CPU.ActiveCfg = Debug|Any CPU
		{EA7A7A55-08EE-4537-8FBD-6FAF57C82C13}.Debug|Any CPU.Build.0 = Debug|Any CPU
		{EA7A7A55-08EE-4537-8FBD-6FAF57C82C13}.Debug|ARM.ActiveCfg = Debug|Any CPU
		{EA7A7A55-08EE-4537-8FBD-6FAF57C82C13}.Debug|Mixed Platforms.ActiveCfg = Debug|Any CPU
		{EA7A7A55-08EE-4537-8FBD-6FAF57C82C13}.Debug|Mixed Platforms.Build.0 = Debug|Any CPU
		{EA7A7A55-08EE-4537-8FBD-6FAF57C82C13}.Debug|x86.ActiveCfg = Debug|Any CPU
		{EA7A7A55-08EE-4537-8FBD-6FAF57C82C13}.Release|Any CPU.ActiveCfg = Release|Any CPU
		{EA7A7A55-08EE-4537-8FBD-6FAF57C82C13}.Release|Any CPU.Build.0 = Release|Any CPU
		{EA7A7A55-08EE-4537-8FBD-6FAF57C82C13}.Release|ARM.ActiveCfg = Release|Any CPU
		{EA7A7A55-08EE-4537-8FBD-6FAF57C82C13}.Release|Mixed Platforms.ActiveCfg = Release|Any CPU
		{EA7A7A55-08EE-4537-8FBD-6FAF57C82C13}.Release|Mixed Platforms.Build.0 = Release|Any CPU
		{EA7A7A55-08EE-4537-8FBD-6FAF57C82C13}.Release|x86.ActiveCfg = Release|Any CPU
		{245ABF59-8751-46FB-A37E-E5EE253342AD}.Debug|Any CPU.ActiveCfg = Debug|Any CPU
		{245ABF59-8751-46FB-A37E-E5EE253342AD}.Debug|Any CPU.Build.0 = Debug|Any CPU
		{245ABF59-8751-46FB-A37E-E5EE253342AD}.Debug|ARM.ActiveCfg = Debug|Any CPU
		{245ABF59-8751-46FB-A37E-E5EE253342AD}.Debug|Mixed Platforms.ActiveCfg = Debug|Any CPU
		{245ABF59-8751-46FB-A37E-E5EE253342AD}.Debug|Mixed Platforms.Build.0 = Debug|Any CPU
		{245ABF59-8751-46FB-A37E-E5EE253342AD}.Debug|x86.ActiveCfg = Debug|Any CPU
		{245ABF59-8751-46FB-A37E-E5EE253342AD}.Release|Any CPU.ActiveCfg = Release|Any CPU
		{245ABF59-8751-46FB-A37E-E5EE253342AD}.Release|Any CPU.Build.0 = Release|Any CPU
		{245ABF59-8751-46FB-A37E-E5EE253342AD}.Release|ARM.ActiveCfg = Release|Any CPU
		{245ABF59-8751-46FB-A37E-E5EE253342AD}.Release|Mixed Platforms.ActiveCfg = Release|Any CPU
		{245ABF59-8751-46FB-A37E-E5EE253342AD}.Release|Mixed Platforms.Build.0 = Release|Any CPU
		{245ABF59-8751-46FB-A37E-E5EE253342AD}.Release|x86.ActiveCfg = Release|Any CPU
		{08AAAA06-E454-46D2-B13F-96AFB43B9D13}.Debug|Any CPU.ActiveCfg = Debug|Any CPU
		{08AAAA06-E454-46D2-B13F-96AFB43B9D13}.Debug|Any CPU.Build.0 = Debug|Any CPU
		{08AAAA06-E454-46D2-B13F-96AFB43B9D13}.Debug|ARM.ActiveCfg = Debug|Any CPU
		{08AAAA06-E454-46D2-B13F-96AFB43B9D13}.Debug|Mixed Platforms.ActiveCfg = Debug|Any CPU
		{08AAAA06-E454-46D2-B13F-96AFB43B9D13}.Debug|Mixed Platforms.Build.0 = Debug|Any CPU
		{08AAAA06-E454-46D2-B13F-96AFB43B9D13}.Debug|x86.ActiveCfg = Debug|Any CPU
		{08AAAA06-E454-46D2-B13F-96AFB43B9D13}.Release|Any CPU.ActiveCfg = Release|Any CPU
		{08AAAA06-E454-46D2-B13F-96AFB43B9D13}.Release|Any CPU.Build.0 = Release|Any CPU
		{08AAAA06-E454-46D2-B13F-96AFB43B9D13}.Release|ARM.ActiveCfg = Release|Any CPU
		{08AAAA06-E454-46D2-B13F-96AFB43B9D13}.Release|Mixed Platforms.ActiveCfg = Release|Any CPU
		{08AAAA06-E454-46D2-B13F-96AFB43B9D13}.Release|Mixed Platforms.Build.0 = Release|Any CPU
		{08AAAA06-E454-46D2-B13F-96AFB43B9D13}.Release|x86.ActiveCfg = Release|Any CPU
		{5DA25550-CBA7-4005-ACB8-1E4CF70B6E9B}.Debug|Any CPU.ActiveCfg = Debug|Any CPU
		{5DA25550-CBA7-4005-ACB8-1E4CF70B6E9B}.Debug|Any CPU.Build.0 = Debug|Any CPU
		{5DA25550-CBA7-4005-ACB8-1E4CF70B6E9B}.Debug|ARM.ActiveCfg = Debug|Any CPU
		{5DA25550-CBA7-4005-ACB8-1E4CF70B6E9B}.Debug|Mixed Platforms.ActiveCfg = Debug|Any CPU
		{5DA25550-CBA7-4005-ACB8-1E4CF70B6E9B}.Debug|Mixed Platforms.Build.0 = Debug|Any CPU
		{5DA25550-CBA7-4005-ACB8-1E4CF70B6E9B}.Debug|x86.ActiveCfg = Debug|Any CPU
		{5DA25550-CBA7-4005-ACB8-1E4CF70B6E9B}.Release|Any CPU.ActiveCfg = Release|Any CPU
		{5DA25550-CBA7-4005-ACB8-1E4CF70B6E9B}.Release|Any CPU.Build.0 = Release|Any CPU
		{5DA25550-CBA7-4005-ACB8-1E4CF70B6E9B}.Release|ARM.ActiveCfg = Release|Any CPU
		{5DA25550-CBA7-4005-ACB8-1E4CF70B6E9B}.Release|Mixed Platforms.ActiveCfg = Release|Any CPU
		{5DA25550-CBA7-4005-ACB8-1E4CF70B6E9B}.Release|Mixed Platforms.Build.0 = Release|Any CPU
		{5DA25550-CBA7-4005-ACB8-1E4CF70B6E9B}.Release|x86.ActiveCfg = Release|Any CPU
		{127105AF-C0F4-40F8-87C5-D6C391552936}.Debug|Any CPU.ActiveCfg = Debug|Any CPU
		{127105AF-C0F4-40F8-87C5-D6C391552936}.Debug|Any CPU.Build.0 = Debug|Any CPU
		{127105AF-C0F4-40F8-87C5-D6C391552936}.Debug|ARM.ActiveCfg = Debug|Any CPU
		{127105AF-C0F4-40F8-87C5-D6C391552936}.Debug|Mixed Platforms.ActiveCfg = Debug|Any CPU
		{127105AF-C0F4-40F8-87C5-D6C391552936}.Debug|Mixed Platforms.Build.0 = Debug|Any CPU
		{127105AF-C0F4-40F8-87C5-D6C391552936}.Debug|x86.ActiveCfg = Debug|Any CPU
		{127105AF-C0F4-40F8-87C5-D6C391552936}.Release|Any CPU.ActiveCfg = Release|Any CPU
		{127105AF-C0F4-40F8-87C5-D6C391552936}.Release|Any CPU.Build.0 = Release|Any CPU
		{127105AF-C0F4-40F8-87C5-D6C391552936}.Release|ARM.ActiveCfg = Release|Any CPU
		{127105AF-C0F4-40F8-87C5-D6C391552936}.Release|Mixed Platforms.ActiveCfg = Release|Any CPU
		{127105AF-C0F4-40F8-87C5-D6C391552936}.Release|Mixed Platforms.Build.0 = Release|Any CPU
		{127105AF-C0F4-40F8-87C5-D6C391552936}.Release|x86.ActiveCfg = Release|Any CPU
		{31498ABB-31AA-4FFA-BB32-98FCA11BB52A}.Debug|Any CPU.ActiveCfg = Debug|Any CPU
		{31498ABB-31AA-4FFA-BB32-98FCA11BB52A}.Debug|Any CPU.Build.0 = Debug|Any CPU
		{31498ABB-31AA-4FFA-BB32-98FCA11BB52A}.Debug|ARM.ActiveCfg = Debug|Any CPU
		{31498ABB-31AA-4FFA-BB32-98FCA11BB52A}.Debug|Mixed Platforms.ActiveCfg = Debug|Any CPU
		{31498ABB-31AA-4FFA-BB32-98FCA11BB52A}.Debug|Mixed Platforms.Build.0 = Debug|Any CPU
		{31498ABB-31AA-4FFA-BB32-98FCA11BB52A}.Debug|x86.ActiveCfg = Debug|Any CPU
		{31498ABB-31AA-4FFA-BB32-98FCA11BB52A}.Release|Any CPU.ActiveCfg = Release|Any CPU
		{31498ABB-31AA-4FFA-BB32-98FCA11BB52A}.Release|Any CPU.Build.0 = Release|Any CPU
		{31498ABB-31AA-4FFA-BB32-98FCA11BB52A}.Release|ARM.ActiveCfg = Release|Any CPU
		{31498ABB-31AA-4FFA-BB32-98FCA11BB52A}.Release|Mixed Platforms.ActiveCfg = Release|Any CPU
		{31498ABB-31AA-4FFA-BB32-98FCA11BB52A}.Release|Mixed Platforms.Build.0 = Release|Any CPU
		{31498ABB-31AA-4FFA-BB32-98FCA11BB52A}.Release|x86.ActiveCfg = Release|Any CPU
		{782E0F64-CDCE-41AA-9B7E-80714B1EE663}.Debug|Any CPU.ActiveCfg = Debug|Any CPU
		{782E0F64-CDCE-41AA-9B7E-80714B1EE663}.Debug|Any CPU.Build.0 = Debug|Any CPU
		{782E0F64-CDCE-41AA-9B7E-80714B1EE663}.Debug|ARM.ActiveCfg = Debug|Any CPU
		{782E0F64-CDCE-41AA-9B7E-80714B1EE663}.Debug|Mixed Platforms.ActiveCfg = Debug|Any CPU
		{782E0F64-CDCE-41AA-9B7E-80714B1EE663}.Debug|Mixed Platforms.Build.0 = Debug|Any CPU
		{782E0F64-CDCE-41AA-9B7E-80714B1EE663}.Debug|x86.ActiveCfg = Debug|Any CPU
		{782E0F64-CDCE-41AA-9B7E-80714B1EE663}.Release|Any CPU.ActiveCfg = Release|Any CPU
		{782E0F64-CDCE-41AA-9B7E-80714B1EE663}.Release|Any CPU.Build.0 = Release|Any CPU
		{782E0F64-CDCE-41AA-9B7E-80714B1EE663}.Release|ARM.ActiveCfg = Release|Any CPU
		{782E0F64-CDCE-41AA-9B7E-80714B1EE663}.Release|Mixed Platforms.ActiveCfg = Release|Any CPU
		{782E0F64-CDCE-41AA-9B7E-80714B1EE663}.Release|Mixed Platforms.Build.0 = Release|Any CPU
		{782E0F64-CDCE-41AA-9B7E-80714B1EE663}.Release|x86.ActiveCfg = Release|Any CPU
		{388EFA39-6BC0-4836-B095-4491E9A68798}.Debug|Any CPU.ActiveCfg = Debug|Any CPU
		{388EFA39-6BC0-4836-B095-4491E9A68798}.Debug|Any CPU.Build.0 = Debug|Any CPU
		{388EFA39-6BC0-4836-B095-4491E9A68798}.Debug|ARM.ActiveCfg = Debug|Any CPU
		{388EFA39-6BC0-4836-B095-4491E9A68798}.Debug|Mixed Platforms.ActiveCfg = Debug|Any CPU
		{388EFA39-6BC0-4836-B095-4491E9A68798}.Debug|Mixed Platforms.Build.0 = Debug|Any CPU
		{388EFA39-6BC0-4836-B095-4491E9A68798}.Debug|x86.ActiveCfg = Debug|Any CPU
		{388EFA39-6BC0-4836-B095-4491E9A68798}.Release|Any CPU.ActiveCfg = Release|Any CPU
		{388EFA39-6BC0-4836-B095-4491E9A68798}.Release|Any CPU.Build.0 = Release|Any CPU
		{388EFA39-6BC0-4836-B095-4491E9A68798}.Release|ARM.ActiveCfg = Release|Any CPU
		{388EFA39-6BC0-4836-B095-4491E9A68798}.Release|Mixed Platforms.ActiveCfg = Release|Any CPU
		{388EFA39-6BC0-4836-B095-4491E9A68798}.Release|Mixed Platforms.Build.0 = Release|Any CPU
		{388EFA39-6BC0-4836-B095-4491E9A68798}.Release|x86.ActiveCfg = Release|Any CPU
		{EDAC9709-C2CD-4673-AB04-D044F40DD681}.Debug|Any CPU.ActiveCfg = Debug|Any CPU
		{EDAC9709-C2CD-4673-AB04-D044F40DD681}.Debug|Any CPU.Build.0 = Debug|Any CPU
		{EDAC9709-C2CD-4673-AB04-D044F40DD681}.Debug|ARM.ActiveCfg = Debug|Any CPU
		{EDAC9709-C2CD-4673-AB04-D044F40DD681}.Debug|Mixed Platforms.ActiveCfg = Debug|Any CPU
		{EDAC9709-C2CD-4673-AB04-D044F40DD681}.Debug|Mixed Platforms.Build.0 = Debug|Any CPU
		{EDAC9709-C2CD-4673-AB04-D044F40DD681}.Debug|x86.ActiveCfg = Debug|Any CPU
		{EDAC9709-C2CD-4673-AB04-D044F40DD681}.Release|Any CPU.ActiveCfg = Release|Any CPU
		{EDAC9709-C2CD-4673-AB04-D044F40DD681}.Release|Any CPU.Build.0 = Release|Any CPU
		{EDAC9709-C2CD-4673-AB04-D044F40DD681}.Release|ARM.ActiveCfg = Release|Any CPU
		{EDAC9709-C2CD-4673-AB04-D044F40DD681}.Release|Mixed Platforms.ActiveCfg = Release|Any CPU
		{EDAC9709-C2CD-4673-AB04-D044F40DD681}.Release|Mixed Platforms.Build.0 = Release|Any CPU
		{EDAC9709-C2CD-4673-AB04-D044F40DD681}.Release|x86.ActiveCfg = Release|Any CPU
		{7BD74AA7-4AB8-4D85-AAB0-99A0F8236E7E}.Debug|Any CPU.ActiveCfg = Debug|Any CPU
		{7BD74AA7-4AB8-4D85-AAB0-99A0F8236E7E}.Debug|Any CPU.Build.0 = Debug|Any CPU
		{7BD74AA7-4AB8-4D85-AAB0-99A0F8236E7E}.Debug|ARM.ActiveCfg = Debug|Any CPU
		{7BD74AA7-4AB8-4D85-AAB0-99A0F8236E7E}.Debug|Mixed Platforms.ActiveCfg = Debug|Any CPU
		{7BD74AA7-4AB8-4D85-AAB0-99A0F8236E7E}.Debug|Mixed Platforms.Build.0 = Debug|Any CPU
		{7BD74AA7-4AB8-4D85-AAB0-99A0F8236E7E}.Debug|x86.ActiveCfg = Debug|Any CPU
		{7BD74AA7-4AB8-4D85-AAB0-99A0F8236E7E}.Release|Any CPU.ActiveCfg = Release|Any CPU
		{7BD74AA7-4AB8-4D85-AAB0-99A0F8236E7E}.Release|Any CPU.Build.0 = Release|Any CPU
		{7BD74AA7-4AB8-4D85-AAB0-99A0F8236E7E}.Release|ARM.ActiveCfg = Release|Any CPU
		{7BD74AA7-4AB8-4D85-AAB0-99A0F8236E7E}.Release|Mixed Platforms.ActiveCfg = Release|Any CPU
		{7BD74AA7-4AB8-4D85-AAB0-99A0F8236E7E}.Release|Mixed Platforms.Build.0 = Release|Any CPU
		{7BD74AA7-4AB8-4D85-AAB0-99A0F8236E7E}.Release|x86.ActiveCfg = Release|Any CPU
		{48C88177-760B-41AD-B0E1-68E164FAE747}.Debug|Any CPU.ActiveCfg = Debug|Any CPU
		{48C88177-760B-41AD-B0E1-68E164FAE747}.Debug|Any CPU.Build.0 = Debug|Any CPU
		{48C88177-760B-41AD-B0E1-68E164FAE747}.Debug|ARM.ActiveCfg = Debug|Any CPU
		{48C88177-760B-41AD-B0E1-68E164FAE747}.Debug|Mixed Platforms.ActiveCfg = Debug|Any CPU
		{48C88177-760B-41AD-B0E1-68E164FAE747}.Debug|Mixed Platforms.Build.0 = Debug|Any CPU
		{48C88177-760B-41AD-B0E1-68E164FAE747}.Debug|x86.ActiveCfg = Debug|Any CPU
		{48C88177-760B-41AD-B0E1-68E164FAE747}.Release|Any CPU.ActiveCfg = Release|Any CPU
		{48C88177-760B-41AD-B0E1-68E164FAE747}.Release|Any CPU.Build.0 = Release|Any CPU
		{48C88177-760B-41AD-B0E1-68E164FAE747}.Release|ARM.ActiveCfg = Release|Any CPU
		{48C88177-760B-41AD-B0E1-68E164FAE747}.Release|Mixed Platforms.ActiveCfg = Release|Any CPU
		{48C88177-760B-41AD-B0E1-68E164FAE747}.Release|Mixed Platforms.Build.0 = Release|Any CPU
		{48C88177-760B-41AD-B0E1-68E164FAE747}.Release|x86.ActiveCfg = Release|Any CPU
		{F07C9C6F-F516-4410-8C35-304FCF3ECAD0}.Debug|Any CPU.ActiveCfg = Debug|Any CPU
		{F07C9C6F-F516-4410-8C35-304FCF3ECAD0}.Debug|Any CPU.Build.0 = Debug|Any CPU
		{F07C9C6F-F516-4410-8C35-304FCF3ECAD0}.Debug|ARM.ActiveCfg = Debug|Any CPU
		{F07C9C6F-F516-4410-8C35-304FCF3ECAD0}.Debug|Mixed Platforms.ActiveCfg = Debug|Any CPU
		{F07C9C6F-F516-4410-8C35-304FCF3ECAD0}.Debug|Mixed Platforms.Build.0 = Debug|Any CPU
		{F07C9C6F-F516-4410-8C35-304FCF3ECAD0}.Debug|x86.ActiveCfg = Debug|Any CPU
		{F07C9C6F-F516-4410-8C35-304FCF3ECAD0}.Release|Any CPU.ActiveCfg = Release|Any CPU
		{F07C9C6F-F516-4410-8C35-304FCF3ECAD0}.Release|Any CPU.Build.0 = Release|Any CPU
		{F07C9C6F-F516-4410-8C35-304FCF3ECAD0}.Release|ARM.ActiveCfg = Release|Any CPU
		{F07C9C6F-F516-4410-8C35-304FCF3ECAD0}.Release|Mixed Platforms.ActiveCfg = Release|Any CPU
		{F07C9C6F-F516-4410-8C35-304FCF3ECAD0}.Release|Mixed Platforms.Build.0 = Release|Any CPU
		{F07C9C6F-F516-4410-8C35-304FCF3ECAD0}.Release|x86.ActiveCfg = Release|Any CPU
		{A1100DA3-93DD-49B5-BA91-CF868051CA16}.Debug|Any CPU.ActiveCfg = Debug|Any CPU
		{A1100DA3-93DD-49B5-BA91-CF868051CA16}.Debug|Any CPU.Build.0 = Debug|Any CPU
		{A1100DA3-93DD-49B5-BA91-CF868051CA16}.Debug|ARM.ActiveCfg = Debug|Any CPU
		{A1100DA3-93DD-49B5-BA91-CF868051CA16}.Debug|Mixed Platforms.ActiveCfg = Debug|Any CPU
		{A1100DA3-93DD-49B5-BA91-CF868051CA16}.Debug|Mixed Platforms.Build.0 = Debug|Any CPU
		{A1100DA3-93DD-49B5-BA91-CF868051CA16}.Debug|x86.ActiveCfg = Debug|Any CPU
		{A1100DA3-93DD-49B5-BA91-CF868051CA16}.Release|Any CPU.ActiveCfg = Release|Any CPU
		{A1100DA3-93DD-49B5-BA91-CF868051CA16}.Release|Any CPU.Build.0 = Release|Any CPU
		{A1100DA3-93DD-49B5-BA91-CF868051CA16}.Release|ARM.ActiveCfg = Release|Any CPU
		{A1100DA3-93DD-49B5-BA91-CF868051CA16}.Release|Mixed Platforms.ActiveCfg = Release|Any CPU
		{A1100DA3-93DD-49B5-BA91-CF868051CA16}.Release|Mixed Platforms.Build.0 = Release|Any CPU
		{A1100DA3-93DD-49B5-BA91-CF868051CA16}.Release|x86.ActiveCfg = Release|Any CPU
		{DC154E89-74E8-4ADC-95B5-0772CA254F71}.Debug|Any CPU.ActiveCfg = Debug|Any CPU
		{DC154E89-74E8-4ADC-95B5-0772CA254F71}.Debug|Any CPU.Build.0 = Debug|Any CPU
		{DC154E89-74E8-4ADC-95B5-0772CA254F71}.Debug|ARM.ActiveCfg = Debug|Any CPU
		{DC154E89-74E8-4ADC-95B5-0772CA254F71}.Debug|Mixed Platforms.ActiveCfg = Debug|Any CPU
		{DC154E89-74E8-4ADC-95B5-0772CA254F71}.Debug|Mixed Platforms.Build.0 = Debug|Any CPU
		{DC154E89-74E8-4ADC-95B5-0772CA254F71}.Debug|x86.ActiveCfg = Debug|Any CPU
		{DC154E89-74E8-4ADC-95B5-0772CA254F71}.Release|Any CPU.ActiveCfg = Release|Any CPU
		{DC154E89-74E8-4ADC-95B5-0772CA254F71}.Release|Any CPU.Build.0 = Release|Any CPU
		{DC154E89-74E8-4ADC-95B5-0772CA254F71}.Release|ARM.ActiveCfg = Release|Any CPU
		{DC154E89-74E8-4ADC-95B5-0772CA254F71}.Release|Mixed Platforms.ActiveCfg = Release|Any CPU
		{DC154E89-74E8-4ADC-95B5-0772CA254F71}.Release|Mixed Platforms.Build.0 = Release|Any CPU
		{DC154E89-74E8-4ADC-95B5-0772CA254F71}.Release|x86.ActiveCfg = Release|Any CPU
		{B6A8E771-F3D5-4C60-A9F4-E3D9F0071226}.Debug|Any CPU.ActiveCfg = Debug|Any CPU
		{B6A8E771-F3D5-4C60-A9F4-E3D9F0071226}.Debug|Any CPU.Build.0 = Debug|Any CPU
		{B6A8E771-F3D5-4C60-A9F4-E3D9F0071226}.Debug|ARM.ActiveCfg = Debug|Any CPU
		{B6A8E771-F3D5-4C60-A9F4-E3D9F0071226}.Debug|Mixed Platforms.ActiveCfg = Debug|Any CPU
		{B6A8E771-F3D5-4C60-A9F4-E3D9F0071226}.Debug|Mixed Platforms.Build.0 = Debug|Any CPU
		{B6A8E771-F3D5-4C60-A9F4-E3D9F0071226}.Debug|x86.ActiveCfg = Debug|Any CPU
		{B6A8E771-F3D5-4C60-A9F4-E3D9F0071226}.Release|Any CPU.ActiveCfg = Release|Any CPU
		{B6A8E771-F3D5-4C60-A9F4-E3D9F0071226}.Release|Any CPU.Build.0 = Release|Any CPU
		{B6A8E771-F3D5-4C60-A9F4-E3D9F0071226}.Release|ARM.ActiveCfg = Release|Any CPU
		{B6A8E771-F3D5-4C60-A9F4-E3D9F0071226}.Release|Mixed Platforms.ActiveCfg = Release|Any CPU
		{B6A8E771-F3D5-4C60-A9F4-E3D9F0071226}.Release|Mixed Platforms.Build.0 = Release|Any CPU
		{B6A8E771-F3D5-4C60-A9F4-E3D9F0071226}.Release|x86.ActiveCfg = Release|Any CPU
		{2D343C72-381B-4B90-8AD2-13B8B4D01CB9}.Debug|Any CPU.ActiveCfg = Debug|Any CPU
		{2D343C72-381B-4B90-8AD2-13B8B4D01CB9}.Debug|Any CPU.Build.0 = Debug|Any CPU
		{2D343C72-381B-4B90-8AD2-13B8B4D01CB9}.Debug|ARM.ActiveCfg = Debug|Any CPU
		{2D343C72-381B-4B90-8AD2-13B8B4D01CB9}.Debug|Mixed Platforms.ActiveCfg = Debug|Any CPU
		{2D343C72-381B-4B90-8AD2-13B8B4D01CB9}.Debug|Mixed Platforms.Build.0 = Debug|Any CPU
		{2D343C72-381B-4B90-8AD2-13B8B4D01CB9}.Debug|x86.ActiveCfg = Debug|Any CPU
		{2D343C72-381B-4B90-8AD2-13B8B4D01CB9}.Release|Any CPU.ActiveCfg = Release|Any CPU
		{2D343C72-381B-4B90-8AD2-13B8B4D01CB9}.Release|Any CPU.Build.0 = Release|Any CPU
		{2D343C72-381B-4B90-8AD2-13B8B4D01CB9}.Release|ARM.ActiveCfg = Release|Any CPU
		{2D343C72-381B-4B90-8AD2-13B8B4D01CB9}.Release|Mixed Platforms.ActiveCfg = Release|Any CPU
		{2D343C72-381B-4B90-8AD2-13B8B4D01CB9}.Release|Mixed Platforms.Build.0 = Release|Any CPU
		{2D343C72-381B-4B90-8AD2-13B8B4D01CB9}.Release|x86.ActiveCfg = Release|Any CPU
		{14993E97-3C4D-4AF4-AD28-4A518BA301F7}.Debug|Any CPU.ActiveCfg = Debug|Any CPU
		{14993E97-3C4D-4AF4-AD28-4A518BA301F7}.Debug|Any CPU.Build.0 = Debug|Any CPU
		{14993E97-3C4D-4AF4-AD28-4A518BA301F7}.Debug|ARM.ActiveCfg = Debug|Any CPU
		{14993E97-3C4D-4AF4-AD28-4A518BA301F7}.Debug|Mixed Platforms.ActiveCfg = Debug|Any CPU
		{14993E97-3C4D-4AF4-AD28-4A518BA301F7}.Debug|Mixed Platforms.Build.0 = Debug|Any CPU
		{14993E97-3C4D-4AF4-AD28-4A518BA301F7}.Debug|x86.ActiveCfg = Debug|Any CPU
		{14993E97-3C4D-4AF4-AD28-4A518BA301F7}.Release|Any CPU.ActiveCfg = Release|Any CPU
		{14993E97-3C4D-4AF4-AD28-4A518BA301F7}.Release|Any CPU.Build.0 = Release|Any CPU
		{14993E97-3C4D-4AF4-AD28-4A518BA301F7}.Release|ARM.ActiveCfg = Release|Any CPU
		{14993E97-3C4D-4AF4-AD28-4A518BA301F7}.Release|Mixed Platforms.ActiveCfg = Release|Any CPU
		{14993E97-3C4D-4AF4-AD28-4A518BA301F7}.Release|Mixed Platforms.Build.0 = Release|Any CPU
		{14993E97-3C4D-4AF4-AD28-4A518BA301F7}.Release|x86.ActiveCfg = Release|Any CPU
		{56ABE7A4-AEBC-41B5-B156-CA81EC481B1F}.Debug|Any CPU.ActiveCfg = Debug|Any CPU
		{56ABE7A4-AEBC-41B5-B156-CA81EC481B1F}.Debug|Any CPU.Build.0 = Debug|Any CPU
		{56ABE7A4-AEBC-41B5-B156-CA81EC481B1F}.Debug|ARM.ActiveCfg = Debug|Any CPU
		{56ABE7A4-AEBC-41B5-B156-CA81EC481B1F}.Debug|Mixed Platforms.ActiveCfg = Debug|Any CPU
		{56ABE7A4-AEBC-41B5-B156-CA81EC481B1F}.Debug|Mixed Platforms.Build.0 = Debug|Any CPU
		{56ABE7A4-AEBC-41B5-B156-CA81EC481B1F}.Debug|x86.ActiveCfg = Debug|Any CPU
		{56ABE7A4-AEBC-41B5-B156-CA81EC481B1F}.Release|Any CPU.ActiveCfg = Release|Any CPU
		{56ABE7A4-AEBC-41B5-B156-CA81EC481B1F}.Release|Any CPU.Build.0 = Release|Any CPU
		{56ABE7A4-AEBC-41B5-B156-CA81EC481B1F}.Release|ARM.ActiveCfg = Release|Any CPU
		{56ABE7A4-AEBC-41B5-B156-CA81EC481B1F}.Release|Mixed Platforms.ActiveCfg = Release|Any CPU
		{56ABE7A4-AEBC-41B5-B156-CA81EC481B1F}.Release|Mixed Platforms.Build.0 = Release|Any CPU
		{56ABE7A4-AEBC-41B5-B156-CA81EC481B1F}.Release|x86.ActiveCfg = Release|Any CPU
		{7C67AC53-E3BC-4482-8DFB-4CBAA644D280}.Debug|Any CPU.ActiveCfg = Debug|Any CPU
		{7C67AC53-E3BC-4482-8DFB-4CBAA644D280}.Debug|Any CPU.Build.0 = Debug|Any CPU
		{7C67AC53-E3BC-4482-8DFB-4CBAA644D280}.Debug|ARM.ActiveCfg = Debug|Any CPU
		{7C67AC53-E3BC-4482-8DFB-4CBAA644D280}.Debug|Mixed Platforms.ActiveCfg = Debug|Any CPU
		{7C67AC53-E3BC-4482-8DFB-4CBAA644D280}.Debug|Mixed Platforms.Build.0 = Debug|Any CPU
		{7C67AC53-E3BC-4482-8DFB-4CBAA644D280}.Debug|x86.ActiveCfg = Debug|Any CPU
		{7C67AC53-E3BC-4482-8DFB-4CBAA644D280}.Release|Any CPU.ActiveCfg = Release|Any CPU
		{7C67AC53-E3BC-4482-8DFB-4CBAA644D280}.Release|Any CPU.Build.0 = Release|Any CPU
		{7C67AC53-E3BC-4482-8DFB-4CBAA644D280}.Release|ARM.ActiveCfg = Release|Any CPU
		{7C67AC53-E3BC-4482-8DFB-4CBAA644D280}.Release|Mixed Platforms.ActiveCfg = Release|Any CPU
		{7C67AC53-E3BC-4482-8DFB-4CBAA644D280}.Release|Mixed Platforms.Build.0 = Release|Any CPU
		{7C67AC53-E3BC-4482-8DFB-4CBAA644D280}.Release|x86.ActiveCfg = Release|Any CPU
		{B467CD19-5D56-46FF-B3CA-10FE778F36E9}.Debug|Any CPU.ActiveCfg = Debug|Any CPU
		{B467CD19-5D56-46FF-B3CA-10FE778F36E9}.Debug|Any CPU.Build.0 = Debug|Any CPU
		{B467CD19-5D56-46FF-B3CA-10FE778F36E9}.Debug|ARM.ActiveCfg = Debug|Any CPU
		{B467CD19-5D56-46FF-B3CA-10FE778F36E9}.Debug|Mixed Platforms.ActiveCfg = Debug|Any CPU
		{B467CD19-5D56-46FF-B3CA-10FE778F36E9}.Debug|Mixed Platforms.Build.0 = Debug|Any CPU
		{B467CD19-5D56-46FF-B3CA-10FE778F36E9}.Debug|x86.ActiveCfg = Debug|Any CPU
		{B467CD19-5D56-46FF-B3CA-10FE778F36E9}.Release|Any CPU.ActiveCfg = Release|Any CPU
		{B467CD19-5D56-46FF-B3CA-10FE778F36E9}.Release|Any CPU.Build.0 = Release|Any CPU
		{B467CD19-5D56-46FF-B3CA-10FE778F36E9}.Release|ARM.ActiveCfg = Release|Any CPU
		{B467CD19-5D56-46FF-B3CA-10FE778F36E9}.Release|Mixed Platforms.ActiveCfg = Release|Any CPU
		{B467CD19-5D56-46FF-B3CA-10FE778F36E9}.Release|Mixed Platforms.Build.0 = Release|Any CPU
		{B467CD19-5D56-46FF-B3CA-10FE778F36E9}.Release|x86.ActiveCfg = Release|Any CPU
		{5BB0F96D-2B5F-409C-9782-434B12E06600}.Debug|Any CPU.ActiveCfg = Debug|Any CPU
		{5BB0F96D-2B5F-409C-9782-434B12E06600}.Debug|Any CPU.Build.0 = Debug|Any CPU
		{5BB0F96D-2B5F-409C-9782-434B12E06600}.Debug|ARM.ActiveCfg = Debug|Any CPU
		{5BB0F96D-2B5F-409C-9782-434B12E06600}.Debug|Mixed Platforms.ActiveCfg = Debug|Any CPU
		{5BB0F96D-2B5F-409C-9782-434B12E06600}.Debug|Mixed Platforms.Build.0 = Debug|Any CPU
		{5BB0F96D-2B5F-409C-9782-434B12E06600}.Debug|x86.ActiveCfg = Debug|Any CPU
		{5BB0F96D-2B5F-409C-9782-434B12E06600}.Release|Any CPU.ActiveCfg = Release|Any CPU
		{5BB0F96D-2B5F-409C-9782-434B12E06600}.Release|Any CPU.Build.0 = Release|Any CPU
		{5BB0F96D-2B5F-409C-9782-434B12E06600}.Release|ARM.ActiveCfg = Release|Any CPU
		{5BB0F96D-2B5F-409C-9782-434B12E06600}.Release|Mixed Platforms.ActiveCfg = Release|Any CPU
		{5BB0F96D-2B5F-409C-9782-434B12E06600}.Release|Mixed Platforms.Build.0 = Release|Any CPU
		{5BB0F96D-2B5F-409C-9782-434B12E06600}.Release|x86.ActiveCfg = Release|Any CPU
		{468ADEDE-6F5E-40C0-99C9-C6DAC4FAC934}.Debug|Any CPU.ActiveCfg = Debug|Any CPU
		{468ADEDE-6F5E-40C0-99C9-C6DAC4FAC934}.Debug|Any CPU.Build.0 = Debug|Any CPU
		{468ADEDE-6F5E-40C0-99C9-C6DAC4FAC934}.Debug|ARM.ActiveCfg = Debug|Any CPU
		{468ADEDE-6F5E-40C0-99C9-C6DAC4FAC934}.Debug|Mixed Platforms.ActiveCfg = Debug|Any CPU
		{468ADEDE-6F5E-40C0-99C9-C6DAC4FAC934}.Debug|Mixed Platforms.Build.0 = Debug|Any CPU
		{468ADEDE-6F5E-40C0-99C9-C6DAC4FAC934}.Debug|x86.ActiveCfg = Debug|Any CPU
		{468ADEDE-6F5E-40C0-99C9-C6DAC4FAC934}.Release|Any CPU.ActiveCfg = Release|Any CPU
		{468ADEDE-6F5E-40C0-99C9-C6DAC4FAC934}.Release|Any CPU.Build.0 = Release|Any CPU
		{468ADEDE-6F5E-40C0-99C9-C6DAC4FAC934}.Release|ARM.ActiveCfg = Release|Any CPU
		{468ADEDE-6F5E-40C0-99C9-C6DAC4FAC934}.Release|Mixed Platforms.ActiveCfg = Release|Any CPU
		{468ADEDE-6F5E-40C0-99C9-C6DAC4FAC934}.Release|Mixed Platforms.Build.0 = Release|Any CPU
		{468ADEDE-6F5E-40C0-99C9-C6DAC4FAC934}.Release|x86.ActiveCfg = Release|Any CPU
		{17ADC51A-2B00-4BE5-B5AB-7C6F0CE88B43}.Debug|Any CPU.ActiveCfg = Debug|Any CPU
		{17ADC51A-2B00-4BE5-B5AB-7C6F0CE88B43}.Debug|Any CPU.Build.0 = Debug|Any CPU
		{17ADC51A-2B00-4BE5-B5AB-7C6F0CE88B43}.Debug|ARM.ActiveCfg = Debug|Any CPU
		{17ADC51A-2B00-4BE5-B5AB-7C6F0CE88B43}.Debug|Mixed Platforms.ActiveCfg = Debug|Any CPU
		{17ADC51A-2B00-4BE5-B5AB-7C6F0CE88B43}.Debug|Mixed Platforms.Build.0 = Debug|Any CPU
		{17ADC51A-2B00-4BE5-B5AB-7C6F0CE88B43}.Debug|x86.ActiveCfg = Debug|Any CPU
		{17ADC51A-2B00-4BE5-B5AB-7C6F0CE88B43}.Release|Any CPU.ActiveCfg = Release|Any CPU
		{17ADC51A-2B00-4BE5-B5AB-7C6F0CE88B43}.Release|Any CPU.Build.0 = Release|Any CPU
		{17ADC51A-2B00-4BE5-B5AB-7C6F0CE88B43}.Release|ARM.ActiveCfg = Release|Any CPU
		{17ADC51A-2B00-4BE5-B5AB-7C6F0CE88B43}.Release|Mixed Platforms.ActiveCfg = Release|Any CPU
		{17ADC51A-2B00-4BE5-B5AB-7C6F0CE88B43}.Release|Mixed Platforms.Build.0 = Release|Any CPU
		{17ADC51A-2B00-4BE5-B5AB-7C6F0CE88B43}.Release|x86.ActiveCfg = Release|Any CPU
		{280683A7-E949-4E5F-87A3-D445C68A270F}.Debug|Any CPU.ActiveCfg = Debug|Any CPU
		{280683A7-E949-4E5F-87A3-D445C68A270F}.Debug|Any CPU.Build.0 = Debug|Any CPU
		{280683A7-E949-4E5F-87A3-D445C68A270F}.Debug|ARM.ActiveCfg = Debug|ARM
		{280683A7-E949-4E5F-87A3-D445C68A270F}.Debug|ARM.Build.0 = Debug|ARM
		{280683A7-E949-4E5F-87A3-D445C68A270F}.Debug|Mixed Platforms.ActiveCfg = Debug|x86
		{280683A7-E949-4E5F-87A3-D445C68A270F}.Debug|Mixed Platforms.Build.0 = Debug|x86
		{280683A7-E949-4E5F-87A3-D445C68A270F}.Debug|x86.ActiveCfg = Debug|x86
		{280683A7-E949-4E5F-87A3-D445C68A270F}.Debug|x86.Build.0 = Debug|x86
		{280683A7-E949-4E5F-87A3-D445C68A270F}.Release|Any CPU.ActiveCfg = Release|Any CPU
		{280683A7-E949-4E5F-87A3-D445C68A270F}.Release|Any CPU.Build.0 = Release|Any CPU
		{280683A7-E949-4E5F-87A3-D445C68A270F}.Release|ARM.ActiveCfg = Release|ARM
		{280683A7-E949-4E5F-87A3-D445C68A270F}.Release|ARM.Build.0 = Release|ARM
		{280683A7-E949-4E5F-87A3-D445C68A270F}.Release|Mixed Platforms.ActiveCfg = Release|x86
		{280683A7-E949-4E5F-87A3-D445C68A270F}.Release|Mixed Platforms.Build.0 = Release|x86
		{280683A7-E949-4E5F-87A3-D445C68A270F}.Release|x86.ActiveCfg = Release|x86
		{280683A7-E949-4E5F-87A3-D445C68A270F}.Release|x86.Build.0 = Release|x86
		{53E8E52B-DC17-4545-9B93-EA74534B1014}.Debug|Any CPU.ActiveCfg = Debug|Any CPU
		{53E8E52B-DC17-4545-9B93-EA74534B1014}.Debug|Any CPU.Build.0 = Debug|Any CPU
		{53E8E52B-DC17-4545-9B93-EA74534B1014}.Debug|ARM.ActiveCfg = Debug|ARM
		{53E8E52B-DC17-4545-9B93-EA74534B1014}.Debug|ARM.Build.0 = Debug|ARM
		{53E8E52B-DC17-4545-9B93-EA74534B1014}.Debug|Mixed Platforms.ActiveCfg = Debug|x86
		{53E8E52B-DC17-4545-9B93-EA74534B1014}.Debug|Mixed Platforms.Build.0 = Debug|x86
		{53E8E52B-DC17-4545-9B93-EA74534B1014}.Debug|x86.ActiveCfg = Debug|x86
		{53E8E52B-DC17-4545-9B93-EA74534B1014}.Debug|x86.Build.0 = Debug|x86
		{53E8E52B-DC17-4545-9B93-EA74534B1014}.Release|Any CPU.ActiveCfg = Release|Any CPU
		{53E8E52B-DC17-4545-9B93-EA74534B1014}.Release|Any CPU.Build.0 = Release|Any CPU
		{53E8E52B-DC17-4545-9B93-EA74534B1014}.Release|ARM.ActiveCfg = Release|ARM
		{53E8E52B-DC17-4545-9B93-EA74534B1014}.Release|ARM.Build.0 = Release|ARM
		{53E8E52B-DC17-4545-9B93-EA74534B1014}.Release|Mixed Platforms.ActiveCfg = Release|x86
		{53E8E52B-DC17-4545-9B93-EA74534B1014}.Release|Mixed Platforms.Build.0 = Release|x86
		{53E8E52B-DC17-4545-9B93-EA74534B1014}.Release|x86.ActiveCfg = Release|x86
		{53E8E52B-DC17-4545-9B93-EA74534B1014}.Release|x86.Build.0 = Release|x86
		{FE312796-4F57-4B4B-87BE-2583B98363A2}.Debug|Any CPU.ActiveCfg = Debug|Any CPU
		{FE312796-4F57-4B4B-87BE-2583B98363A2}.Debug|Any CPU.Build.0 = Debug|Any CPU
		{FE312796-4F57-4B4B-87BE-2583B98363A2}.Debug|ARM.ActiveCfg = Debug|ARM
		{FE312796-4F57-4B4B-87BE-2583B98363A2}.Debug|ARM.Build.0 = Debug|ARM
		{FE312796-4F57-4B4B-87BE-2583B98363A2}.Debug|Mixed Platforms.ActiveCfg = Debug|x86
		{FE312796-4F57-4B4B-87BE-2583B98363A2}.Debug|Mixed Platforms.Build.0 = Debug|x86
		{FE312796-4F57-4B4B-87BE-2583B98363A2}.Debug|x86.ActiveCfg = Debug|x86
		{FE312796-4F57-4B4B-87BE-2583B98363A2}.Debug|x86.Build.0 = Debug|x86
		{FE312796-4F57-4B4B-87BE-2583B98363A2}.Release|Any CPU.ActiveCfg = Release|Any CPU
		{FE312796-4F57-4B4B-87BE-2583B98363A2}.Release|Any CPU.Build.0 = Release|Any CPU
		{FE312796-4F57-4B4B-87BE-2583B98363A2}.Release|ARM.ActiveCfg = Release|ARM
		{FE312796-4F57-4B4B-87BE-2583B98363A2}.Release|ARM.Build.0 = Release|ARM
		{FE312796-4F57-4B4B-87BE-2583B98363A2}.Release|Mixed Platforms.ActiveCfg = Release|x86
		{FE312796-4F57-4B4B-87BE-2583B98363A2}.Release|Mixed Platforms.Build.0 = Release|x86
		{FE312796-4F57-4B4B-87BE-2583B98363A2}.Release|x86.ActiveCfg = Release|x86
		{FE312796-4F57-4B4B-87BE-2583B98363A2}.Release|x86.Build.0 = Release|x86
		{F804B57F-6A6D-4A4E-99F7-D99AE4512CCA}.Debug|Any CPU.ActiveCfg = Debug|Any CPU
		{F804B57F-6A6D-4A4E-99F7-D99AE4512CCA}.Debug|Any CPU.Build.0 = Debug|Any CPU
		{F804B57F-6A6D-4A4E-99F7-D99AE4512CCA}.Debug|ARM.ActiveCfg = Debug|ARM
		{F804B57F-6A6D-4A4E-99F7-D99AE4512CCA}.Debug|ARM.Build.0 = Debug|ARM
		{F804B57F-6A6D-4A4E-99F7-D99AE4512CCA}.Debug|Mixed Platforms.ActiveCfg = Debug|x86
		{F804B57F-6A6D-4A4E-99F7-D99AE4512CCA}.Debug|Mixed Platforms.Build.0 = Debug|x86
		{F804B57F-6A6D-4A4E-99F7-D99AE4512CCA}.Debug|x86.ActiveCfg = Debug|x86
		{F804B57F-6A6D-4A4E-99F7-D99AE4512CCA}.Debug|x86.Build.0 = Debug|x86
		{F804B57F-6A6D-4A4E-99F7-D99AE4512CCA}.Release|Any CPU.ActiveCfg = Release|Any CPU
		{F804B57F-6A6D-4A4E-99F7-D99AE4512CCA}.Release|Any CPU.Build.0 = Release|Any CPU
		{F804B57F-6A6D-4A4E-99F7-D99AE4512CCA}.Release|ARM.ActiveCfg = Release|ARM
		{F804B57F-6A6D-4A4E-99F7-D99AE4512CCA}.Release|ARM.Build.0 = Release|ARM
		{F804B57F-6A6D-4A4E-99F7-D99AE4512CCA}.Release|Mixed Platforms.ActiveCfg = Release|x86
		{F804B57F-6A6D-4A4E-99F7-D99AE4512CCA}.Release|Mixed Platforms.Build.0 = Release|x86
		{F804B57F-6A6D-4A4E-99F7-D99AE4512CCA}.Release|x86.ActiveCfg = Release|x86
		{F804B57F-6A6D-4A4E-99F7-D99AE4512CCA}.Release|x86.Build.0 = Release|x86
		{03C3AFFE-7CD1-4072-B014-925A3E295B6E}.Debug|Any CPU.ActiveCfg = Debug|Any CPU
		{03C3AFFE-7CD1-4072-B014-925A3E295B6E}.Debug|Any CPU.Build.0 = Debug|Any CPU
		{03C3AFFE-7CD1-4072-B014-925A3E295B6E}.Debug|ARM.ActiveCfg = Debug|ARM
		{03C3AFFE-7CD1-4072-B014-925A3E295B6E}.Debug|ARM.Build.0 = Debug|ARM
		{03C3AFFE-7CD1-4072-B014-925A3E295B6E}.Debug|Mixed Platforms.ActiveCfg = Debug|x86
		{03C3AFFE-7CD1-4072-B014-925A3E295B6E}.Debug|Mixed Platforms.Build.0 = Debug|x86
		{03C3AFFE-7CD1-4072-B014-925A3E295B6E}.Debug|x86.ActiveCfg = Debug|x86
		{03C3AFFE-7CD1-4072-B014-925A3E295B6E}.Debug|x86.Build.0 = Debug|x86
		{03C3AFFE-7CD1-4072-B014-925A3E295B6E}.Release|Any CPU.ActiveCfg = Release|Any CPU
		{03C3AFFE-7CD1-4072-B014-925A3E295B6E}.Release|Any CPU.Build.0 = Release|Any CPU
		{03C3AFFE-7CD1-4072-B014-925A3E295B6E}.Release|ARM.ActiveCfg = Release|ARM
		{03C3AFFE-7CD1-4072-B014-925A3E295B6E}.Release|ARM.Build.0 = Release|ARM
		{03C3AFFE-7CD1-4072-B014-925A3E295B6E}.Release|Mixed Platforms.ActiveCfg = Release|x86
		{03C3AFFE-7CD1-4072-B014-925A3E295B6E}.Release|Mixed Platforms.Build.0 = Release|x86
		{03C3AFFE-7CD1-4072-B014-925A3E295B6E}.Release|x86.ActiveCfg = Release|x86
		{03C3AFFE-7CD1-4072-B014-925A3E295B6E}.Release|x86.Build.0 = Release|x86
		{D82EF1F1-AB3D-41B0-8B67-76461B592492}.Debug|Any CPU.ActiveCfg = Debug|Any CPU
		{D82EF1F1-AB3D-41B0-8B67-76461B592492}.Debug|Any CPU.Build.0 = Debug|Any CPU
		{D82EF1F1-AB3D-41B0-8B67-76461B592492}.Debug|ARM.ActiveCfg = Debug|ARM
		{D82EF1F1-AB3D-41B0-8B67-76461B592492}.Debug|ARM.Build.0 = Debug|ARM
		{D82EF1F1-AB3D-41B0-8B67-76461B592492}.Debug|Mixed Platforms.ActiveCfg = Debug|x86
		{D82EF1F1-AB3D-41B0-8B67-76461B592492}.Debug|Mixed Platforms.Build.0 = Debug|x86
		{D82EF1F1-AB3D-41B0-8B67-76461B592492}.Debug|x86.ActiveCfg = Debug|x86
		{D82EF1F1-AB3D-41B0-8B67-76461B592492}.Debug|x86.Build.0 = Debug|x86
		{D82EF1F1-AB3D-41B0-8B67-76461B592492}.Release|Any CPU.ActiveCfg = Release|Any CPU
		{D82EF1F1-AB3D-41B0-8B67-76461B592492}.Release|Any CPU.Build.0 = Release|Any CPU
		{D82EF1F1-AB3D-41B0-8B67-76461B592492}.Release|ARM.ActiveCfg = Release|ARM
		{D82EF1F1-AB3D-41B0-8B67-76461B592492}.Release|ARM.Build.0 = Release|ARM
		{D82EF1F1-AB3D-41B0-8B67-76461B592492}.Release|Mixed Platforms.ActiveCfg = Release|x86
		{D82EF1F1-AB3D-41B0-8B67-76461B592492}.Release|Mixed Platforms.Build.0 = Release|x86
		{D82EF1F1-AB3D-41B0-8B67-76461B592492}.Release|x86.ActiveCfg = Release|x86
		{D82EF1F1-AB3D-41B0-8B67-76461B592492}.Release|x86.Build.0 = Release|x86
		{692622CB-E02A-40E3-AF57-91B2793C9975}.Debug|Any CPU.ActiveCfg = Debug|Any CPU
		{692622CB-E02A-40E3-AF57-91B2793C9975}.Debug|Any CPU.Build.0 = Debug|Any CPU
		{692622CB-E02A-40E3-AF57-91B2793C9975}.Debug|ARM.ActiveCfg = Debug|Any CPU
		{692622CB-E02A-40E3-AF57-91B2793C9975}.Debug|Mixed Platforms.ActiveCfg = Debug|Any CPU
		{692622CB-E02A-40E3-AF57-91B2793C9975}.Debug|Mixed Platforms.Build.0 = Debug|Any CPU
		{692622CB-E02A-40E3-AF57-91B2793C9975}.Debug|x86.ActiveCfg = Debug|Any CPU
		{692622CB-E02A-40E3-AF57-91B2793C9975}.Release|Any CPU.ActiveCfg = Release|Any CPU
		{692622CB-E02A-40E3-AF57-91B2793C9975}.Release|Any CPU.Build.0 = Release|Any CPU
		{692622CB-E02A-40E3-AF57-91B2793C9975}.Release|ARM.ActiveCfg = Release|Any CPU
		{692622CB-E02A-40E3-AF57-91B2793C9975}.Release|Mixed Platforms.ActiveCfg = Release|Any CPU
		{692622CB-E02A-40E3-AF57-91B2793C9975}.Release|Mixed Platforms.Build.0 = Release|Any CPU
		{692622CB-E02A-40E3-AF57-91B2793C9975}.Release|x86.ActiveCfg = Release|Any CPU
		{C44EABE3-1BE9-4689-A5F5-0F36FD8059DE}.Debug|Any CPU.ActiveCfg = Debug|Any CPU
		{C44EABE3-1BE9-4689-A5F5-0F36FD8059DE}.Debug|Any CPU.Build.0 = Debug|Any CPU
		{C44EABE3-1BE9-4689-A5F5-0F36FD8059DE}.Debug|ARM.ActiveCfg = Debug|Any CPU
		{C44EABE3-1BE9-4689-A5F5-0F36FD8059DE}.Debug|Mixed Platforms.ActiveCfg = Debug|Any CPU
		{C44EABE3-1BE9-4689-A5F5-0F36FD8059DE}.Debug|Mixed Platforms.Build.0 = Debug|Any CPU
		{C44EABE3-1BE9-4689-A5F5-0F36FD8059DE}.Debug|x86.ActiveCfg = Debug|Any CPU
		{C44EABE3-1BE9-4689-A5F5-0F36FD8059DE}.Release|Any CPU.ActiveCfg = Release|Any CPU
		{C44EABE3-1BE9-4689-A5F5-0F36FD8059DE}.Release|Any CPU.Build.0 = Release|Any CPU
		{C44EABE3-1BE9-4689-A5F5-0F36FD8059DE}.Release|ARM.ActiveCfg = Release|Any CPU
		{C44EABE3-1BE9-4689-A5F5-0F36FD8059DE}.Release|Mixed Platforms.ActiveCfg = Release|Any CPU
		{C44EABE3-1BE9-4689-A5F5-0F36FD8059DE}.Release|Mixed Platforms.Build.0 = Release|Any CPU
		{C44EABE3-1BE9-4689-A5F5-0F36FD8059DE}.Release|x86.ActiveCfg = Release|Any CPU
	EndGlobalSection
	GlobalSection(SolutionProperties) = preSolution
		HideSolutionNode = FALSE
	EndGlobalSection
	GlobalSection(NestedProjects) = preSolution
		{FBDD15EE-2A2C-4180-9286-123757F78949} = {985815AF-CE93-4D42-B5A1-2CFD2C861222}
		{CB37E211-5126-4625-9817-AD0946C5F23F} = {985815AF-CE93-4D42-B5A1-2CFD2C861222}
		{AB8CB11F-F724-4E42-BEED-74A778A61FC9} = {985815AF-CE93-4D42-B5A1-2CFD2C861222}
		{B7B8DC32-93ED-44CC-A0F5-8A3D99A4EA08} = {985815AF-CE93-4D42-B5A1-2CFD2C861222}
		{159C8690-CD53-49FE-9B9E-67960BA0DA67} = {985815AF-CE93-4D42-B5A1-2CFD2C861222}
		{29574CA4-9687-42BB-AAE0-31C3BD52A803} = {985815AF-CE93-4D42-B5A1-2CFD2C861222}
		{2214B910-0DEA-4202-A9BA-280ACBCF839B} = {985815AF-CE93-4D42-B5A1-2CFD2C861222}
		{7DC832CC-2D97-4DBC-B963-3F77C1F20730} = {CB37E211-5126-4625-9817-AD0946C5F23F}
		{8E75887A-A164-41B8-86D5-8DC37768B5A3} = {FBDD15EE-2A2C-4180-9286-123757F78949}
		{3F3D3C8C-9724-4531-A04D-B92049F64686} = {FBDD15EE-2A2C-4180-9286-123757F78949}
		{52F76969-E7CD-414F-8E98-4FF90EE48B05} = {2214B910-0DEA-4202-A9BA-280ACBCF839B}
		{D7D67F52-7B9B-4DE5-9B72-534664F296B7} = {FBDD15EE-2A2C-4180-9286-123757F78949}
		{DD195CFE-B418-4C76-8F51-EEE8E28FAA41} = {AB8CB11F-F724-4E42-BEED-74A778A61FC9}
		{D2C64A3F-BD21-427C-A68A-69223088967C} = {B7B8DC32-93ED-44CC-A0F5-8A3D99A4EA08}
		{BF52BDBA-830F-4CD4-AA9C-F653B6448184} = {5AC692F1-6E35-442B-BB40-E4D05CB90AB9}
		{A5E8BFFB-DA12-4EE4-9CA4-667412D98614} = {5AC692F1-6E35-442B-BB40-E4D05CB90AB9}
		{5C611A60-153B-4781-801D-6F9C1653AE32} = {159C8690-CD53-49FE-9B9E-67960BA0DA67}
		{4CE71FC4-B8D9-4305-AE15-2F0501CA58B3} = {159C8690-CD53-49FE-9B9E-67960BA0DA67}
		{A14AC96C-D998-4C35-B1C0-415535D1378B} = {159C8690-CD53-49FE-9B9E-67960BA0DA67}
		{38818955-5894-441C-9B80-69C38BEC9A76} = {159C8690-CD53-49FE-9B9E-67960BA0DA67}
		{396DD176-BC1D-45CF-900E-4FC85B7398FC} = {159C8690-CD53-49FE-9B9E-67960BA0DA67}
		{AA7B9EC6-8A08-4300-827B-65A66818BAF7} = {159C8690-CD53-49FE-9B9E-67960BA0DA67}
		{40580DAE-80A5-49E4-BDD8-DAFDB9D4E088} = {159C8690-CD53-49FE-9B9E-67960BA0DA67}
		{C6900312-0545-4E5E-9FE0-2AEF75674E29} = {29574CA4-9687-42BB-AAE0-31C3BD52A803}
		{0771A5EA-F8F5-4BB4-A29E-2FD3CF9A5088} = {29574CA4-9687-42BB-AAE0-31C3BD52A803}
		{E784B6A1-A300-4571-A881-B15240EEE377} = {CB37E211-5126-4625-9817-AD0946C5F23F}
		{0E256C84-FBAC-4E81-BA5C-85D44E76F19E} = {159C8690-CD53-49FE-9B9E-67960BA0DA67}
		{DC69A8CE-040F-405B-B26B-9338B26FCF21} = {FBDD15EE-2A2C-4180-9286-123757F78949}
		{EA7A7A55-08EE-4537-8FBD-6FAF57C82C13} = {FBDD15EE-2A2C-4180-9286-123757F78949}
		{245ABF59-8751-46FB-A37E-E5EE253342AD} = {FBDD15EE-2A2C-4180-9286-123757F78949}
		{08AAAA06-E454-46D2-B13F-96AFB43B9D13} = {21F02D58-D544-4AD9-BEE9-F80718A6AE08}
		{5DA25550-CBA7-4005-ACB8-1E4CF70B6E9B} = {21F02D58-D544-4AD9-BEE9-F80718A6AE08}
		{127105AF-C0F4-40F8-87C5-D6C391552936} = {FBDD15EE-2A2C-4180-9286-123757F78949}
		{31498ABB-31AA-4FFA-BB32-98FCA11BB52A} = {985815AF-CE93-4D42-B5A1-2CFD2C861222}
		{782E0F64-CDCE-41AA-9B7E-80714B1EE663} = {B7B8DC32-93ED-44CC-A0F5-8A3D99A4EA08}
		{388EFA39-6BC0-4836-B095-4491E9A68798} = {B7B8DC32-93ED-44CC-A0F5-8A3D99A4EA08}
		{EDAC9709-C2CD-4673-AB04-D044F40DD681} = {2214B910-0DEA-4202-A9BA-280ACBCF839B}
		{7BD74AA7-4AB8-4D85-AAB0-99A0F8236E7E} = {159C8690-CD53-49FE-9B9E-67960BA0DA67}
		{48C88177-760B-41AD-B0E1-68E164FAE747} = {FBDD15EE-2A2C-4180-9286-123757F78949}
		{F07C9C6F-F516-4410-8C35-304FCF3ECAD0} = {FBDD15EE-2A2C-4180-9286-123757F78949}
		{91298190-5670-4775-AC70-33A05BE33B6F} = {A129522C-6275-43AC-BE3D-439330EE69C7}
		{C6BB80F7-1F8D-4CA5-BF76-D550AF74E312} = {A129522C-6275-43AC-BE3D-439330EE69C7}
		{A1100DA3-93DD-49B5-BA91-CF868051CA16} = {91298190-5670-4775-AC70-33A05BE33B6F}
		{DC154E89-74E8-4ADC-95B5-0772CA254F71} = {91298190-5670-4775-AC70-33A05BE33B6F}
		{B6A8E771-F3D5-4C60-A9F4-E3D9F0071226} = {C6BB80F7-1F8D-4CA5-BF76-D550AF74E312}
		{85D70BCC-9232-48AD-A700-2D2EF1D36EBE} = {A129522C-6275-43AC-BE3D-439330EE69C7}
		{2D343C72-381B-4B90-8AD2-13B8B4D01CB9} = {85D70BCC-9232-48AD-A700-2D2EF1D36EBE}
		{14993E97-3C4D-4AF4-AD28-4A518BA301F7} = {85D70BCC-9232-48AD-A700-2D2EF1D36EBE}
		{56ABE7A4-AEBC-41B5-B156-CA81EC481B1F} = {85D70BCC-9232-48AD-A700-2D2EF1D36EBE}
		{7C67AC53-E3BC-4482-8DFB-4CBAA644D280} = {85D70BCC-9232-48AD-A700-2D2EF1D36EBE}
		{B467CD19-5D56-46FF-B3CA-10FE778F36E9} = {85D70BCC-9232-48AD-A700-2D2EF1D36EBE}
		{5BB0F96D-2B5F-409C-9782-434B12E06600} = {85D70BCC-9232-48AD-A700-2D2EF1D36EBE}
		{468ADEDE-6F5E-40C0-99C9-C6DAC4FAC934} = {85D70BCC-9232-48AD-A700-2D2EF1D36EBE}
		{17ADC51A-2B00-4BE5-B5AB-7C6F0CE88B43} = {985815AF-CE93-4D42-B5A1-2CFD2C861222}
		{1F2F3DA5-5A02-4C7B-BAEC-70DA57BC8D33} = {97324D9E-2FF5-41A3-8334-469C2CE21474}
		{280683A7-E949-4E5F-87A3-D445C68A270F} = {1F2F3DA5-5A02-4C7B-BAEC-70DA57BC8D33}
		{AB30659E-B558-4A8B-BB13-C77F13CC9746} = {97324D9E-2FF5-41A3-8334-469C2CE21474}
		{53E8E52B-DC17-4545-9B93-EA74534B1014} = {AB30659E-B558-4A8B-BB13-C77F13CC9746}
		{FE312796-4F57-4B4B-87BE-2583B98363A2} = {AB30659E-B558-4A8B-BB13-C77F13CC9746}
		{5AC692F1-6E35-442B-BB40-E4D05CB90AB9} = {AB8CB11F-F724-4E42-BEED-74A778A61FC9}
		{F804B57F-6A6D-4A4E-99F7-D99AE4512CCA} = {1F2F3DA5-5A02-4C7B-BAEC-70DA57BC8D33}
		{03C3AFFE-7CD1-4072-B014-925A3E295B6E} = {AB30659E-B558-4A8B-BB13-C77F13CC9746}
		{D82EF1F1-AB3D-41B0-8B67-76461B592492} = {AB30659E-B558-4A8B-BB13-C77F13CC9746}
		{692622CB-E02A-40E3-AF57-91B2793C9975} = {159C8690-CD53-49FE-9B9E-67960BA0DA67}
		{C44EABE3-1BE9-4689-A5F5-0F36FD8059DE} = {AB8CB11F-F724-4E42-BEED-74A778A61FC9}
	EndGlobalSection
EndGlobal
