
Microsoft Visual Studio Solution File, Format Version 11.00
# Visual Studio 2010
Project("{F088123C-0E9E-452A-89E6-6BA2F21D5CAC}") = "ClipFlair_UML", "Models\ClipFlair_UML\ClipFlair_UML.modelproj", "{5DA25550-CBA7-4005-ACB8-1E4CF70B6E9B}"
EndProject
Project("{FAE04EC0-301F-11D3-BF4B-00C04F79EFBC}") = "ClipFlair", "Client\ClipFlair\ClipFlair.csproj", "{31498ABB-31AA-4FFA-BB32-98FCA11BB52A}"
	ProjectSection(ProjectDependencies) = postProject
		{17ADC51A-2B00-4BE5-B5AB-7C6F0CE88B43} = {17ADC51A-2B00-4BE5-B5AB-7C6F0CE88B43}
		{17ADC51A-2B00-4BE5-B5AB-7C6F0CE88B43} = {17ADC51A-2B00-4BE5-B5AB-7C6F0CE88B43}
	EndProjectSection
EndProject
Project("{FAE04EC0-301F-11D3-BF4B-00C04F79EFBC}") = "ClipFlair.Web", "Server\ClipFlair.Web\ClipFlair.Web.csproj", "{17ADC51A-2B00-4BE5-B5AB-7C6F0CE88B43}"
EndProject
Project("{FAE04EC0-301F-11D3-BF4B-00C04F79EFBC}") = "ClipFlairModels", "Models\ClipFlairModels\ClipFlairModels.csproj", "{5BCE670D-C942-4C1E-A369-E8FC1AD3D34F}"
EndProject
Project("{FAE04EC0-301F-11D3-BF4B-00C04F79EFBC}") = "FlipPanel.Silverlight", "Client\FlipPanel\FlipPanel.Silverlight\FlipPanel.Silverlight.csproj", "{245ABF59-8751-46FB-A37E-E5EE253342AD}"
EndProject
Project("{FAE04EC0-301F-11D3-BF4B-00C04F79EFBC}") = "WPF_Compatibility.Silverlight", "Client\WPF_Compatibility\WPF_Compatibility.Silverlight\WPF_Compatibility.Silverlight.csproj", "{7DC832CC-2D97-4DBC-B963-3F77C1F20730}"
EndProject
Project("{FAE04EC0-301F-11D3-BF4B-00C04F79EFBC}") = "ZoomAndPan.Silverlight", "Client\ZoomAndPan\ZoomAndPan.Silverlight\ZoomAndPan.Silverlight.csproj", "{8E75887A-A164-41B8-86D5-8DC37768B5A3}"
EndProject
Project("{FAE04EC0-301F-11D3-BF4B-00C04F79EFBC}") = "FloatingWindow.Silverlight", "Client\FloatingWindow\FloatingWindow.Silverlight\FloatingWindow.Silverlight.csproj", "{3F3D3C8C-9724-4531-A04D-B92049F64686}"
EndProject
Project("{FAE04EC0-301F-11D3-BF4B-00C04F79EFBC}") = "SilverTextEditor.Silverlight", "Client\SilverTextEditor\SilverTextEditor.Silverlight\SilverTextEditor.Silverlight.csproj", "{52F76969-E7CD-414F-8E98-4FF90EE48B05}"
EndProject
Project("{FAE04EC0-301F-11D3-BF4B-00C04F79EFBC}") = "FloatingWindowZUI.Silverlight", "Client\FloatingWindowZUI\FloatingWindowZUI.Silverlight\FloatingWindowZUI.Silverlight.csproj", "{D7D67F52-7B9B-4DE5-9B72-534664F296B7}"
EndProject
Global
	GlobalSection(SolutionConfigurationPlatforms) = preSolution
		Debug|Any CPU = Debug|Any CPU
		Release|Any CPU = Release|Any CPU
	EndGlobalSection
	GlobalSection(ProjectConfigurationPlatforms) = postSolution
		{5DA25550-CBA7-4005-ACB8-1E4CF70B6E9B}.Debug|Any CPU.ActiveCfg = Debug|Any CPU
		{5DA25550-CBA7-4005-ACB8-1E4CF70B6E9B}.Debug|Any CPU.Build.0 = Debug|Any CPU
		{5DA25550-CBA7-4005-ACB8-1E4CF70B6E9B}.Release|Any CPU.ActiveCfg = Release|Any CPU
		{5DA25550-CBA7-4005-ACB8-1E4CF70B6E9B}.Release|Any CPU.Build.0 = Release|Any CPU
		{31498ABB-31AA-4FFA-BB32-98FCA11BB52A}.Debug|Any CPU.ActiveCfg = Debug|Any CPU
		{31498ABB-31AA-4FFA-BB32-98FCA11BB52A}.Debug|Any CPU.Build.0 = Debug|Any CPU
		{31498ABB-31AA-4FFA-BB32-98FCA11BB52A}.Release|Any CPU.ActiveCfg = Release|Any CPU
		{31498ABB-31AA-4FFA-BB32-98FCA11BB52A}.Release|Any CPU.Build.0 = Release|Any CPU
		{17ADC51A-2B00-4BE5-B5AB-7C6F0CE88B43}.Debug|Any CPU.ActiveCfg = Debug|Any CPU
		{17ADC51A-2B00-4BE5-B5AB-7C6F0CE88B43}.Debug|Any CPU.Build.0 = Debug|Any CPU
		{17ADC51A-2B00-4BE5-B5AB-7C6F0CE88B43}.Release|Any CPU.ActiveCfg = Release|Any CPU
		{17ADC51A-2B00-4BE5-B5AB-7C6F0CE88B43}.Release|Any CPU.Build.0 = Release|Any CPU
		{5BCE670D-C942-4C1E-A369-E8FC1AD3D34F}.Debug|Any CPU.ActiveCfg = Debug|Any CPU
		{5BCE670D-C942-4C1E-A369-E8FC1AD3D34F}.Debug|Any CPU.Build.0 = Debug|Any CPU
		{5BCE670D-C942-4C1E-A369-E8FC1AD3D34F}.Release|Any CPU.ActiveCfg = Release|Any CPU
		{5BCE670D-C942-4C1E-A369-E8FC1AD3D34F}.Release|Any CPU.Build.0 = Release|Any CPU
		{245ABF59-8751-46FB-A37E-E5EE253342AD}.Debug|Any CPU.ActiveCfg = Debug|Any CPU
		{245ABF59-8751-46FB-A37E-E5EE253342AD}.Debug|Any CPU.Build.0 = Debug|Any CPU
		{245ABF59-8751-46FB-A37E-E5EE253342AD}.Release|Any CPU.ActiveCfg = Release|Any CPU
		{245ABF59-8751-46FB-A37E-E5EE253342AD}.Release|Any CPU.Build.0 = Release|Any CPU
		{7DC832CC-2D97-4DBC-B963-3F77C1F20730}.Debug|Any CPU.ActiveCfg = Debug|Any CPU
		{7DC832CC-2D97-4DBC-B963-3F77C1F20730}.Debug|Any CPU.Build.0 = Debug|Any CPU
		{7DC832CC-2D97-4DBC-B963-3F77C1F20730}.Release|Any CPU.ActiveCfg = Release|Any CPU
		{7DC832CC-2D97-4DBC-B963-3F77C1F20730}.Release|Any CPU.Build.0 = Release|Any CPU
		{8E75887A-A164-41B8-86D5-8DC37768B5A3}.Debug|Any CPU.ActiveCfg = Debug|Any CPU
		{8E75887A-A164-41B8-86D5-8DC37768B5A3}.Debug|Any CPU.Build.0 = Debug|Any CPU
		{8E75887A-A164-41B8-86D5-8DC37768B5A3}.Release|Any CPU.ActiveCfg = Release|Any CPU
		{8E75887A-A164-41B8-86D5-8DC37768B5A3}.Release|Any CPU.Build.0 = Release|Any CPU
		{3F3D3C8C-9724-4531-A04D-B92049F64686}.Debug|Any CPU.ActiveCfg = Debug|Any CPU
		{3F3D3C8C-9724-4531-A04D-B92049F64686}.Debug|Any CPU.Build.0 = Debug|Any CPU
		{3F3D3C8C-9724-4531-A04D-B92049F64686}.Release|Any CPU.ActiveCfg = Release|Any CPU
		{3F3D3C8C-9724-4531-A04D-B92049F64686}.Release|Any CPU.Build.0 = Release|Any CPU
		{52F76969-E7CD-414F-8E98-4FF90EE48B05}.Debug|Any CPU.ActiveCfg = Debug|Any CPU
		{52F76969-E7CD-414F-8E98-4FF90EE48B05}.Debug|Any CPU.Build.0 = Debug|Any CPU
		{52F76969-E7CD-414F-8E98-4FF90EE48B05}.Release|Any CPU.ActiveCfg = Release|Any CPU
		{52F76969-E7CD-414F-8E98-4FF90EE48B05}.Release|Any CPU.Build.0 = Release|Any CPU
		{D7D67F52-7B9B-4DE5-9B72-534664F296B7}.Debug|Any CPU.ActiveCfg = Debug|Any CPU
		{D7D67F52-7B9B-4DE5-9B72-534664F296B7}.Debug|Any CPU.Build.0 = Debug|Any CPU
		{D7D67F52-7B9B-4DE5-9B72-534664F296B7}.Release|Any CPU.ActiveCfg = Release|Any CPU
		{D7D67F52-7B9B-4DE5-9B72-534664F296B7}.Release|Any CPU.Build.0 = Release|Any CPU
	EndGlobalSection
	GlobalSection(SolutionProperties) = preSolution
		HideSolutionNode = FALSE
	EndGlobalSection
EndGlobal
