
Microsoft Visual Studio Solution File, Format Version 12.00
# Visual Studio 2013
VisualStudioVersion = 12.0.30110.0
MinimumVisualStudioVersion = 10.0.40219.1
Project("{2150E333-8FDC-42A3-9474-1A3956D46DE8}") = "Silverlight", "Silverlight", "{5064E297-034D-485E-93C4-412389981AE8}"
EndProject
Project("{2150E333-8FDC-42A3-9474-1A3956D46DE8}") = "WPF", "WPF", "{4A959C66-E4C5-4D5B-94D2-836CF9AA82E3}"
EndProject
Project("{FAE04EC0-301F-11D3-BF4B-00C04F79EFBC}") = "SilverTextEditor.Silverlight", "SilverTextEditor.Silverlight\SilverTextEditor.Silverlight.csproj", "{52F76969-E7CD-414F-8E98-4FF90EE48B05}"
EndProject
Project("{FAE04EC0-301F-11D3-BF4B-00C04F79EFBC}") = "SilverTextEditor.Silverlight.Web", "SilverTextEditor.Silverlight.Web\SilverTextEditor.Silverlight.Web.csproj", "{70608BF1-0310-45D0-96A6-744A2F00DB83}"
EndProject
Project("{FAE04EC0-301F-11D3-BF4B-00C04F79EFBC}") = "ImageButtons.Silverlight", "..\..\ZUI\ImageButtons\ImageButtons.Silverlight\ImageButtons.Silverlight.csproj", "{127105AF-C0F4-40F8-87C5-D6C391552936}"
EndProject
Project("{FAE04EC0-301F-11D3-BF4B-00C04F79EFBC}") = "WPF_Compatibility.Silverlight", "..\..\Helpers\WPF_Compatibility\WPF_Compatibility.Silverlight\WPF_Compatibility.Silverlight.csproj", "{7DC832CC-2D97-4DBC-B963-3F77C1F20730}"
EndProject
Project("{FAE04EC0-301F-11D3-BF4B-00C04F79EFBC}") = "WPF_Compatibility.WPF", "..\..\Helpers\WPF_Compatibility\WPF_Compatibility.WPF\WPF_Compatibility.WPF.csproj", "{DC154E89-74E8-4ADC-95B5-0772CA254F71}"
EndProject
Project("{FAE04EC0-301F-11D3-BF4B-00C04F79EFBC}") = "ImageButtons.WPF", "..\..\ZUI\ImageButtons\ImageButtons.WPF\ImageButtons.WPF.csproj", "{5BB0F96D-2B5F-409C-9782-434B12E06600}"
EndProject
Project("{FAE04EC0-301F-11D3-BF4B-00C04F79EFBC}") = "SilverTextEditor.WPF", "SilverTextEditor.WPF\SilverTextEditor.WPF.csproj", "{B6A8E771-F3D5-4C60-A9F4-E3D9F0071226}"
EndProject
Project("{FAE04EC0-301F-11D3-BF4B-00C04F79EFBC}") = "Utils.WPF", "..\..\Helpers\Utils\Utils.WPF\Utils.WPF.csproj", "{A1100DA3-93DD-49B5-BA91-CF868051CA16}"
EndProject
Project("{FAE04EC0-301F-11D3-BF4B-00C04F79EFBC}") = "Utils.Silverlight", "..\..\Helpers\Utils\Utils.Silverlight\Utils.Silverlight.csproj", "{E784B6A1-A300-4571-A881-B15240EEE377}"
EndProject
Global
	GlobalSection(SolutionConfigurationPlatforms) = preSolution
		Debug|Any CPU = Debug|Any CPU
		Release|Any CPU = Release|Any CPU
	EndGlobalSection
	GlobalSection(ProjectConfigurationPlatforms) = postSolution
		{52F76969-E7CD-414F-8E98-4FF90EE48B05}.Debug|Any CPU.ActiveCfg = Debug|Any CPU
		{52F76969-E7CD-414F-8E98-4FF90EE48B05}.Debug|Any CPU.Build.0 = Debug|Any CPU
		{52F76969-E7CD-414F-8E98-4FF90EE48B05}.Release|Any CPU.ActiveCfg = Release|Any CPU
		{52F76969-E7CD-414F-8E98-4FF90EE48B05}.Release|Any CPU.Build.0 = Release|Any CPU
		{70608BF1-0310-45D0-96A6-744A2F00DB83}.Debug|Any CPU.ActiveCfg = Debug|Any CPU
		{70608BF1-0310-45D0-96A6-744A2F00DB83}.Debug|Any CPU.Build.0 = Debug|Any CPU
		{70608BF1-0310-45D0-96A6-744A2F00DB83}.Release|Any CPU.ActiveCfg = Release|Any CPU
		{70608BF1-0310-45D0-96A6-744A2F00DB83}.Release|Any CPU.Build.0 = Release|Any CPU
		{127105AF-C0F4-40F8-87C5-D6C391552936}.Debug|Any CPU.ActiveCfg = Debug|Any CPU
		{127105AF-C0F4-40F8-87C5-D6C391552936}.Debug|Any CPU.Build.0 = Debug|Any CPU
		{127105AF-C0F4-40F8-87C5-D6C391552936}.Release|Any CPU.ActiveCfg = Release|Any CPU
		{127105AF-C0F4-40F8-87C5-D6C391552936}.Release|Any CPU.Build.0 = Release|Any CPU
		{7DC832CC-2D97-4DBC-B963-3F77C1F20730}.Debug|Any CPU.ActiveCfg = Debug|Any CPU
		{7DC832CC-2D97-4DBC-B963-3F77C1F20730}.Debug|Any CPU.Build.0 = Debug|Any CPU
		{7DC832CC-2D97-4DBC-B963-3F77C1F20730}.Release|Any CPU.ActiveCfg = Release|Any CPU
		{7DC832CC-2D97-4DBC-B963-3F77C1F20730}.Release|Any CPU.Build.0 = Release|Any CPU
		{DC154E89-74E8-4ADC-95B5-0772CA254F71}.Debug|Any CPU.ActiveCfg = Debug|Any CPU
		{DC154E89-74E8-4ADC-95B5-0772CA254F71}.Debug|Any CPU.Build.0 = Debug|Any CPU
		{DC154E89-74E8-4ADC-95B5-0772CA254F71}.Release|Any CPU.ActiveCfg = Release|Any CPU
		{DC154E89-74E8-4ADC-95B5-0772CA254F71}.Release|Any CPU.Build.0 = Release|Any CPU
		{5BB0F96D-2B5F-409C-9782-434B12E06600}.Debug|Any CPU.ActiveCfg = Debug|Any CPU
		{5BB0F96D-2B5F-409C-9782-434B12E06600}.Debug|Any CPU.Build.0 = Debug|Any CPU
		{5BB0F96D-2B5F-409C-9782-434B12E06600}.Release|Any CPU.ActiveCfg = Release|Any CPU
		{5BB0F96D-2B5F-409C-9782-434B12E06600}.Release|Any CPU.Build.0 = Release|Any CPU
		{B6A8E771-F3D5-4C60-A9F4-E3D9F0071226}.Debug|Any CPU.ActiveCfg = Debug|Any CPU
		{B6A8E771-F3D5-4C60-A9F4-E3D9F0071226}.Debug|Any CPU.Build.0 = Debug|Any CPU
		{B6A8E771-F3D5-4C60-A9F4-E3D9F0071226}.Release|Any CPU.ActiveCfg = Release|Any CPU
		{B6A8E771-F3D5-4C60-A9F4-E3D9F0071226}.Release|Any CPU.Build.0 = Release|Any CPU
		{A1100DA3-93DD-49B5-BA91-CF868051CA16}.Debug|Any CPU.ActiveCfg = Debug|Any CPU
		{A1100DA3-93DD-49B5-BA91-CF868051CA16}.Debug|Any CPU.Build.0 = Debug|Any CPU
		{A1100DA3-93DD-49B5-BA91-CF868051CA16}.Release|Any CPU.ActiveCfg = Release|Any CPU
		{A1100DA3-93DD-49B5-BA91-CF868051CA16}.Release|Any CPU.Build.0 = Release|Any CPU
		{E784B6A1-A300-4571-A881-B15240EEE377}.Debug|Any CPU.ActiveCfg = Debug|Any CPU
		{E784B6A1-A300-4571-A881-B15240EEE377}.Debug|Any CPU.Build.0 = Debug|Any CPU
		{E784B6A1-A300-4571-A881-B15240EEE377}.Release|Any CPU.ActiveCfg = Release|Any CPU
		{E784B6A1-A300-4571-A881-B15240EEE377}.Release|Any CPU.Build.0 = Release|Any CPU
	EndGlobalSection
	GlobalSection(SolutionProperties) = preSolution
		HideSolutionNode = FALSE
	EndGlobalSection
	GlobalSection(NestedProjects) = preSolution
		{52F76969-E7CD-414F-8E98-4FF90EE48B05} = {5064E297-034D-485E-93C4-412389981AE8}
		{70608BF1-0310-45D0-96A6-744A2F00DB83} = {5064E297-034D-485E-93C4-412389981AE8}
		{127105AF-C0F4-40F8-87C5-D6C391552936} = {5064E297-034D-485E-93C4-412389981AE8}
		{7DC832CC-2D97-4DBC-B963-3F77C1F20730} = {5064E297-034D-485E-93C4-412389981AE8}
		{E784B6A1-A300-4571-A881-B15240EEE377} = {5064E297-034D-485E-93C4-412389981AE8}
		{DC154E89-74E8-4ADC-95B5-0772CA254F71} = {4A959C66-E4C5-4D5B-94D2-836CF9AA82E3}
		{5BB0F96D-2B5F-409C-9782-434B12E06600} = {4A959C66-E4C5-4D5B-94D2-836CF9AA82E3}
		{B6A8E771-F3D5-4C60-A9F4-E3D9F0071226} = {4A959C66-E4C5-4D5B-94D2-836CF9AA82E3}
		{A1100DA3-93DD-49B5-BA91-CF868051CA16} = {4A959C66-E4C5-4D5B-94D2-836CF9AA82E3}
	EndGlobalSection
EndGlobal
