
Microsoft Visual Studio Solution File, Format Version 11.00
# Visual Studio 2010
Project("{FAE04EC0-301F-11D3-BF4B-00C04F79EFBC}") = "SilverTextEditor.Silverlight", "SilverTextEditor.Silverlight\SilverTextEditor.Silverlight.csproj", "{52F76969-E7CD-414F-8E98-4FF90EE48B05}"
EndProject
Project("{FAE04EC0-301F-11D3-BF4B-00C04F79EFBC}") = "SilverTextEditor.Silverlight.Web", "SilverTextEditor.Silverlight.Web\SilverTextEditor.Silverlight.Web.csproj", "{70608BF1-0310-45D0-96A6-744A2F00DB83}"
EndProject
Global
	GlobalSection(SolutionConfigurationPlatforms) = preSolution
		Debug|Any CPU = Debug|Any CPU
		Release|Any CPU = Release|Any CPU
	EndGlobalSection
	GlobalSection(ProjectConfigurationPlatforms) = postSolution
		{52F76969-E7CD-414F-8E98-4FF90EE48B05}.Debug|Any CPU.ActiveCfg = Debug|Any CPU
		{52F76969-E7CD-414F-8E98-4FF90EE48B05}.Debug|Any CPU.Build.0 = Debug|Any CPU
		{52F76969-E7CD-414F-8E98-4FF90EE48B05}.Release|Any CPU.ActiveCfg = Release|Any CPU
		{52F76969-E7CD-414F-8E98-4FF90EE48B05}.Release|Any CPU.Build.0 = Release|Any CPU
		{70608BF1-0310-45D0-96A6-744A2F00DB83}.Debug|Any CPU.ActiveCfg = Debug|Any CPU
		{70608BF1-0310-45D0-96A6-744A2F00DB83}.Debug|Any CPU.Build.0 = Debug|Any CPU
		{70608BF1-0310-45D0-96A6-744A2F00DB83}.Release|Any CPU.ActiveCfg = Release|Any CPU
		{70608BF1-0310-45D0-96A6-744A2F00DB83}.Release|Any CPU.Build.0 = Release|Any CPU
	EndGlobalSection
	GlobalSection(SolutionProperties) = preSolution
		HideSolutionNode = FALSE
	EndGlobalSection
EndGlobal
