
Microsoft Visual Studio Solution File, Format Version 12.00
# Visual Studio 2013
VisualStudioVersion = 12.0.30723.0
MinimumVisualStudioVersion = 10.0.40219.1
Project("{FAE04EC0-301F-11D3-BF4B-00C04F79EFBC}") = "MonoX.Localization", "MonoX.Localization.csproj", "{C0EFC285-7102-48E4-A904-96D917B89DDF}"
EndProject
Global
	GlobalSection(SolutionConfigurationPlatforms) = preSolution
		Debug|Any CPU = Debug|Any CPU
		Release|Any CPU = Release|Any CPU
	EndGlobalSection
	GlobalSection(ProjectConfigurationPlatforms) = postSolution
		{C0EFC285-7102-48E4-A904-96D917B89DDF}.Debug|Any CPU.ActiveCfg = Debug|Any CPU
		{C0EFC285-7102-48E4-A904-96D917B89DDF}.Debug|Any CPU.Build.0 = Debug|Any CPU
		{C0EFC285-7102-48E4-A904-96D917B89DDF}.Release|Any CPU.ActiveCfg = Release|Any CPU
		{C0EFC285-7102-48E4-A904-96D917B89DDF}.Release|Any CPU.Build.0 = Release|Any CPU
	EndGlobalSection
	GlobalSection(SolutionProperties) = preSolution
		HideSolutionNode = FALSE
	EndGlobalSection
EndGlobal
