
Microsoft Visual Studio Solution File, Format Version 12.00
# Visual Studio 2013
VisualStudioVersion = 12.0.21005.1
MinimumVisualStudioVersion = 10.0.40219.1
Project("{FAE04EC0-301F-11D3-BF4B-00C04F79EFBC}") = "G711sharp.Demo.CommandLine", "G711sharp.Demo.CommandLine\G711sharp.Demo.CommandLine.csproj", "{004E823D-BB97-4A34-8FC7-87F80A73299C}"
EndProject
Project("{FAE04EC0-301F-11D3-BF4B-00C04F79EFBC}") = "G711sharp.PCL", "G711sharp.PCL\G711sharp.PCL.csproj", "{5CE648E3-9B75-490F-A5B7-C7D0EB90BE16}"
EndProject
Global
	GlobalSection(SolutionConfigurationPlatforms) = preSolution
		Debug|Any CPU = Debug|Any CPU
		Debug|Mixed Platforms = Debug|Mixed Platforms
		Release|Any CPU = Release|Any CPU
		Release|Mixed Platforms = Release|Mixed Platforms
	EndGlobalSection
	GlobalSection(ProjectConfigurationPlatforms) = postSolution
		{004E823D-BB97-4A34-8FC7-87F80A73299C}.Debug|Any CPU.ActiveCfg = Debug|x86
		{004E823D-BB97-4A34-8FC7-87F80A73299C}.Debug|Mixed Platforms.ActiveCfg = Debug|x86
		{004E823D-BB97-4A34-8FC7-87F80A73299C}.Debug|Mixed Platforms.Build.0 = Debug|x86
		{004E823D-BB97-4A34-8FC7-87F80A73299C}.Release|Any CPU.ActiveCfg = Release|x86
		{004E823D-BB97-4A34-8FC7-87F80A73299C}.Release|Mixed Platforms.ActiveCfg = Release|x86
		{004E823D-BB97-4A34-8FC7-87F80A73299C}.Release|Mixed Platforms.Build.0 = Release|x86
		{5CE648E3-9B75-490F-A5B7-C7D0EB90BE16}.Debug|Any CPU.ActiveCfg = Debug|Any CPU
		{5CE648E3-9B75-490F-A5B7-C7D0EB90BE16}.Debug|Any CPU.Build.0 = Debug|Any CPU
		{5CE648E3-9B75-490F-A5B7-C7D0EB90BE16}.Debug|Mixed Platforms.ActiveCfg = Debug|Any CPU
		{5CE648E3-9B75-490F-A5B7-C7D0EB90BE16}.Debug|Mixed Platforms.Build.0 = Debug|Any CPU
		{5CE648E3-9B75-490F-A5B7-C7D0EB90BE16}.Release|Any CPU.ActiveCfg = Release|Any CPU
		{5CE648E3-9B75-490F-A5B7-C7D0EB90BE16}.Release|Any CPU.Build.0 = Release|Any CPU
		{5CE648E3-9B75-490F-A5B7-C7D0EB90BE16}.Release|Mixed Platforms.ActiveCfg = Release|Any CPU
		{5CE648E3-9B75-490F-A5B7-C7D0EB90BE16}.Release|Mixed Platforms.Build.0 = Release|Any CPU
	EndGlobalSection
	GlobalSection(SolutionProperties) = preSolution
		HideSolutionNode = FALSE
	EndGlobalSection
EndGlobal
