
Microsoft Visual Studio Solution File, Format Version 11.00
# Visual Studio 2010
Project("{FAE04EC0-301F-11D3-BF4B-00C04F79EFBC}") = "cspeex", "cspeex\cspeex.csproj", "{F6D74407-4308-4C9C-8278-16134EE47616}"
EndProject
Project("{FAE04EC0-301F-11D3-BF4B-00C04F79EFBC}") = "CSpeexTool", "CSpeexTool\CSpeexTool.csproj", "{7B569DE7-2097-4115-84C1-95A5E76D8DA7}"
EndProject
Project("{FAE04EC0-301F-11D3-BF4B-00C04F79EFBC}") = "cspeex-SL", "cspeex-SL\cspeex-SL.csproj", "{A9BF8E47-639E-4FBC-A67A-660DBCCAE602}"
EndProject
Project("{FAE04EC0-301F-11D3-BF4B-00C04F79EFBC}") = "SLAudioDemo", "SLAudioDemo\SLAudioDemo.csproj", "{DDA7AD23-777B-4B70-B312-5678D3F5861F}"
EndProject
Project("{FAE04EC0-301F-11D3-BF4B-00C04F79EFBC}") = "SLAudioDemo.Web", "SLAudioDemo.Web\SLAudioDemo.Web.csproj", "{056801C2-1D23-4115-BCB7-14B025480385}"
EndProject
Global
	GlobalSection(SolutionConfigurationPlatforms) = preSolution
		Debug|Any CPU = Debug|Any CPU
		Release|Any CPU = Release|Any CPU
	EndGlobalSection
	GlobalSection(ProjectConfigurationPlatforms) = postSolution
		{F6D74407-4308-4C9C-8278-16134EE47616}.Debug|Any CPU.ActiveCfg = Debug|Any CPU
		{F6D74407-4308-4C9C-8278-16134EE47616}.Debug|Any CPU.Build.0 = Debug|Any CPU
		{F6D74407-4308-4C9C-8278-16134EE47616}.Release|Any CPU.ActiveCfg = Release|Any CPU
		{F6D74407-4308-4C9C-8278-16134EE47616}.Release|Any CPU.Build.0 = Release|Any CPU
		{7B569DE7-2097-4115-84C1-95A5E76D8DA7}.Debug|Any CPU.ActiveCfg = Debug|Any CPU
		{7B569DE7-2097-4115-84C1-95A5E76D8DA7}.Debug|Any CPU.Build.0 = Debug|Any CPU
		{7B569DE7-2097-4115-84C1-95A5E76D8DA7}.Release|Any CPU.ActiveCfg = Release|Any CPU
		{7B569DE7-2097-4115-84C1-95A5E76D8DA7}.Release|Any CPU.Build.0 = Release|Any CPU
		{A9BF8E47-639E-4FBC-A67A-660DBCCAE602}.Debug|Any CPU.ActiveCfg = Debug|Any CPU
		{A9BF8E47-639E-4FBC-A67A-660DBCCAE602}.Debug|Any CPU.Build.0 = Debug|Any CPU
		{A9BF8E47-639E-4FBC-A67A-660DBCCAE602}.Release|Any CPU.ActiveCfg = Release|Any CPU
		{A9BF8E47-639E-4FBC-A67A-660DBCCAE602}.Release|Any CPU.Build.0 = Release|Any CPU
		{DDA7AD23-777B-4B70-B312-5678D3F5861F}.Debug|Any CPU.ActiveCfg = Debug|Any CPU
		{DDA7AD23-777B-4B70-B312-5678D3F5861F}.Debug|Any CPU.Build.0 = Debug|Any CPU
		{DDA7AD23-777B-4B70-B312-5678D3F5861F}.Release|Any CPU.ActiveCfg = Release|Any CPU
		{DDA7AD23-777B-4B70-B312-5678D3F5861F}.Release|Any CPU.Build.0 = Release|Any CPU
		{056801C2-1D23-4115-BCB7-14B025480385}.Debug|Any CPU.ActiveCfg = Debug|Any CPU
		{056801C2-1D23-4115-BCB7-14B025480385}.Debug|Any CPU.Build.0 = Debug|Any CPU
		{056801C2-1D23-4115-BCB7-14B025480385}.Release|Any CPU.ActiveCfg = Release|Any CPU
		{056801C2-1D23-4115-BCB7-14B025480385}.Release|Any CPU.Build.0 = Release|Any CPU
	EndGlobalSection
	GlobalSection(SolutionProperties) = preSolution
		HideSolutionNode = FALSE
	EndGlobalSection
EndGlobal
