
Microsoft Visual Studio Solution File, Format Version 11.00
# Visual Studio 2010
Project("{FAE04EC0-301F-11D3-BF4B-00C04F79EFBC}") = "ImageButtons.Silverlight", "ImageButtons.Silverlight\ImageButtons.Silverlight.csproj", "{127105AF-C0F4-40F8-87C5-D6C391552936}"
EndProject
Global
	GlobalSection(SolutionConfigurationPlatforms) = preSolution
		Debug|Any CPU = Debug|Any CPU
		Release|Any CPU = Release|Any CPU
	EndGlobalSection
	GlobalSection(ProjectConfigurationPlatforms) = postSolution
		{127105AF-C0F4-40F8-87C5-D6C391552936}.Debug|Any CPU.ActiveCfg = Debug|Any CPU
		{127105AF-C0F4-40F8-87C5-D6C391552936}.Debug|Any CPU.Build.0 = Debug|Any CPU
		{127105AF-C0F4-40F8-87C5-D6C391552936}.Release|Any CPU.ActiveCfg = Release|Any CPU
		{127105AF-C0F4-40F8-87C5-D6C391552936}.Release|Any CPU.Build.0 = Release|Any CPU
	EndGlobalSection
	GlobalSection(SolutionProperties) = preSolution
		HideSolutionNode = FALSE
	EndGlobalSection
EndGlobal
