
Microsoft Visual Studio Solution File, Format Version 12.00
# Visual Studio 2013
VisualStudioVersion = 12.0.30110.0
MinimumVisualStudioVersion = 10.0.40219.1
Project("{FAE04EC0-301F-11D3-BF4B-00C04F79EFBC}") = "ImageButtons.Silverlight", "ImageButtons.Silverlight\ImageButtons.Silverlight.csproj", "{127105AF-C0F4-40F8-87C5-D6C391552936}"
EndProject
Project("{FAE04EC0-301F-11D3-BF4B-00C04F79EFBC}") = "ImageButtons.WPF", "ImageButtons.WPF\ImageButtons.WPF.csproj", "{5BB0F96D-2B5F-409C-9782-434B12E06600}"
EndProject
Project("{FAE04EC0-301F-11D3-BF4B-00C04F79EFBC}") = "ImageButtons.WindowsPhone", "ImageButtons.WindowsPhone\ImageButtons.WindowsPhone.csproj", "{53E8E52B-DC17-4545-9B93-EA74534B1014}"
EndProject
Global
	GlobalSection(SolutionConfigurationPlatforms) = preSolution
		Debug|Any CPU = Debug|Any CPU
		Debug|ARM = Debug|ARM
		Debug|x86 = Debug|x86
		Release|Any CPU = Release|Any CPU
		Release|ARM = Release|ARM
		Release|x86 = Release|x86
	EndGlobalSection
	GlobalSection(ProjectConfigurationPlatforms) = postSolution
		{127105AF-C0F4-40F8-87C5-D6C391552936}.Debug|Any CPU.ActiveCfg = Debug|Any CPU
		{127105AF-C0F4-40F8-87C5-D6C391552936}.Debug|Any CPU.Build.0 = Debug|Any CPU
		{127105AF-C0F4-40F8-87C5-D6C391552936}.Debug|ARM.ActiveCfg = Debug|Any CPU
		{127105AF-C0F4-40F8-87C5-D6C391552936}.Debug|x86.ActiveCfg = Debug|Any CPU
		{127105AF-C0F4-40F8-87C5-D6C391552936}.Release|Any CPU.ActiveCfg = Release|Any CPU
		{127105AF-C0F4-40F8-87C5-D6C391552936}.Release|Any CPU.Build.0 = Release|Any CPU
		{127105AF-C0F4-40F8-87C5-D6C391552936}.Release|ARM.ActiveCfg = Release|Any CPU
		{127105AF-C0F4-40F8-87C5-D6C391552936}.Release|x86.ActiveCfg = Release|Any CPU
		{5BB0F96D-2B5F-409C-9782-434B12E06600}.Debug|Any CPU.ActiveCfg = Debug|Any CPU
		{5BB0F96D-2B5F-409C-9782-434B12E06600}.Debug|Any CPU.Build.0 = Debug|Any CPU
		{5BB0F96D-2B5F-409C-9782-434B12E06600}.Debug|ARM.ActiveCfg = Debug|Any CPU
		{5BB0F96D-2B5F-409C-9782-434B12E06600}.Debug|x86.ActiveCfg = Debug|Any CPU
		{5BB0F96D-2B5F-409C-9782-434B12E06600}.Release|Any CPU.ActiveCfg = Release|Any CPU
		{5BB0F96D-2B5F-409C-9782-434B12E06600}.Release|Any CPU.Build.0 = Release|Any CPU
		{5BB0F96D-2B5F-409C-9782-434B12E06600}.Release|ARM.ActiveCfg = Release|Any CPU
		{5BB0F96D-2B5F-409C-9782-434B12E06600}.Release|x86.ActiveCfg = Release|Any CPU
		{53E8E52B-DC17-4545-9B93-EA74534B1014}.Debug|Any CPU.ActiveCfg = Debug|Any CPU
		{53E8E52B-DC17-4545-9B93-EA74534B1014}.Debug|Any CPU.Build.0 = Debug|Any CPU
		{53E8E52B-DC17-4545-9B93-EA74534B1014}.Debug|ARM.ActiveCfg = Debug|ARM
		{53E8E52B-DC17-4545-9B93-EA74534B1014}.Debug|ARM.Build.0 = Debug|ARM
		{53E8E52B-DC17-4545-9B93-EA74534B1014}.Debug|x86.ActiveCfg = Debug|x86
		{53E8E52B-DC17-4545-9B93-EA74534B1014}.Debug|x86.Build.0 = Debug|x86
		{53E8E52B-DC17-4545-9B93-EA74534B1014}.Release|Any CPU.ActiveCfg = Release|Any CPU
		{53E8E52B-DC17-4545-9B93-EA74534B1014}.Release|Any CPU.Build.0 = Release|Any CPU
		{53E8E52B-DC17-4545-9B93-EA74534B1014}.Release|ARM.ActiveCfg = Release|ARM
		{53E8E52B-DC17-4545-9B93-EA74534B1014}.Release|ARM.Build.0 = Release|ARM
		{53E8E52B-DC17-4545-9B93-EA74534B1014}.Release|x86.ActiveCfg = Release|x86
		{53E8E52B-DC17-4545-9B93-EA74534B1014}.Release|x86.Build.0 = Release|x86
	EndGlobalSection
	GlobalSection(SolutionProperties) = preSolution
		HideSolutionNode = FALSE
	EndGlobalSection
EndGlobal
