
Microsoft Visual Studio Solution File, Format Version 11.00
# Visual Studio 2010
Project("{FAE04EC0-301F-11D3-BF4B-00C04F79EFBC}") = "ImageButtons.Silverlight", "ImageButtons.Silverlight\ImageButtons.Silverlight.csproj", "{127105AF-C0F4-40F8-87C5-D6C391552936}"
EndProject
Project("{FAE04EC0-301F-11D3-BF4B-00C04F79EFBC}") = "ImageButtons.WPF", "ImageButtons.WPF\ImageButtons.WPF.csproj", "{5BB0F96D-2B5F-409C-9782-434B12E06600}"
EndProject
Project("{2150E333-8FDC-42A3-9474-1A3956D46DE8}") = "Solution Items", "Solution Items", "{F15982EF-D86C-4C36-816D-2CEE1A8A0DEE}"
EndProject
Project("{FAE04EC0-301F-11D3-BF4B-00C04F79EFBC}") = "ImageButtons.WindowsPhone", "ImageButtons.WindowsPhone\ImageButtons.WindowsPhone.csproj", "{53E8E52B-DC17-4545-9B93-EA74534B1014}"
EndProject
Global
	GlobalSection(SolutionConfigurationPlatforms) = preSolution
		Debug|Any CPU = Debug|Any CPU
		Release|Any CPU = Release|Any CPU
	EndGlobalSection
	GlobalSection(ProjectConfigurationPlatforms) = postSolution
		{127105AF-C0F4-40F8-87C5-D6C391552936}.Debug|Any CPU.ActiveCfg = Debug|Any CPU
		{127105AF-C0F4-40F8-87C5-D6C391552936}.Debug|Any CPU.Build.0 = Debug|Any CPU
		{127105AF-C0F4-40F8-87C5-D6C391552936}.Release|Any CPU.ActiveCfg = Release|Any CPU
		{127105AF-C0F4-40F8-87C5-D6C391552936}.Release|Any CPU.Build.0 = Release|Any CPU
		{5BB0F96D-2B5F-409C-9782-434B12E06600}.Debug|Any CPU.ActiveCfg = Debug|Any CPU
		{5BB0F96D-2B5F-409C-9782-434B12E06600}.Debug|Any CPU.Build.0 = Debug|Any CPU
		{5BB0F96D-2B5F-409C-9782-434B12E06600}.Release|Any CPU.ActiveCfg = Release|Any CPU
		{5BB0F96D-2B5F-409C-9782-434B12E06600}.Release|Any CPU.Build.0 = Release|Any CPU
		{53E8E52B-DC17-4545-9B93-EA74534B1014}.Debug|Any CPU.ActiveCfg = Debug|Any CPU
		{53E8E52B-DC17-4545-9B93-EA74534B1014}.Debug|Any CPU.Build.0 = Debug|Any CPU
		{53E8E52B-DC17-4545-9B93-EA74534B1014}.Release|Any CPU.ActiveCfg = Release|Any CPU
		{53E8E52B-DC17-4545-9B93-EA74534B1014}.Release|Any CPU.Build.0 = Release|Any CPU
	EndGlobalSection
	GlobalSection(SolutionProperties) = preSolution
		HideSolutionNode = FALSE
	EndGlobalSection
EndGlobal
