
Microsoft Visual Studio Solution File, Format Version 11.00
# Visual Studio 2010
Project("{FAE04EC0-301F-11D3-BF4B-00C04F79EFBC}") = "AudioRecorderControl.Silverlight", "AudioRecorderControl.Silverlight\AudioRecorderControl.Silverlight.csproj", "{BF52BDBA-830F-4CD4-AA9C-F653B6448184}"
EndProject
Project("{FAE04EC0-301F-11D3-BF4B-00C04F79EFBC}") = "AudioLib.Silverlight", "..\AudioLib\AudioLib.Silverlight\AudioLib.Silverlight.csproj", "{A5E8BFFB-DA12-4EE4-9CA4-667412D98614}"
EndProject
Global
	GlobalSection(SolutionConfigurationPlatforms) = preSolution
		Debug|Any CPU = Debug|Any CPU
		Release|Any CPU = Release|Any CPU
	EndGlobalSection
	GlobalSection(ProjectConfigurationPlatforms) = postSolution
		{BF52BDBA-830F-4CD4-AA9C-F653B6448184}.Debug|Any CPU.ActiveCfg = Debug|Any CPU
		{BF52BDBA-830F-4CD4-AA9C-F653B6448184}.Debug|Any CPU.Build.0 = Debug|Any CPU
		{BF52BDBA-830F-4CD4-AA9C-F653B6448184}.Release|Any CPU.ActiveCfg = Release|Any CPU
		{BF52BDBA-830F-4CD4-AA9C-F653B6448184}.Release|Any CPU.Build.0 = Release|Any CPU
		{A5E8BFFB-DA12-4EE4-9CA4-667412D98614}.Debug|Any CPU.ActiveCfg = Debug|Any CPU
		{A5E8BFFB-DA12-4EE4-9CA4-667412D98614}.Debug|Any CPU.Build.0 = Debug|Any CPU
		{A5E8BFFB-DA12-4EE4-9CA4-667412D98614}.Release|Any CPU.ActiveCfg = Release|Any CPU
		{A5E8BFFB-DA12-4EE4-9CA4-667412D98614}.Release|Any CPU.Build.0 = Release|Any CPU
	EndGlobalSection
	GlobalSection(SolutionProperties) = preSolution
		HideSolutionNode = FALSE
	EndGlobalSection
EndGlobal
