
Microsoft Visual Studio Solution File, Format Version 11.00
# Visual Studio 2010
Project("{FAE04EC0-301F-11D3-BF4B-00C04F79EFBC}") = "slAudioUpload", "slAudioUpload\slAudioUpload.csproj", "{423F48BD-AE2E-4F1F-A5F1-EA685E6EF6C0}"
EndProject
Project("{FAE04EC0-301F-11D3-BF4B-00C04F79EFBC}") = "slAudioUpload.Web", "slAudioUpload.Web\slAudioUpload.Web.csproj", "{3F7EF7ED-3BB2-4760-965A-87BE3043863B}"
EndProject
Project("{2150E333-8FDC-42A3-9474-1A3956D46DE8}") = "Solution Items", "Solution Items", "{DED06DA7-1EC7-4680-AFF7-CA6ED5C96CDD}"
	ProjectSection(SolutionItems) = preProject
		README.txt = README.txt
	EndProjectSection
EndProject
Global
	GlobalSection(SolutionConfigurationPlatforms) = preSolution
		Debug|Any CPU = Debug|Any CPU
		Release|Any CPU = Release|Any CPU
	EndGlobalSection
	GlobalSection(ProjectConfigurationPlatforms) = postSolution
		{423F48BD-AE2E-4F1F-A5F1-EA685E6EF6C0}.Debug|Any CPU.ActiveCfg = Debug|Any CPU
		{423F48BD-AE2E-4F1F-A5F1-EA685E6EF6C0}.Debug|Any CPU.Build.0 = Debug|Any CPU
		{423F48BD-AE2E-4F1F-A5F1-EA685E6EF6C0}.Release|Any CPU.ActiveCfg = Release|Any CPU
		{423F48BD-AE2E-4F1F-A5F1-EA685E6EF6C0}.Release|Any CPU.Build.0 = Release|Any CPU
		{3F7EF7ED-3BB2-4760-965A-87BE3043863B}.Debug|Any CPU.ActiveCfg = Debug|Any CPU
		{3F7EF7ED-3BB2-4760-965A-87BE3043863B}.Debug|Any CPU.Build.0 = Debug|Any CPU
		{3F7EF7ED-3BB2-4760-965A-87BE3043863B}.Release|Any CPU.ActiveCfg = Release|Any CPU
		{3F7EF7ED-3BB2-4760-965A-87BE3043863B}.Release|Any CPU.Build.0 = Release|Any CPU
	EndGlobalSection
	GlobalSection(SolutionProperties) = preSolution
		HideSolutionNode = FALSE
	EndGlobalSection
EndGlobal
